// !$*UTF8*$!
{
	archiveVersion = 1;
	classes = {
	};
	objectVersion = 56;
	objects = {

/* Begin PBXBuildFile section */
		E707EFA929E0DB0D0032C880 /* Headershape.swift in Sources */ = {isa = PBXBuildFile; fileRef = E707EFA829E0DB0D0032C880 /* Headershape.swift */; };
		E707EFAE29E193A10032C880 /* FloatingActionButton.swift in Sources */ = {isa = PBXBuildFile; fileRef = E707EFAD29E193A10032C880 /* FloatingActionButton.swift */; };
		E70EC74F29D4BF1600AB0B8C /* InfoView.swift in Sources */ = {isa = PBXBuildFile; fileRef = E70EC74E29D4BF1600AB0B8C /* InfoView.swift */; };
		E70EC75229D4C04100AB0B8C /* MemberInfoView.swift in Sources */ = {isa = PBXBuildFile; fileRef = E70EC75129D4C04100AB0B8C /* MemberInfoView.swift */; };
		E70EC75529D4C0C300AB0B8C /* IconView.swift in Sources */ = {isa = PBXBuildFile; fileRef = E70EC75429D4C0C300AB0B8C /* IconView.swift */; };
		E70EC76929D5080000AB0B8C /* FlightTypeViewModel.swift in Sources */ = {isa = PBXBuildFile; fileRef = E70EC76829D5080000AB0B8C /* FlightTypeViewModel.swift */; };
		E70EC76C29D5087E00AB0B8C /* FlightModel.swift in Sources */ = {isa = PBXBuildFile; fileRef = E70EC76B29D5087E00AB0B8C /* FlightModel.swift */; };
		E70EC76F29D509D600AB0B8C /* FlightListView.swift in Sources */ = {isa = PBXBuildFile; fileRef = E70EC76E29D509D600AB0B8C /* FlightListView.swift */; };
		E70EC77129D509F600AB0B8C /* FlightDetailView.swift in Sources */ = {isa = PBXBuildFile; fileRef = E70EC77029D509F600AB0B8C /* FlightDetailView.swift */; };
		E70EC77329D50A3B00AB0B8C /* FlightItemRow.swift in Sources */ = {isa = PBXBuildFile; fileRef = E70EC77229D50A3B00AB0B8C /* FlightItemRow.swift */; };
		E70EC77529D50A5C00AB0B8C /* FlightButton.swift in Sources */ = {isa = PBXBuildFile; fileRef = E70EC77429D50A5C00AB0B8C /* FlightButton.swift */; };
		E70EC77729D50A8400AB0B8C /* Cart1.swift in Sources */ = {isa = PBXBuildFile; fileRef = E70EC77629D50A8400AB0B8C /* Cart1.swift */; };
		E70EC79029D5F9B300AB0B8C /* SearchBarViewModel.swift in Sources */ = {isa = PBXBuildFile; fileRef = E70EC78F29D5F9B300AB0B8C /* SearchBarViewModel.swift */; };
		E70EC79229D617F700AB0B8C /* SearchTextField.swift in Sources */ = {isa = PBXBuildFile; fileRef = E70EC79129D617F700AB0B8C /* SearchTextField.swift */; };
		E70EC79929D6C27A00AB0B8C /* AudioPlayer.swift in Sources */ = {isa = PBXBuildFile; fileRef = E70EC79829D6C27900AB0B8C /* AudioPlayer.swift */; };
		E70EC79C29D6C3AD00AB0B8C /* CircleGroupView.swift in Sources */ = {isa = PBXBuildFile; fileRef = E70EC79B29D6C3AD00AB0B8C /* CircleGroupView.swift */; };
		E71B3D3129C3638D00AAB7C0 /* Shape1.swift in Sources */ = {isa = PBXBuildFile; fileRef = E71B3D3029C3638D00AAB7C0 /* Shape1.swift */; };
		E721330429ADABA30062D3FF /* AppStorageAppApp.swift in Sources */ = {isa = PBXBuildFile; fileRef = E721330329ADABA30062D3FF /* AppStorageAppApp.swift */; };
		E721330629ADABA30062D3FF /* ContentView.swift in Sources */ = {isa = PBXBuildFile; fileRef = E721330529ADABA30062D3FF /* ContentView.swift */; };
		E721330829ADABA40062D3FF /* Assets.xcassets in Resources */ = {isa = PBXBuildFile; fileRef = E721330729ADABA40062D3FF /* Assets.xcassets */; };
		E721330B29ADABA40062D3FF /* Preview Assets.xcassets in Resources */ = {isa = PBXBuildFile; fileRef = E721330A29ADABA40062D3FF /* Preview Assets.xcassets */; };
		E721331529ADABA40062D3FF /* AppStorageAppTests.swift in Sources */ = {isa = PBXBuildFile; fileRef = E721331429ADABA40062D3FF /* AppStorageAppTests.swift */; };
		E721331F29ADABA40062D3FF /* AppStorageAppUITests.swift in Sources */ = {isa = PBXBuildFile; fileRef = E721331E29ADABA40062D3FF /* AppStorageAppUITests.swift */; };
		E721332129ADABA40062D3FF /* AppStorageAppUITestsLaunchTests.swift in Sources */ = {isa = PBXBuildFile; fileRef = E721332029ADABA40062D3FF /* AppStorageAppUITestsLaunchTests.swift */; };
		E721332F29ADB5300062D3FF /* OnboardingView.swift in Sources */ = {isa = PBXBuildFile; fileRef = E721332E29ADB5300062D3FF /* OnboardingView.swift */; };
		E721333129ADB5440062D3FF /* AfterOnBoarding.swift in Sources */ = {isa = PBXBuildFile; fileRef = E721333029ADB5440062D3FF /* AfterOnBoarding.swift */; };
		E721333929ADE8B50062D3FF /* SplashView.swift in Sources */ = {isa = PBXBuildFile; fileRef = E721333829ADE8B50062D3FF /* SplashView.swift */; };
		E724F76A29EC2CB4000E5E08 /* FlightAssistent.mp4 in Resources */ = {isa = PBXBuildFile; fileRef = E724F76929EC2CB4000E5E08 /* FlightAssistent.mp4 */; };
		E724F76C29EC2D39000E5E08 /* VideoAssistentView.swift in Sources */ = {isa = PBXBuildFile; fileRef = E724F76B29EC2D39000E5E08 /* VideoAssistentView.swift */; };
		E7321A2A29B17C70003BA60D /* GifImage.swift in Sources */ = {isa = PBXBuildFile; fileRef = E7321A2929B17C70003BA60D /* GifImage.swift */; };
		E732BE3829CC6FAB0067BFC2 /* .gitignore in Resources */ = {isa = PBXBuildFile; fileRef = E732BE3729CC6FAB0067BFC2 /* .gitignore */; };
		E732BE3A29CC6FFC0067BFC2 /* APIKeys.swift in Sources */ = {isa = PBXBuildFile; fileRef = E732BE3929CC6FFC0067BFC2 /* APIKeys.swift */; };
		E732BE4B29CD400F0067BFC2 /* TravelTicket.swift in Sources */ = {isa = PBXBuildFile; fileRef = E732BE4A29CD400F0067BFC2 /* TravelTicket.swift */; };
		E739635B29E6F5ED009A7B5A /* CardView.swift in Sources */ = {isa = PBXBuildFile; fileRef = E739635A29E6F5ED009A7B5A /* CardView.swift */; };
		E739635D29E6F675009A7B5A /* RestaurantCardView.swift in Sources */ = {isa = PBXBuildFile; fileRef = E739635C29E6F675009A7B5A /* RestaurantCardView.swift */; };
		E739636029E6F6F2009A7B5A /* RestaurantDetailView.swift in Sources */ = {isa = PBXBuildFile; fileRef = E739635F29E6F6F2009A7B5A /* RestaurantDetailView.swift */; };
		E74092DB29C6C2BB005104CF /* JobDetailView.swift in Sources */ = {isa = PBXBuildFile; fileRef = E74092DA29C6C2BB005104CF /* JobDetailView.swift */; };
		E74092DD29C6C963005104CF /* BookingRow.swift in Sources */ = {isa = PBXBuildFile; fileRef = E74092DC29C6C963005104CF /* BookingRow.swift */; };
		E74092DF29C6C9AB005104CF /* ImageSelectionView.swift in Sources */ = {isa = PBXBuildFile; fileRef = E74092DE29C6C9AB005104CF /* ImageSelectionView.swift */; };
		E74092E129C6CA19005104CF /* Checkbox.swift in Sources */ = {isa = PBXBuildFile; fileRef = E74092E029C6CA19005104CF /* Checkbox.swift */; };
		E74092E329C6CA99005104CF /* Seat.swift in Sources */ = {isa = PBXBuildFile; fileRef = E74092E229C6CA99005104CF /* Seat.swift */; };
		E740ABD429D72680009FCCF0 /* SearchBarView2.swift in Sources */ = {isa = PBXBuildFile; fileRef = E740ABD329D72680009FCCF0 /* SearchBarView2.swift */; };
		E74B041E29DF9336003476A9 /* MemberImageView.swift in Sources */ = {isa = PBXBuildFile; fileRef = E74B041D29DF9336003476A9 /* MemberImageView.swift */; };
		E74BF58F29E8C496005A9961 /* JobView.swift in Sources */ = {isa = PBXBuildFile; fileRef = E74BF58E29E8C496005A9961 /* JobView.swift */; };
		E74BF59129E8C6A9005A9961 /* EmptyStateView.swift in Sources */ = {isa = PBXBuildFile; fileRef = E74BF59029E8C6A9005A9961 /* EmptyStateView.swift */; };
		E74BF59429E8C902005A9961 /* SearchBarHomeRow.swift in Sources */ = {isa = PBXBuildFile; fileRef = E74BF59329E8C902005A9961 /* SearchBarHomeRow.swift */; };
		E74BF59729E946AD005A9961 /* OnboardItem.swift in Sources */ = {isa = PBXBuildFile; fileRef = E74BF59629E946AD005A9961 /* OnboardItem.swift */; };
		E74BF5AD29EABD79005A9961 /* SearchBarView1.swift in Sources */ = {isa = PBXBuildFile; fileRef = E74BF5AC29EABD79005A9961 /* SearchBarView1.swift */; };
		E74EC15529DCD6AF007585E0 /* HeaderShape1.swift in Sources */ = {isa = PBXBuildFile; fileRef = E74EC15429DCD6AF007585E0 /* HeaderShape1.swift */; };
		E74EC15829DD2798007585E0 /* StewardessView.swift in Sources */ = {isa = PBXBuildFile; fileRef = E74EC15729DD2798007585E0 /* StewardessView.swift */; };
		E74EC15A29DD27C3007585E0 /* VideoView.swift in Sources */ = {isa = PBXBuildFile; fileRef = E74EC15929DD27C3007585E0 /* VideoView.swift */; };
		E74EC15C29DD27EA007585E0 /* BookingViewHelper.swift in Sources */ = {isa = PBXBuildFile; fileRef = E74EC15B29DD27EA007585E0 /* BookingViewHelper.swift */; };
		E74EC15F29DD2E61007585E0 /* bookingvideo.mp4 in Resources */ = {isa = PBXBuildFile; fileRef = E74EC15E29DD2E61007585E0 /* bookingvideo.mp4 */; };
		E74EC16129DD6F0E007585E0 /* FlightSeatSelectionView.swift in Sources */ = {isa = PBXBuildFile; fileRef = E74EC16029DD6F0E007585E0 /* FlightSeatSelectionView.swift */; };
		E74EC16329DD806F007585E0 /* BookingCategory.swift in Sources */ = {isa = PBXBuildFile; fileRef = E74EC16229DD806F007585E0 /* BookingCategory.swift */; };
		E74F202729D300A400AF9C40 /* TripTypeViewModel.swift in Sources */ = {isa = PBXBuildFile; fileRef = E74F202629D300A400AF9C40 /* TripTypeViewModel.swift */; };
		E74F202A29D3012900AF9C40 /* HotelListModel.swift in Sources */ = {isa = PBXBuildFile; fileRef = E74F202929D3012900AF9C40 /* HotelListModel.swift */; };
		E74F202D29D3017B00AF9C40 /* TripModel.swift in Sources */ = {isa = PBXBuildFile; fileRef = E74F202C29D3017B00AF9C40 /* TripModel.swift */; };
		E74F203029D301C600AF9C40 /* Constants.swift in Sources */ = {isa = PBXBuildFile; fileRef = E74F202F29D301C600AF9C40 /* Constants.swift */; };
		E74F203229D3020F00AF9C40 /* HotelTypeViewModel.swift in Sources */ = {isa = PBXBuildFile; fileRef = E74F203129D3020F00AF9C40 /* HotelTypeViewModel.swift */; };
		E74F203429D308A100AF9C40 /* HotelListView.swift in Sources */ = {isa = PBXBuildFile; fileRef = E74F203329D308A100AF9C40 /* HotelListView.swift */; };
		E74F203629D308FC00AF9C40 /* HotelButton.swift in Sources */ = {isa = PBXBuildFile; fileRef = E74F203529D308FC00AF9C40 /* HotelButton.swift */; };
		E74F203829D3092700AF9C40 /* Cart.swift in Sources */ = {isa = PBXBuildFile; fileRef = E74F203729D3092700AF9C40 /* Cart.swift */; };
		E74F203A29D3094900AF9C40 /* BookingHotelsItemRows.swift in Sources */ = {isa = PBXBuildFile; fileRef = E74F203929D3094900AF9C40 /* BookingHotelsItemRows.swift */; };
		E74F203C29D3096F00AF9C40 /* BookingHotelCartButton.swift in Sources */ = {isa = PBXBuildFile; fileRef = E74F203B29D3096F00AF9C40 /* BookingHotelCartButton.swift */; };
		E74F203F29D30A2300AF9C40 /* SearchBar.swift in Sources */ = {isa = PBXBuildFile; fileRef = E74F203E29D30A2300AF9C40 /* SearchBar.swift */; };
		E74F204129D30A3E00AF9C40 /* PayButtonView.swift in Sources */ = {isa = PBXBuildFile; fileRef = E74F204029D30A3E00AF9C40 /* PayButtonView.swift */; };
		E74F204529D30A9300AF9C40 /* BookingCartButton.swift in Sources */ = {isa = PBXBuildFile; fileRef = E74F204429D30A9300AF9C40 /* BookingCartButton.swift */; };
		E74F204729D30AB300AF9C40 /* ActivityTripView.swift in Sources */ = {isa = PBXBuildFile; fileRef = E74F204629D30AB300AF9C40 /* ActivityTripView.swift */; };
		E74F204929D30AD500AF9C40 /* DetailActivityView.swift in Sources */ = {isa = PBXBuildFile; fileRef = E74F204829D30AD500AF9C40 /* DetailActivityView.swift */; };
		E74F204B29D30AF400AF9C40 /* ActivityButton.swift in Sources */ = {isa = PBXBuildFile; fileRef = E74F204A29D30AF400AF9C40 /* ActivityButton.swift */; };
		E74F204E29D30B8E00AF9C40 /* BookingCartView.swift in Sources */ = {isa = PBXBuildFile; fileRef = E74F204D29D30B8E00AF9C40 /* BookingCartView.swift */; };
		E74F205429D3947800AF9C40 /* DetailActivityRow.swift in Sources */ = {isa = PBXBuildFile; fileRef = E74F205329D3947800AF9C40 /* DetailActivityRow.swift */; };
		E753501329E7623800F7A7E0 /* SwiftUIX in Frameworks */ = {isa = PBXBuildFile; productRef = E753501229E7623800F7A7E0 /* SwiftUIX */; };
		E753501629E7676700F7A7E0 /* OnboardingRules.swift in Sources */ = {isa = PBXBuildFile; fileRef = E753501529E7676700F7A7E0 /* OnboardingRules.swift */; };
		E753501C29E7703300F7A7E0 /* NavigationBar.swift in Sources */ = {isa = PBXBuildFile; fileRef = E753501B29E7703300F7A7E0 /* NavigationBar.swift */; };
		E753501F29E772BE00F7A7E0 /* FavoriteTargets.swift in Sources */ = {isa = PBXBuildFile; fileRef = E753501E29E772BE00F7A7E0 /* FavoriteTargets.swift */; };
		E753502229E787EC00F7A7E0 /* DetailPlaceView.swift in Sources */ = {isa = PBXBuildFile; fileRef = E753502129E787EC00F7A7E0 /* DetailPlaceView.swift */; };
		E75EF24629BA1E1100D61D02 /* Feedback.swift in Sources */ = {isa = PBXBuildFile; fileRef = E75EF24529BA1E1100D61D02 /* Feedback.swift */; };
		E76D8B1029E427730058AF82 /* TicketResultView.swift in Sources */ = {isa = PBXBuildFile; fileRef = E76D8B0F29E427730058AF82 /* TicketResultView.swift */; };
		E76D8B1329E429040058AF82 /* TicketViewModel.swift in Sources */ = {isa = PBXBuildFile; fileRef = E76D8B1229E429040058AF82 /* TicketViewModel.swift */; };
		E76D8B1529E6097B0058AF82 /* DetailPopularDestinationView.swift in Sources */ = {isa = PBXBuildFile; fileRef = E76D8B1429E6097B0058AF82 /* DetailPopularDestinationView.swift */; };
		E76D8B1729E68DD20058AF82 /* HeadQuarter.swift in Sources */ = {isa = PBXBuildFile; fileRef = E76D8B1629E68DD20058AF82 /* HeadQuarter.swift */; };
		E7762B0329CDB8CA00096633 /* MemberDataSheet.swift in Sources */ = {isa = PBXBuildFile; fileRef = E7762B0229CDB8CA00096633 /* MemberDataSheet.swift */; };
		E7863AA529B2388C004B991F /* HotelDetailView.swift in Sources */ = {isa = PBXBuildFile; fileRef = E7863AA429B2388C004B991F /* HotelDetailView.swift */; };
		E7863AA729B238F6004B991F /* LandMark.swift in Sources */ = {isa = PBXBuildFile; fileRef = E7863AA629B238F6004B991F /* LandMark.swift */; };
		E793FA9529AF8723000B0B15 /* GoogleService-Info.plist in Resources */ = {isa = PBXBuildFile; fileRef = E793FA9429AF8723000B0B15 /* GoogleService-Info.plist */; };
		E793FA9929AF885B000B0B15 /* FirebaseAuth in Frameworks */ = {isa = PBXBuildFile; productRef = E793FA9829AF885B000B0B15 /* FirebaseAuth */; };
		E793FA9B29AF885B000B0B15 /* FirebaseDatabase in Frameworks */ = {isa = PBXBuildFile; productRef = E793FA9A29AF885B000B0B15 /* FirebaseDatabase */; };
		E793FA9D29AF885B000B0B15 /* FirebaseFirestore in Frameworks */ = {isa = PBXBuildFile; productRef = E793FA9C29AF885B000B0B15 /* FirebaseFirestore */; };
		E793FA9F29AF885B000B0B15 /* FirebaseStorage in Frameworks */ = {isa = PBXBuildFile; productRef = E793FA9E29AF885B000B0B15 /* FirebaseStorage */; };
		E7B32CD729DA909B0032A478 /* TravelDiscoveryView.swift in Sources */ = {isa = PBXBuildFile; fileRef = E7B32CD629DA909B0032A478 /* TravelDiscoveryView.swift */; };
		E7B32CDB29DA90E90032A478 /* PopularRestaurantsView.swift in Sources */ = {isa = PBXBuildFile; fileRef = E7B32CDA29DA90E90032A478 /* PopularRestaurantsView.swift */; };
		E7B32CDD29DA90FE0032A478 /* PopularCompanysView.swift in Sources */ = {isa = PBXBuildFile; fileRef = E7B32CDC29DA90FE0032A478 /* PopularCompanysView.swift */; };
		E7B32CDF29DA91B80032A478 /* BookingCategories.swift in Sources */ = {isa = PBXBuildFile; fileRef = E7B32CDE29DA91B80032A478 /* BookingCategories.swift */; };
		E7B32CE329DA92030032A478 /* Restaurant.swift in Sources */ = {isa = PBXBuildFile; fileRef = E7B32CE229DA92030032A478 /* Restaurant.swift */; };
		E7B32CE529DA922A0032A478 /* Company.swift in Sources */ = {isa = PBXBuildFile; fileRef = E7B32CE429DA922A0032A478 /* Company.swift */; };
		E7B32CE829DA929C0032A478 /* TravelDiscoveryDetailView.swift in Sources */ = {isa = PBXBuildFile; fileRef = E7B32CE729DA929C0032A478 /* TravelDiscoveryDetailView.swift */; };
		E7B32CEC29DA9A450032A478 /* SeatsDestinationDetailView.swift in Sources */ = {isa = PBXBuildFile; fileRef = E7B32CEB29DA9A450032A478 /* SeatsDestinationDetailView.swift */; };
		E7B32CF129DB0F390032A478 /* FlightSearchViewModel.swift in Sources */ = {isa = PBXBuildFile; fileRef = E7B32CF029DB0F390032A478 /* FlightSearchViewModel.swift */; };
		E7B3A18929C20B6A0047F02D /* MemberDataViewModel.swift in Sources */ = {isa = PBXBuildFile; fileRef = E7B3A18829C20B6A0047F02D /* MemberDataViewModel.swift */; };
		E7B3A18C29C20BA40047F02D /* MemberContainer.xcdatamodeld in Sources */ = {isa = PBXBuildFile; fileRef = E7B3A18A29C20BA40047F02D /* MemberContainer.xcdatamodeld */; };
		E7D48B8029ADEECB008C6B41 /* LoginView.swift in Sources */ = {isa = PBXBuildFile; fileRef = E7D48B7F29ADEECB008C6B41 /* LoginView.swift */; };
		E7D48B8929AE2A51008C6B41 /* Home.swift in Sources */ = {isa = PBXBuildFile; fileRef = E7D48B8829AE2A51008C6B41 /* Home.swift */; };
		E7D48B8C29AE2EDB008C6B41 /* AuthService.swift in Sources */ = {isa = PBXBuildFile; fileRef = E7D48B8B29AE2EDB008C6B41 /* AuthService.swift */; };
		E7D48BBD29AE50E0008C6B41 /* Amadeus in Frameworks */ = {isa = PBXBuildFile; productRef = E7D48BBC29AE50E0008C6B41 /* Amadeus */; };
		E7D48BCF29AE5353008C6B41 /* JobListViewModel.swift in Sources */ = {isa = PBXBuildFile; fileRef = E7D48BCE29AE5353008C6B41 /* JobListViewModel.swift */; };
		E7D48BD229AE538F008C6B41 /* Model.swift in Sources */ = {isa = PBXBuildFile; fileRef = E7D48BD129AE538F008C6B41 /* Model.swift */; };
		E7D48BD429AE53AB008C6B41 /* JobModel.swift in Sources */ = {isa = PBXBuildFile; fileRef = E7D48BD329AE53AB008C6B41 /* JobModel.swift */; };
		E7D48BD629AE53C4008C6B41 /* ModelData.swift in Sources */ = {isa = PBXBuildFile; fileRef = E7D48BD529AE53C4008C6B41 /* ModelData.swift */; };
		E7D48BDC29AE5459008C6B41 /* Alamofire in Frameworks */ = {isa = PBXBuildFile; productRef = E7D48BDB29AE5459008C6B41 /* Alamofire */; };
		E7F47BEB29AEC249000D9CA4 /* ReiseAuswahlModel.swift in Sources */ = {isa = PBXBuildFile; fileRef = E7F47BEA29AEC249000D9CA4 /* ReiseAuswahlModel.swift */; };
		E7F47BF529AED238000D9CA4 /* HomeRow.swift in Sources */ = {isa = PBXBuildFile; fileRef = E7F47BF429AED238000D9CA4 /* HomeRow.swift */; };
		E7F47BF929AED49C000D9CA4 /* JobRow.swift in Sources */ = {isa = PBXBuildFile; fileRef = E7F47BF829AED49C000D9CA4 /* JobRow.swift */; };
		E7F47BFB29AED4E6000D9CA4 /* CreateProfilView.swift in Sources */ = {isa = PBXBuildFile; fileRef = E7F47BFA29AED4E6000D9CA4 /* CreateProfilView.swift */; };
/* End PBXBuildFile section */

/* Begin PBXContainerItemProxy section */
		E721331129ADABA40062D3FF /* PBXContainerItemProxy */ = {
			isa = PBXContainerItemProxy;
			containerPortal = E72132F829ADABA30062D3FF /* Project object */;
			proxyType = 1;
			remoteGlobalIDString = E72132FF29ADABA30062D3FF;
			remoteInfo = AppStorageApp;
		};
		E721331B29ADABA40062D3FF /* PBXContainerItemProxy */ = {
			isa = PBXContainerItemProxy;
			containerPortal = E72132F829ADABA30062D3FF /* Project object */;
			proxyType = 1;
			remoteGlobalIDString = E72132FF29ADABA30062D3FF;
			remoteInfo = AppStorageApp;
		};
/* End PBXContainerItemProxy section */

/* Begin PBXFileReference section */
		E707EFA829E0DB0D0032C880 /* Headershape.swift */ = {isa = PBXFileReference; lastKnownFileType = sourcecode.swift; path = Headershape.swift; sourceTree = "<group>"; };
		E707EFAD29E193A10032C880 /* FloatingActionButton.swift */ = {isa = PBXFileReference; lastKnownFileType = sourcecode.swift; path = FloatingActionButton.swift; sourceTree = "<group>"; };
		E70EC74E29D4BF1600AB0B8C /* InfoView.swift */ = {isa = PBXFileReference; lastKnownFileType = sourcecode.swift; path = InfoView.swift; sourceTree = "<group>"; };
		E70EC75129D4C04100AB0B8C /* MemberInfoView.swift */ = {isa = PBXFileReference; lastKnownFileType = sourcecode.swift; path = MemberInfoView.swift; sourceTree = "<group>"; };
		E70EC75429D4C0C300AB0B8C /* IconView.swift */ = {isa = PBXFileReference; lastKnownFileType = sourcecode.swift; path = IconView.swift; sourceTree = "<group>"; };
		E70EC76829D5080000AB0B8C /* FlightTypeViewModel.swift */ = {isa = PBXFileReference; lastKnownFileType = sourcecode.swift; path = FlightTypeViewModel.swift; sourceTree = "<group>"; };
		E70EC76B29D5087E00AB0B8C /* FlightModel.swift */ = {isa = PBXFileReference; lastKnownFileType = sourcecode.swift; path = FlightModel.swift; sourceTree = "<group>"; };
		E70EC76E29D509D600AB0B8C /* FlightListView.swift */ = {isa = PBXFileReference; lastKnownFileType = sourcecode.swift; path = FlightListView.swift; sourceTree = "<group>"; };
		E70EC77029D509F600AB0B8C /* FlightDetailView.swift */ = {isa = PBXFileReference; lastKnownFileType = sourcecode.swift; path = FlightDetailView.swift; sourceTree = "<group>"; };
		E70EC77229D50A3B00AB0B8C /* FlightItemRow.swift */ = {isa = PBXFileReference; lastKnownFileType = sourcecode.swift; path = FlightItemRow.swift; sourceTree = "<group>"; };
		E70EC77429D50A5C00AB0B8C /* FlightButton.swift */ = {isa = PBXFileReference; lastKnownFileType = sourcecode.swift; path = FlightButton.swift; sourceTree = "<group>"; };
		E70EC77629D50A8400AB0B8C /* Cart1.swift */ = {isa = PBXFileReference; lastKnownFileType = sourcecode.swift; path = Cart1.swift; sourceTree = "<group>"; };
		E70EC78F29D5F9B300AB0B8C /* SearchBarViewModel.swift */ = {isa = PBXFileReference; lastKnownFileType = sourcecode.swift; path = SearchBarViewModel.swift; sourceTree = "<group>"; };
		E70EC79129D617F700AB0B8C /* SearchTextField.swift */ = {isa = PBXFileReference; lastKnownFileType = sourcecode.swift; path = SearchTextField.swift; sourceTree = "<group>"; };
		E70EC79829D6C27900AB0B8C /* AudioPlayer.swift */ = {isa = PBXFileReference; lastKnownFileType = sourcecode.swift; path = AudioPlayer.swift; sourceTree = "<group>"; };
		E70EC79B29D6C3AD00AB0B8C /* CircleGroupView.swift */ = {isa = PBXFileReference; lastKnownFileType = sourcecode.swift; path = CircleGroupView.swift; sourceTree = "<group>"; };
		E71B3D3029C3638D00AAB7C0 /* Shape1.swift */ = {isa = PBXFileReference; lastKnownFileType = sourcecode.swift; path = Shape1.swift; sourceTree = "<group>"; };
		E721330029ADABA30062D3FF /* AppStorageApp.app */ = {isa = PBXFileReference; explicitFileType = wrapper.application; includeInIndex = 0; path = AppStorageApp.app; sourceTree = BUILT_PRODUCTS_DIR; };
		E721330329ADABA30062D3FF /* AppStorageAppApp.swift */ = {isa = PBXFileReference; lastKnownFileType = sourcecode.swift; path = AppStorageAppApp.swift; sourceTree = "<group>"; };
		E721330529ADABA30062D3FF /* ContentView.swift */ = {isa = PBXFileReference; lastKnownFileType = sourcecode.swift; path = ContentView.swift; sourceTree = "<group>"; };
		E721330729ADABA40062D3FF /* Assets.xcassets */ = {isa = PBXFileReference; lastKnownFileType = folder.assetcatalog; path = Assets.xcassets; sourceTree = "<group>"; };
		E721330A29ADABA40062D3FF /* Preview Assets.xcassets */ = {isa = PBXFileReference; lastKnownFileType = folder.assetcatalog; path = "Preview Assets.xcassets"; sourceTree = "<group>"; };
		E721331029ADABA40062D3FF /* AppStorageAppTests.xctest */ = {isa = PBXFileReference; explicitFileType = wrapper.cfbundle; includeInIndex = 0; path = AppStorageAppTests.xctest; sourceTree = BUILT_PRODUCTS_DIR; };
		E721331429ADABA40062D3FF /* AppStorageAppTests.swift */ = {isa = PBXFileReference; lastKnownFileType = sourcecode.swift; path = AppStorageAppTests.swift; sourceTree = "<group>"; };
		E721331A29ADABA40062D3FF /* AppStorageAppUITests.xctest */ = {isa = PBXFileReference; explicitFileType = wrapper.cfbundle; includeInIndex = 0; path = AppStorageAppUITests.xctest; sourceTree = BUILT_PRODUCTS_DIR; };
		E721331E29ADABA40062D3FF /* AppStorageAppUITests.swift */ = {isa = PBXFileReference; lastKnownFileType = sourcecode.swift; path = AppStorageAppUITests.swift; sourceTree = "<group>"; };
		E721332029ADABA40062D3FF /* AppStorageAppUITestsLaunchTests.swift */ = {isa = PBXFileReference; lastKnownFileType = sourcecode.swift; path = AppStorageAppUITestsLaunchTests.swift; sourceTree = "<group>"; };
		E721332E29ADB5300062D3FF /* OnboardingView.swift */ = {isa = PBXFileReference; lastKnownFileType = sourcecode.swift; path = OnboardingView.swift; sourceTree = "<group>"; };
		E721333029ADB5440062D3FF /* AfterOnBoarding.swift */ = {isa = PBXFileReference; lastKnownFileType = sourcecode.swift; path = AfterOnBoarding.swift; sourceTree = "<group>"; };
		E721333829ADE8B50062D3FF /* SplashView.swift */ = {isa = PBXFileReference; lastKnownFileType = sourcecode.swift; path = SplashView.swift; sourceTree = "<group>"; };
		E724F76929EC2CB4000E5E08 /* FlightAssistent.mp4 */ = {isa = PBXFileReference; lastKnownFileType = file; path = FlightAssistent.mp4; sourceTree = "<group>"; };
		E724F76B29EC2D39000E5E08 /* VideoAssistentView.swift */ = {isa = PBXFileReference; lastKnownFileType = sourcecode.swift; path = VideoAssistentView.swift; sourceTree = "<group>"; };
		E7321A2929B17C70003BA60D /* GifImage.swift */ = {isa = PBXFileReference; lastKnownFileType = sourcecode.swift; path = GifImage.swift; sourceTree = "<group>"; };
		E732BE3729CC6FAB0067BFC2 /* .gitignore */ = {isa = PBXFileReference; lastKnownFileType = text; path = .gitignore; sourceTree = "<group>"; };
		E732BE3929CC6FFC0067BFC2 /* APIKeys.swift */ = {isa = PBXFileReference; lastKnownFileType = sourcecode.swift; path = APIKeys.swift; sourceTree = "<group>"; };
		E732BE4A29CD400F0067BFC2 /* TravelTicket.swift */ = {isa = PBXFileReference; lastKnownFileType = sourcecode.swift; path = TravelTicket.swift; sourceTree = "<group>"; };
		E739635A29E6F5ED009A7B5A /* CardView.swift */ = {isa = PBXFileReference; lastKnownFileType = sourcecode.swift; path = CardView.swift; sourceTree = "<group>"; };
		E739635C29E6F675009A7B5A /* RestaurantCardView.swift */ = {isa = PBXFileReference; lastKnownFileType = sourcecode.swift; path = RestaurantCardView.swift; sourceTree = "<group>"; };
		E739635F29E6F6F2009A7B5A /* RestaurantDetailView.swift */ = {isa = PBXFileReference; lastKnownFileType = sourcecode.swift; path = RestaurantDetailView.swift; sourceTree = "<group>"; };
		E74092DA29C6C2BB005104CF /* JobDetailView.swift */ = {isa = PBXFileReference; lastKnownFileType = sourcecode.swift; path = JobDetailView.swift; sourceTree = "<group>"; };
		E74092DC29C6C963005104CF /* BookingRow.swift */ = {isa = PBXFileReference; lastKnownFileType = sourcecode.swift; path = BookingRow.swift; sourceTree = "<group>"; };
		E74092DE29C6C9AB005104CF /* ImageSelectionView.swift */ = {isa = PBXFileReference; lastKnownFileType = sourcecode.swift; path = ImageSelectionView.swift; sourceTree = "<group>"; };
		E74092E029C6CA19005104CF /* Checkbox.swift */ = {isa = PBXFileReference; lastKnownFileType = sourcecode.swift; path = Checkbox.swift; sourceTree = "<group>"; };
		E74092E229C6CA99005104CF /* Seat.swift */ = {isa = PBXFileReference; lastKnownFileType = sourcecode.swift; path = Seat.swift; sourceTree = "<group>"; };
		E740ABD329D72680009FCCF0 /* SearchBarView2.swift */ = {isa = PBXFileReference; lastKnownFileType = sourcecode.swift; path = SearchBarView2.swift; sourceTree = "<group>"; };
		E74B041D29DF9336003476A9 /* MemberImageView.swift */ = {isa = PBXFileReference; lastKnownFileType = sourcecode.swift; path = MemberImageView.swift; sourceTree = "<group>"; };
		E74BF58E29E8C496005A9961 /* JobView.swift */ = {isa = PBXFileReference; lastKnownFileType = sourcecode.swift; path = JobView.swift; sourceTree = "<group>"; };
		E74BF59029E8C6A9005A9961 /* EmptyStateView.swift */ = {isa = PBXFileReference; lastKnownFileType = sourcecode.swift; path = EmptyStateView.swift; sourceTree = "<group>"; };
		E74BF59329E8C902005A9961 /* SearchBarHomeRow.swift */ = {isa = PBXFileReference; lastKnownFileType = sourcecode.swift; path = SearchBarHomeRow.swift; sourceTree = "<group>"; };
		E74BF59629E946AD005A9961 /* OnboardItem.swift */ = {isa = PBXFileReference; lastKnownFileType = sourcecode.swift; path = OnboardItem.swift; sourceTree = "<group>"; };
		E74BF5AC29EABD79005A9961 /* SearchBarView1.swift */ = {isa = PBXFileReference; lastKnownFileType = sourcecode.swift; path = SearchBarView1.swift; sourceTree = "<group>"; };
		E74EC15429DCD6AF007585E0 /* HeaderShape1.swift */ = {isa = PBXFileReference; lastKnownFileType = sourcecode.swift; path = HeaderShape1.swift; sourceTree = "<group>"; };
		E74EC15729DD2798007585E0 /* StewardessView.swift */ = {isa = PBXFileReference; lastKnownFileType = sourcecode.swift; path = StewardessView.swift; sourceTree = "<group>"; };
		E74EC15929DD27C3007585E0 /* VideoView.swift */ = {isa = PBXFileReference; lastKnownFileType = sourcecode.swift; path = VideoView.swift; sourceTree = "<group>"; };
		E74EC15B29DD27EA007585E0 /* BookingViewHelper.swift */ = {isa = PBXFileReference; lastKnownFileType = sourcecode.swift; path = BookingViewHelper.swift; sourceTree = "<group>"; };
		E74EC15E29DD2E61007585E0 /* bookingvideo.mp4 */ = {isa = PBXFileReference; lastKnownFileType = file; path = bookingvideo.mp4; sourceTree = "<group>"; };
		E74EC16029DD6F0E007585E0 /* FlightSeatSelectionView.swift */ = {isa = PBXFileReference; lastKnownFileType = sourcecode.swift; path = FlightSeatSelectionView.swift; sourceTree = "<group>"; };
		E74EC16229DD806F007585E0 /* BookingCategory.swift */ = {isa = PBXFileReference; lastKnownFileType = sourcecode.swift; path = BookingCategory.swift; sourceTree = "<group>"; };
		E74F202629D300A400AF9C40 /* TripTypeViewModel.swift */ = {isa = PBXFileReference; lastKnownFileType = sourcecode.swift; path = TripTypeViewModel.swift; sourceTree = "<group>"; };
		E74F202929D3012900AF9C40 /* HotelListModel.swift */ = {isa = PBXFileReference; lastKnownFileType = sourcecode.swift; path = HotelListModel.swift; sourceTree = "<group>"; };
		E74F202C29D3017B00AF9C40 /* TripModel.swift */ = {isa = PBXFileReference; lastKnownFileType = sourcecode.swift; path = TripModel.swift; sourceTree = "<group>"; };
		E74F202F29D301C600AF9C40 /* Constants.swift */ = {isa = PBXFileReference; lastKnownFileType = sourcecode.swift; path = Constants.swift; sourceTree = "<group>"; };
		E74F203129D3020F00AF9C40 /* HotelTypeViewModel.swift */ = {isa = PBXFileReference; lastKnownFileType = sourcecode.swift; path = HotelTypeViewModel.swift; sourceTree = "<group>"; };
		E74F203329D308A100AF9C40 /* HotelListView.swift */ = {isa = PBXFileReference; lastKnownFileType = sourcecode.swift; path = HotelListView.swift; sourceTree = "<group>"; };
		E74F203529D308FC00AF9C40 /* HotelButton.swift */ = {isa = PBXFileReference; lastKnownFileType = sourcecode.swift; path = HotelButton.swift; sourceTree = "<group>"; };
		E74F203729D3092700AF9C40 /* Cart.swift */ = {isa = PBXFileReference; lastKnownFileType = sourcecode.swift; path = Cart.swift; sourceTree = "<group>"; };
		E74F203929D3094900AF9C40 /* BookingHotelsItemRows.swift */ = {isa = PBXFileReference; lastKnownFileType = sourcecode.swift; path = BookingHotelsItemRows.swift; sourceTree = "<group>"; };
		E74F203B29D3096F00AF9C40 /* BookingHotelCartButton.swift */ = {isa = PBXFileReference; lastKnownFileType = sourcecode.swift; path = BookingHotelCartButton.swift; sourceTree = "<group>"; };
		E74F203E29D30A2300AF9C40 /* SearchBar.swift */ = {isa = PBXFileReference; lastKnownFileType = sourcecode.swift; path = SearchBar.swift; sourceTree = "<group>"; };
		E74F204029D30A3E00AF9C40 /* PayButtonView.swift */ = {isa = PBXFileReference; lastKnownFileType = sourcecode.swift; path = PayButtonView.swift; sourceTree = "<group>"; };
		E74F204429D30A9300AF9C40 /* BookingCartButton.swift */ = {isa = PBXFileReference; lastKnownFileType = sourcecode.swift; path = BookingCartButton.swift; sourceTree = "<group>"; };
		E74F204629D30AB300AF9C40 /* ActivityTripView.swift */ = {isa = PBXFileReference; lastKnownFileType = sourcecode.swift; path = ActivityTripView.swift; sourceTree = "<group>"; };
		E74F204829D30AD500AF9C40 /* DetailActivityView.swift */ = {isa = PBXFileReference; lastKnownFileType = sourcecode.swift; path = DetailActivityView.swift; sourceTree = "<group>"; };
		E74F204A29D30AF400AF9C40 /* ActivityButton.swift */ = {isa = PBXFileReference; lastKnownFileType = sourcecode.swift; path = ActivityButton.swift; sourceTree = "<group>"; };
		E74F204D29D30B8E00AF9C40 /* BookingCartView.swift */ = {isa = PBXFileReference; lastKnownFileType = sourcecode.swift; path = BookingCartView.swift; sourceTree = "<group>"; };
		E74F205329D3947800AF9C40 /* DetailActivityRow.swift */ = {isa = PBXFileReference; lastKnownFileType = sourcecode.swift; path = DetailActivityRow.swift; sourceTree = "<group>"; };
		E753501529E7676700F7A7E0 /* OnboardingRules.swift */ = {isa = PBXFileReference; lastKnownFileType = sourcecode.swift; path = OnboardingRules.swift; sourceTree = "<group>"; };
		E753501B29E7703300F7A7E0 /* NavigationBar.swift */ = {isa = PBXFileReference; lastKnownFileType = sourcecode.swift; path = NavigationBar.swift; sourceTree = "<group>"; };
		E753501E29E772BE00F7A7E0 /* FavoriteTargets.swift */ = {isa = PBXFileReference; lastKnownFileType = sourcecode.swift; path = FavoriteTargets.swift; sourceTree = "<group>"; };
		E753502129E787EC00F7A7E0 /* DetailPlaceView.swift */ = {isa = PBXFileReference; lastKnownFileType = sourcecode.swift; path = DetailPlaceView.swift; sourceTree = "<group>"; };
		E75EF24529BA1E1100D61D02 /* Feedback.swift */ = {isa = PBXFileReference; lastKnownFileType = sourcecode.swift; path = Feedback.swift; sourceTree = "<group>"; };
		E76D8B0F29E427730058AF82 /* TicketResultView.swift */ = {isa = PBXFileReference; lastKnownFileType = sourcecode.swift; path = TicketResultView.swift; sourceTree = "<group>"; };
		E76D8B1229E429040058AF82 /* TicketViewModel.swift */ = {isa = PBXFileReference; lastKnownFileType = sourcecode.swift; path = TicketViewModel.swift; sourceTree = "<group>"; };
		E76D8B1429E6097B0058AF82 /* DetailPopularDestinationView.swift */ = {isa = PBXFileReference; lastKnownFileType = sourcecode.swift; path = DetailPopularDestinationView.swift; sourceTree = "<group>"; };
		E76D8B1629E68DD20058AF82 /* HeadQuarter.swift */ = {isa = PBXFileReference; lastKnownFileType = sourcecode.swift; path = HeadQuarter.swift; sourceTree = "<group>"; };
		E7762B0229CDB8CA00096633 /* MemberDataSheet.swift */ = {isa = PBXFileReference; lastKnownFileType = sourcecode.swift; path = MemberDataSheet.swift; sourceTree = "<group>"; };
		E7863AA429B2388C004B991F /* HotelDetailView.swift */ = {isa = PBXFileReference; lastKnownFileType = sourcecode.swift; path = HotelDetailView.swift; sourceTree = "<group>"; };
		E7863AA629B238F6004B991F /* LandMark.swift */ = {isa = PBXFileReference; lastKnownFileType = sourcecode.swift; path = LandMark.swift; sourceTree = "<group>"; };
		E793FA9429AF8723000B0B15 /* GoogleService-Info.plist */ = {isa = PBXFileReference; fileEncoding = 4; lastKnownFileType = text.plist.xml; name = "GoogleService-Info.plist"; path = "../../GoogleService-Info.plist"; sourceTree = "<group>"; };
		E7B32CD629DA909B0032A478 /* TravelDiscoveryView.swift */ = {isa = PBXFileReference; lastKnownFileType = sourcecode.swift; path = TravelDiscoveryView.swift; sourceTree = "<group>"; };
		E7B32CDA29DA90E90032A478 /* PopularRestaurantsView.swift */ = {isa = PBXFileReference; lastKnownFileType = sourcecode.swift; path = PopularRestaurantsView.swift; sourceTree = "<group>"; };
		E7B32CDC29DA90FE0032A478 /* PopularCompanysView.swift */ = {isa = PBXFileReference; lastKnownFileType = sourcecode.swift; path = PopularCompanysView.swift; sourceTree = "<group>"; };
		E7B32CDE29DA91B80032A478 /* BookingCategories.swift */ = {isa = PBXFileReference; lastKnownFileType = sourcecode.swift; path = BookingCategories.swift; sourceTree = "<group>"; };
		E7B32CE229DA92030032A478 /* Restaurant.swift */ = {isa = PBXFileReference; lastKnownFileType = sourcecode.swift; path = Restaurant.swift; sourceTree = "<group>"; };
		E7B32CE429DA922A0032A478 /* Company.swift */ = {isa = PBXFileReference; lastKnownFileType = sourcecode.swift; path = Company.swift; sourceTree = "<group>"; };
		E7B32CE729DA929C0032A478 /* TravelDiscoveryDetailView.swift */ = {isa = PBXFileReference; lastKnownFileType = sourcecode.swift; path = TravelDiscoveryDetailView.swift; sourceTree = "<group>"; };
		E7B32CEB29DA9A450032A478 /* SeatsDestinationDetailView.swift */ = {isa = PBXFileReference; lastKnownFileType = sourcecode.swift; path = SeatsDestinationDetailView.swift; sourceTree = "<group>"; };
		E7B32CF029DB0F390032A478 /* FlightSearchViewModel.swift */ = {isa = PBXFileReference; lastKnownFileType = sourcecode.swift; path = FlightSearchViewModel.swift; sourceTree = "<group>"; };
		E7B3A18829C20B6A0047F02D /* MemberDataViewModel.swift */ = {isa = PBXFileReference; lastKnownFileType = sourcecode.swift; path = MemberDataViewModel.swift; sourceTree = "<group>"; };
		E7B3A18B29C20BA40047F02D /* MemberContainer.xcdatamodel */ = {isa = PBXFileReference; lastKnownFileType = wrapper.xcdatamodel; path = MemberContainer.xcdatamodel; sourceTree = "<group>"; };
		E7D48B7F29ADEECB008C6B41 /* LoginView.swift */ = {isa = PBXFileReference; lastKnownFileType = sourcecode.swift; path = LoginView.swift; sourceTree = "<group>"; };
		E7D48B8829AE2A51008C6B41 /* Home.swift */ = {isa = PBXFileReference; lastKnownFileType = sourcecode.swift; path = Home.swift; sourceTree = "<group>"; };
		E7D48B8B29AE2EDB008C6B41 /* AuthService.swift */ = {isa = PBXFileReference; lastKnownFileType = sourcecode.swift; path = AuthService.swift; sourceTree = "<group>"; };
		E7D48BCE29AE5353008C6B41 /* JobListViewModel.swift */ = {isa = PBXFileReference; lastKnownFileType = sourcecode.swift; path = JobListViewModel.swift; sourceTree = "<group>"; };
		E7D48BD129AE538F008C6B41 /* Model.swift */ = {isa = PBXFileReference; lastKnownFileType = sourcecode.swift; path = Model.swift; sourceTree = "<group>"; };
		E7D48BD329AE53AB008C6B41 /* JobModel.swift */ = {isa = PBXFileReference; lastKnownFileType = sourcecode.swift; path = JobModel.swift; sourceTree = "<group>"; };
		E7D48BD529AE53C4008C6B41 /* ModelData.swift */ = {isa = PBXFileReference; lastKnownFileType = sourcecode.swift; path = ModelData.swift; sourceTree = "<group>"; };
		E7F47BEA29AEC249000D9CA4 /* ReiseAuswahlModel.swift */ = {isa = PBXFileReference; lastKnownFileType = sourcecode.swift; path = ReiseAuswahlModel.swift; sourceTree = "<group>"; };
		E7F47BF429AED238000D9CA4 /* HomeRow.swift */ = {isa = PBXFileReference; lastKnownFileType = sourcecode.swift; path = HomeRow.swift; sourceTree = "<group>"; };
		E7F47BF829AED49C000D9CA4 /* JobRow.swift */ = {isa = PBXFileReference; lastKnownFileType = sourcecode.swift; path = JobRow.swift; sourceTree = "<group>"; };
		E7F47BFA29AED4E6000D9CA4 /* CreateProfilView.swift */ = {isa = PBXFileReference; lastKnownFileType = sourcecode.swift; path = CreateProfilView.swift; sourceTree = "<group>"; };
/* End PBXFileReference section */

/* Begin PBXFrameworksBuildPhase section */
		E72132FD29ADABA30062D3FF /* Frameworks */ = {
			isa = PBXFrameworksBuildPhase;
			buildActionMask = 2147483647;
			files = (
				E753501329E7623800F7A7E0 /* SwiftUIX in Frameworks */,
				E7D48BBD29AE50E0008C6B41 /* Amadeus in Frameworks */,
				E793FA9929AF885B000B0B15 /* FirebaseAuth in Frameworks */,
				E793FA9B29AF885B000B0B15 /* FirebaseDatabase in Frameworks */,
				E793FA9D29AF885B000B0B15 /* FirebaseFirestore in Frameworks */,
				E7D48BDC29AE5459008C6B41 /* Alamofire in Frameworks */,
				E793FA9F29AF885B000B0B15 /* FirebaseStorage in Frameworks */,
			);
			runOnlyForDeploymentPostprocessing = 0;
		};
		E721330D29ADABA40062D3FF /* Frameworks */ = {
			isa = PBXFrameworksBuildPhase;
			buildActionMask = 2147483647;
			files = (
			);
			runOnlyForDeploymentPostprocessing = 0;
		};
		E721331729ADABA40062D3FF /* Frameworks */ = {
			isa = PBXFrameworksBuildPhase;
			buildActionMask = 2147483647;
			files = (
			);
			runOnlyForDeploymentPostprocessing = 0;
		};
/* End PBXFrameworksBuildPhase section */

/* Begin PBXGroup section */
		E707EFA629E0D9980032C880 /* Checklist */ = {
			isa = PBXGroup;
			children = (
			);
			path = Checklist;
			sourceTree = "<group>";
		};
		E707EFA729E0DACD0032C880 /* HomeRowHeader */ = {
			isa = PBXGroup;
			children = (
				E707EFA829E0DB0D0032C880 /* Headershape.swift */,
			);
			path = HomeRowHeader;
			sourceTree = "<group>";
		};
		E70EC74A29D4A33C00AB0B8C /* Home */ = {
			isa = PBXGroup;
			children = (
				E7D48B8829AE2A51008C6B41 /* Home.swift */,
			);
			path = Home;
			sourceTree = "<group>";
		};
		E70EC74B29D4A35700AB0B8C /* LogoutShape */ = {
			isa = PBXGroup;
			children = (
				E71B3D3029C3638D00AAB7C0 /* Shape1.swift */,
			);
			path = LogoutShape;
			sourceTree = "<group>";
		};
		E70EC74C29D4A40A00AB0B8C /* BookingCartView */ = {
			isa = PBXGroup;
			children = (
				E74BF59529E8CD37005A9961 /* BookingCardView */,
				E70EC79A29D6C39600AB0B8C /* CircleLightEffect */,
			);
			path = BookingCartView;
			sourceTree = "<group>";
		};
		E70EC74D29D4BEF900AB0B8C /* Infos */ = {
			isa = PBXGroup;
			children = (
				E70EC74E29D4BF1600AB0B8C /* InfoView.swift */,
			);
			path = Infos;
			sourceTree = "<group>";
		};
		E70EC75029D4C02000AB0B8C /* MemberInfos */ = {
			isa = PBXGroup;
			children = (
				E70EC75129D4C04100AB0B8C /* MemberInfoView.swift */,
			);
			path = MemberInfos;
			sourceTree = "<group>";
		};
		E70EC75329D4C0A300AB0B8C /* IconView */ = {
			isa = PBXGroup;
			children = (
				E70EC75429D4C0C300AB0B8C /* IconView.swift */,
			);
			path = IconView;
			sourceTree = "<group>";
		};
		E70EC75629D4C0E400AB0B8C /* Home */ = {
			isa = PBXGroup;
			children = (
				E7B32CE629DA928E0032A478 /* DetailViews */,
				E7B32CD629DA909B0032A478 /* TravelDiscoveryView.swift */,
				E7B32CDA29DA90E90032A478 /* PopularRestaurantsView.swift */,
				E7B32CDC29DA90FE0032A478 /* PopularCompanysView.swift */,
				E74EC15429DCD6AF007585E0 /* HeaderShape1.swift */,
				E76D8B1629E68DD20058AF82 /* HeadQuarter.swift */,
			);
			path = Home;
			sourceTree = "<group>";
		};
		E70EC76A29D5084C00AB0B8C /* FlightModel */ = {
			isa = PBXGroup;
			children = (
				E70EC76B29D5087E00AB0B8C /* FlightModel.swift */,
			);
			path = FlightModel;
			sourceTree = "<group>";
		};
		E70EC76D29D509B600AB0B8C /* FlightBooking */ = {
			isa = PBXGroup;
			children = (
				E70EC76E29D509D600AB0B8C /* FlightListView.swift */,
				E70EC77029D509F600AB0B8C /* FlightDetailView.swift */,
				E70EC77229D50A3B00AB0B8C /* FlightItemRow.swift */,
				E70EC77429D50A5C00AB0B8C /* FlightButton.swift */,
				E70EC77629D50A8400AB0B8C /* Cart1.swift */,
				E70EC79129D617F700AB0B8C /* SearchTextField.swift */,
				E74BF5AC29EABD79005A9961 /* SearchBarView1.swift */,
			);
			path = FlightBooking;
			sourceTree = "<group>";
		};
		E70EC77829D56ED600AB0B8C /* JobModel */ = {
			isa = PBXGroup;
			children = (
				E7D48BD529AE53C4008C6B41 /* ModelData.swift */,
				E7D48BD329AE53AB008C6B41 /* JobModel.swift */,
			);
			path = JobModel;
			sourceTree = "<group>";
		};
		E70EC77929D56EF300AB0B8C /* Landmark */ = {
			isa = PBXGroup;
			children = (
				E7863AA629B238F6004B991F /* LandMark.swift */,
			);
			path = Landmark;
			sourceTree = "<group>";
		};
		E70EC77A29D56F1400AB0B8C /* Feedback */ = {
			isa = PBXGroup;
			children = (
				E75EF24529BA1E1100D61D02 /* Feedback.swift */,
			);
			path = Feedback;
			sourceTree = "<group>";
		};
		E70EC77B29D56F3100AB0B8C /* Seat */ = {
			isa = PBXGroup;
			children = (
				E74092E229C6CA99005104CF /* Seat.swift */,
			);
			path = Seat;
			sourceTree = "<group>";
		};
		E70EC77C29D56F8000AB0B8C /* FlightTicket */ = {
			isa = PBXGroup;
			children = (
				E732BE4A29CD400F0067BFC2 /* TravelTicket.swift */,
			);
			path = FlightTicket;
			sourceTree = "<group>";
		};
		E70EC77E29D56FD900AB0B8C /* ReiseauswahlModel */ = {
			isa = PBXGroup;
			children = (
				E7D48BD129AE538F008C6B41 /* Model.swift */,
				E7F47BEA29AEC249000D9CA4 /* ReiseAuswahlModel.swift */,
			);
			path = ReiseauswahlModel;
			sourceTree = "<group>";
		};
		E70EC77F29D5700000AB0B8C /* FlightTypeViewModel */ = {
			isa = PBXGroup;
			children = (
				E70EC76829D5080000AB0B8C /* FlightTypeViewModel.swift */,
			);
			path = FlightTypeViewModel;
			sourceTree = "<group>";
		};
		E70EC78029D571A100AB0B8C /* LoginView */ = {
			isa = PBXGroup;
			children = (
				E7D48B7F29ADEECB008C6B41 /* LoginView.swift */,
			);
			path = LoginView;
			sourceTree = "<group>";
		};
		E70EC79729D6C26400AB0B8C /* Utilities */ = {
			isa = PBXGroup;
			children = (
				E70EC79829D6C27900AB0B8C /* AudioPlayer.swift */,
			);
			path = Utilities;
			sourceTree = "<group>";
		};
		E70EC79A29D6C39600AB0B8C /* CircleLightEffect */ = {
			isa = PBXGroup;
			children = (
				E70EC79B29D6C3AD00AB0B8C /* CircleGroupView.swift */,
			);
			path = CircleLightEffect;
			sourceTree = "<group>";
		};
		E72132F729ADABA30062D3FF = {
			isa = PBXGroup;
			children = (
				E732BE3729CC6FAB0067BFC2 /* .gitignore */,
				E721330229ADABA30062D3FF /* AppStorageApp */,
				E721331329ADABA40062D3FF /* AppStorageAppTests */,
				E721331D29ADABA40062D3FF /* AppStorageAppUITests */,
				E721330129ADABA30062D3FF /* Products */,
			);
			sourceTree = "<group>";
		};
		E721330129ADABA30062D3FF /* Products */ = {
			isa = PBXGroup;
			children = (
				E721330029ADABA30062D3FF /* AppStorageApp.app */,
				E721331029ADABA40062D3FF /* AppStorageAppTests.xctest */,
				E721331A29ADABA40062D3FF /* AppStorageAppUITests.xctest */,
			);
			name = Products;
			sourceTree = "<group>";
		};
		E721330229ADABA30062D3FF /* AppStorageApp */ = {
			isa = PBXGroup;
			children = (
				E74EC15D29DD2E3D007585E0 /* Videos */,
				E70EC79729D6C26400AB0B8C /* Utilities */,
				E732BE3429CC6E410067BFC2 /* APIKeys */,
				E793FA9429AF8723000B0B15 /* GoogleService-Info.plist */,
				E793FA5829AF55F4000B0B15 /* Views */,
				E7D48BD029AE5381008C6B41 /* Models */,
				E7D48BBE29AE50F6008C6B41 /* ViewModel */,
				E7D48B8A29AE2EC7008C6B41 /* AuthService */,
				E721330329ADABA30062D3FF /* AppStorageAppApp.swift */,
				E721330729ADABA40062D3FF /* Assets.xcassets */,
				E721330929ADABA40062D3FF /* Preview Content */,
				E7B3A18A29C20BA40047F02D /* MemberContainer.xcdatamodeld */,
			);
			path = AppStorageApp;
			sourceTree = "<group>";
		};
		E721330929ADABA40062D3FF /* Preview Content */ = {
			isa = PBXGroup;
			children = (
				E721330A29ADABA40062D3FF /* Preview Assets.xcassets */,
			);
			path = "Preview Content";
			sourceTree = "<group>";
		};
		E721331329ADABA40062D3FF /* AppStorageAppTests */ = {
			isa = PBXGroup;
			children = (
				E721331429ADABA40062D3FF /* AppStorageAppTests.swift */,
			);
			path = AppStorageAppTests;
			sourceTree = "<group>";
		};
		E721331D29ADABA40062D3FF /* AppStorageAppUITests */ = {
			isa = PBXGroup;
			children = (
				E721331E29ADABA40062D3FF /* AppStorageAppUITests.swift */,
				E721332029ADABA40062D3FF /* AppStorageAppUITestsLaunchTests.swift */,
			);
			path = AppStorageAppUITests;
			sourceTree = "<group>";
		};
		E721333729ADE8A30062D3FF /* Splash */ = {
			isa = PBXGroup;
			children = (
				E721333829ADE8B50062D3FF /* SplashView.swift */,
				E7321A2929B17C70003BA60D /* GifImage.swift */,
			);
			path = Splash;
			sourceTree = "<group>";
		};
		E724F76729EB5A7D000E5E08 /* DetailPopularDestinationView */ = {
			isa = PBXGroup;
			children = (
				E76D8B1429E6097B0058AF82 /* DetailPopularDestinationView.swift */,
			);
			path = DetailPopularDestinationView;
			sourceTree = "<group>";
		};
		E724F76829EB7184000E5E08 /* FloatingActionButton */ = {
			isa = PBXGroup;
			children = (
				E707EFAD29E193A10032C880 /* FloatingActionButton.swift */,
			);
			path = FloatingActionButton;
			sourceTree = "<group>";
		};
		E732BE3429CC6E410067BFC2 /* APIKeys */ = {
			isa = PBXGroup;
			children = (
				E732BE3929CC6FFC0067BFC2 /* APIKeys.swift */,
			);
			path = APIKeys;
			sourceTree = "<group>";
		};
		E739635929E6F5C3009A7B5A /* CardViewRestaurants */ = {
			isa = PBXGroup;
			children = (
				E739635A29E6F5ED009A7B5A /* CardView.swift */,
				E739635C29E6F675009A7B5A /* RestaurantCardView.swift */,
			);
			path = CardViewRestaurants;
			sourceTree = "<group>";
		};
		E739635E29E6F6CE009A7B5A /* RestaurantDetailView */ = {
			isa = PBXGroup;
			children = (
				E739635F29E6F6F2009A7B5A /* RestaurantDetailView.swift */,
			);
			path = RestaurantDetailView;
			sourceTree = "<group>";
		};
		E74BF58D29E8BEEF005A9961 /* HomeRow */ = {
			isa = PBXGroup;
			children = (
				E7F47BF429AED238000D9CA4 /* HomeRow.swift */,
			);
			path = HomeRow;
			sourceTree = "<group>";
		};
		E74BF59229E8C8D8005A9961 /* SearchBarHomeRow */ = {
			isa = PBXGroup;
			children = (
				E74BF59329E8C902005A9961 /* SearchBarHomeRow.swift */,
			);
			path = SearchBarHomeRow;
			sourceTree = "<group>";
		};
		E74BF59529E8CD37005A9961 /* BookingCardView */ = {
			isa = PBXGroup;
			children = (
				E74F204D29D30B8E00AF9C40 /* BookingCartView.swift */,
			);
			path = BookingCardView;
			sourceTree = "<group>";
		};
		E74BF5A429EAB47B005A9961 /* JobRow */ = {
			isa = PBXGroup;
			children = (
				E7F47BF829AED49C000D9CA4 /* JobRow.swift */,
			);
			path = JobRow;
			sourceTree = "<group>";
		};
		E74BF5A529EAB492005A9961 /* JobDetail */ = {
			isa = PBXGroup;
			children = (
				E74092DA29C6C2BB005104CF /* JobDetailView.swift */,
			);
			path = JobDetail;
			sourceTree = "<group>";
		};
		E74BF5A629EAB744005A9961 /* JobView */ = {
			isa = PBXGroup;
			children = (
				E74BF58E29E8C496005A9961 /* JobView.swift */,
			);
			path = JobView;
			sourceTree = "<group>";
		};
		E74BF5A729EAB864005A9961 /* EmptyStateView */ = {
			isa = PBXGroup;
			children = (
				E74BF59029E8C6A9005A9961 /* EmptyStateView.swift */,
			);
			path = EmptyStateView;
			sourceTree = "<group>";
		};
		E74BF5A829EABA82005A9961 /* Company */ = {
			isa = PBXGroup;
			children = (
				E7B32CE429DA922A0032A478 /* Company.swift */,
			);
			path = Company;
			sourceTree = "<group>";
		};
		E74BF5A929EABAA1005A9961 /* Restaurant */ = {
			isa = PBXGroup;
			children = (
				E7B32CE229DA92030032A478 /* Restaurant.swift */,
			);
			path = Restaurant;
			sourceTree = "<group>";
		};
		E74BF5AA29EABB1C005A9961 /* BookingCategories */ = {
			isa = PBXGroup;
			children = (
				E7B32CDE29DA91B80032A478 /* BookingCategories.swift */,
			);
			path = BookingCategories;
			sourceTree = "<group>";
		};
		E74BF5AB29EABB47005A9961 /* BookingCategory */ = {
			isa = PBXGroup;
			children = (
				E74EC16229DD806F007585E0 /* BookingCategory.swift */,
			);
			path = BookingCategory;
			sourceTree = "<group>";
		};
		E74C7B5A29BA70E300993EFC /* BookingCreator */ = {
			isa = PBXGroup;
			children = (
				E74092DC29C6C963005104CF /* BookingRow.swift */,
				E74092DE29C6C9AB005104CF /* ImageSelectionView.swift */,
				E74092E029C6CA19005104CF /* Checkbox.swift */,
			);
			path = BookingCreator;
			sourceTree = "<group>";
		};
		E74EC15629DD2781007585E0 /* FlightBooking */ = {
			isa = PBXGroup;
			children = (
				E74EC15729DD2798007585E0 /* StewardessView.swift */,
				E74EC16029DD6F0E007585E0 /* FlightSeatSelectionView.swift */,
			);
			path = FlightBooking;
			sourceTree = "<group>";
		};
		E74EC15D29DD2E3D007585E0 /* Videos */ = {
			isa = PBXGroup;
			children = (
				E724F76929EC2CB4000E5E08 /* FlightAssistent.mp4 */,
				E74EC15E29DD2E61007585E0 /* bookingvideo.mp4 */,
			);
			path = Videos;
			sourceTree = "<group>";
		};
		E74F202429D3006700AF9C40 /* TripTypeViewModel */ = {
			isa = PBXGroup;
			children = (
				E74F202629D300A400AF9C40 /* TripTypeViewModel.swift */,
			);
			path = TripTypeViewModel;
			sourceTree = "<group>";
		};
		E74F202529D3007500AF9C40 /* HotelTypeViewModel */ = {
			isa = PBXGroup;
			children = (
				E74F203129D3020F00AF9C40 /* HotelTypeViewModel.swift */,
			);
			path = HotelTypeViewModel;
			sourceTree = "<group>";
		};
		E74F202829D3010300AF9C40 /* HotelListModel */ = {
			isa = PBXGroup;
			children = (
				E74F202929D3012900AF9C40 /* HotelListModel.swift */,
			);
			path = HotelListModel;
			sourceTree = "<group>";
		};
		E74F202B29D3015D00AF9C40 /* TripModel */ = {
			isa = PBXGroup;
			children = (
				E74F202C29D3017B00AF9C40 /* TripModel.swift */,
			);
			path = TripModel;
			sourceTree = "<group>";
		};
		E74F202E29D301A800AF9C40 /* Constants */ = {
			isa = PBXGroup;
			children = (
				E74F202F29D301C600AF9C40 /* Constants.swift */,
			);
			path = Constants;
			sourceTree = "<group>";
		};
		E74F203D29D309F000AF9C40 /* EventActivitys */ = {
			isa = PBXGroup;
			children = (
				E74F203E29D30A2300AF9C40 /* SearchBar.swift */,
				E74F204029D30A3E00AF9C40 /* PayButtonView.swift */,
				E74F204429D30A9300AF9C40 /* BookingCartButton.swift */,
				E74F204629D30AB300AF9C40 /* ActivityTripView.swift */,
				E74F204829D30AD500AF9C40 /* DetailActivityView.swift */,
				E74F204A29D30AF400AF9C40 /* ActivityButton.swift */,
				E74F205329D3947800AF9C40 /* DetailActivityRow.swift */,
			);
			path = EventActivitys;
			sourceTree = "<group>";
		};
		E753501429E7663800F7A7E0 /* OnBoarding */ = {
			isa = PBXGroup;
			children = (
				E721333029ADB5440062D3FF /* AfterOnBoarding.swift */,
				E721332E29ADB5300062D3FF /* OnboardingView.swift */,
				E753501529E7676700F7A7E0 /* OnboardingRules.swift */,
				E74BF59629E946AD005A9961 /* OnboardItem.swift */,
			);
			path = OnBoarding;
			sourceTree = "<group>";
		};
		E753501729E76E5B00F7A7E0 /* ContentView */ = {
			isa = PBXGroup;
			children = (
				E721330529ADABA30062D3FF /* ContentView.swift */,
			);
			name = ContentView;
			sourceTree = "<group>";
		};
		E753501829E76EA600F7A7E0 /* TabBarTargets */ = {
			isa = PBXGroup;
			children = (
				E724F76829EB7184000E5E08 /* FloatingActionButton */,
				E753501929E76EC300F7A7E0 /* HomeRow */,
				E70EC74A29D4A33C00AB0B8C /* Home */,
				E74F203D29D309F000AF9C40 /* EventActivitys */,
				E70EC74C29D4A40A00AB0B8C /* BookingCartView */,
				E70EC76D29D509B600AB0B8C /* FlightBooking */,
				E7D48BD729AE5417008C6B41 /* HotelBooking */,
			);
			path = TabBarTargets;
			sourceTree = "<group>";
		};
		E753501929E76EC300F7A7E0 /* HomeRow */ = {
			isa = PBXGroup;
			children = (
				E7F47BF029AEC7A1000D9CA4 /* Profile */,
				E74EC15629DD2781007585E0 /* FlightBooking */,
				E724F76729EB5A7D000E5E08 /* DetailPopularDestinationView */,
				E7D48BC329AE5286008C6B41 /* Jobs */,
				E70EC74B29D4A35700AB0B8C /* LogoutShape */,
				E74BF59229E8C8D8005A9961 /* SearchBarHomeRow */,
				E74BF58D29E8BEEF005A9961 /* HomeRow */,
				E753502029E787D200F7A7E0 /* DetailPlaceView */,
				E753501A29E7700B00F7A7E0 /* LeftNavBar */,
			);
			path = HomeRow;
			sourceTree = "<group>";
		};
		E753501A29E7700B00F7A7E0 /* LeftNavBar */ = {
			isa = PBXGroup;
			children = (
				E753501B29E7703300F7A7E0 /* NavigationBar.swift */,
			);
			path = LeftNavBar;
			sourceTree = "<group>";
		};
		E753501D29E7729F00F7A7E0 /* FavoriteTargets */ = {
			isa = PBXGroup;
			children = (
				E753501E29E772BE00F7A7E0 /* FavoriteTargets.swift */,
			);
			path = FavoriteTargets;
			sourceTree = "<group>";
		};
		E753502029E787D200F7A7E0 /* DetailPlaceView */ = {
			isa = PBXGroup;
			children = (
				E753502129E787EC00F7A7E0 /* DetailPlaceView.swift */,
			);
			path = DetailPlaceView;
			sourceTree = "<group>";
		};
		E76D8B0C29E426DC0058AF82 /* CreateBoardingPass */ = {
			isa = PBXGroup;
			children = (
				E76D8B0F29E427730058AF82 /* TicketResultView.swift */,
			);
			path = CreateBoardingPass;
			sourceTree = "<group>";
		};
		E76D8B1129E428EF0058AF82 /* Tickets */ = {
			isa = PBXGroup;
			children = (
				E76D8B1229E429040058AF82 /* TicketViewModel.swift */,
			);
			path = Tickets;
			sourceTree = "<group>";
		};
		E773347729DB1AA400D5B70E /* Flüge */ = {
			isa = PBXGroup;
			children = (
				E7B32CEF29DB0F220032A478 /* FlightSearchViewModel */,
				E70EC77F29D5700000AB0B8C /* FlightTypeViewModel */,
			);
			name = "Flüge";
			path = "Flüge";
			sourceTree = "<group>";
		};
		E773347829DB1AE700D5B70E /* Hotels */ = {
			isa = PBXGroup;
			children = (
				E74F202529D3007500AF9C40 /* HotelTypeViewModel */,
			);
			path = Hotels;
			sourceTree = "<group>";
		};
		E773347929DB1B4000D5B70E /* Trips */ = {
			isa = PBXGroup;
			children = (
				E74F202429D3006700AF9C40 /* TripTypeViewModel */,
			);
			path = Trips;
			sourceTree = "<group>";
		};
		E773347A29DB1B5700D5B70E /* Jobs */ = {
			isa = PBXGroup;
			children = (
				E7762BF229D1BB3900096633 /* JobSearchViewModel */,
			);
			path = Jobs;
			sourceTree = "<group>";
		};
		E773347B29DB1B8800D5B70E /* Profil */ = {
			isa = PBXGroup;
			children = (
				E7762BF429D1BB8000096633 /* ProfilDataViewModel */,
			);
			path = Profil;
			sourceTree = "<group>";
		};
		E773347D29DB1C4700D5B70E /* SearchBar */ = {
			isa = PBXGroup;
			children = (
				E70EC78F29D5F9B300AB0B8C /* SearchBarViewModel.swift */,
			);
			path = SearchBar;
			sourceTree = "<group>";
		};
		E7762B0129CDB8A700096633 /* MemberDataSheet */ = {
			isa = PBXGroup;
			children = (
				E7762B0229CDB8CA00096633 /* MemberDataSheet.swift */,
			);
			path = MemberDataSheet;
			sourceTree = "<group>";
		};
		E7762BED29D1B85200096633 /* AppStart */ = {
			isa = PBXGroup;
			children = (
				E753501429E7663800F7A7E0 /* OnBoarding */,
				E721333729ADE8A30062D3FF /* Splash */,
			);
			path = AppStart;
			sourceTree = "<group>";
		};
		E7762BEE29D1B8C700096633 /* Anmeldung */ = {
			isa = PBXGroup;
			children = (
				E7D48B7E29ADEEB8008C6B41 /* Login */,
			);
			path = Anmeldung;
			sourceTree = "<group>";
		};
		E7762BF029D1B9C000096633 /* TabBarDestinations */ = {
			isa = PBXGroup;
			children = (
				E7D48B8729AE2A46008C6B41 /* Home */,
			);
			path = TabBarDestinations;
			sourceTree = "<group>";
		};
		E7762BF229D1BB3900096633 /* JobSearchViewModel */ = {
			isa = PBXGroup;
			children = (
				E7D48BCE29AE5353008C6B41 /* JobListViewModel.swift */,
			);
			path = JobSearchViewModel;
			sourceTree = "<group>";
		};
		E7762BF429D1BB8000096633 /* ProfilDataViewModel */ = {
			isa = PBXGroup;
			children = (
				E7B3A18829C20B6A0047F02D /* MemberDataViewModel.swift */,
			);
			path = ProfilDataViewModel;
			sourceTree = "<group>";
		};
		E793FA5829AF55F4000B0B15 /* Views */ = {
			isa = PBXGroup;
			children = (
				E753501829E76EA600F7A7E0 /* TabBarTargets */,
				E753501729E76E5B00F7A7E0 /* ContentView */,
				E7762BEE29D1B8C700096633 /* Anmeldung */,
				E7762BED29D1B85200096633 /* AppStart */,
				E7762BF029D1B9C000096633 /* TabBarDestinations */,
				E74C7B5A29BA70E300993EFC /* BookingCreator */,
			);
			path = Views;
			sourceTree = "<group>";
		};
		E7B32CE629DA928E0032A478 /* DetailViews */ = {
			isa = PBXGroup;
			children = (
				E7B32CE729DA929C0032A478 /* TravelDiscoveryDetailView.swift */,
				E7B32CEB29DA9A450032A478 /* SeatsDestinationDetailView.swift */,
			);
			path = DetailViews;
			sourceTree = "<group>";
		};
		E7B32CEF29DB0F220032A478 /* FlightSearchViewModel */ = {
			isa = PBXGroup;
			children = (
				E7B32CF029DB0F390032A478 /* FlightSearchViewModel.swift */,
			);
			path = FlightSearchViewModel;
			sourceTree = "<group>";
		};
		E7B32CF229DB12E60032A478 /* HomeRowModels */ = {
			isa = PBXGroup;
			children = (
				E74BF5AB29EABB47005A9961 /* BookingCategory */,
				E74BF5AA29EABB1C005A9961 /* BookingCategories */,
				E74BF5A929EABAA1005A9961 /* Restaurant */,
				E74BF5A829EABA82005A9961 /* Company */,
				E753501D29E7729F00F7A7E0 /* FavoriteTargets */,
			);
			path = HomeRowModels;
			sourceTree = "<group>";
		};
		E7D48B7E29ADEEB8008C6B41 /* Login */ = {
			isa = PBXGroup;
			children = (
				E70EC78029D571A100AB0B8C /* LoginView */,
			);
			path = Login;
			sourceTree = "<group>";
		};
		E7D48B8729AE2A46008C6B41 /* Home */ = {
			isa = PBXGroup;
			children = (
				E7F47BF329AED21A000D9CA4 /* HomeRow */,
				E74EC15929DD27C3007585E0 /* VideoView.swift */,
				E74EC15B29DD27EA007585E0 /* BookingViewHelper.swift */,
				E724F76B29EC2D39000E5E08 /* VideoAssistentView.swift */,
			);
			path = Home;
			sourceTree = "<group>";
		};
		E7D48B8A29AE2EC7008C6B41 /* AuthService */ = {
			isa = PBXGroup;
			children = (
				E7D48B8B29AE2EDB008C6B41 /* AuthService.swift */,
			);
			path = AuthService;
			sourceTree = "<group>";
		};
		E7D48BBE29AE50F6008C6B41 /* ViewModel */ = {
			isa = PBXGroup;
			children = (
				E76D8B1129E428EF0058AF82 /* Tickets */,
				E773347D29DB1C4700D5B70E /* SearchBar */,
				E773347B29DB1B8800D5B70E /* Profil */,
				E773347A29DB1B5700D5B70E /* Jobs */,
				E773347929DB1B4000D5B70E /* Trips */,
				E773347829DB1AE700D5B70E /* Hotels */,
				E773347729DB1AA400D5B70E /* Flüge */,
			);
			path = ViewModel;
			sourceTree = "<group>";
		};
		E7D48BC329AE5286008C6B41 /* Jobs */ = {
			isa = PBXGroup;
			children = (
				E74BF5A729EAB864005A9961 /* EmptyStateView */,
				E74BF5A629EAB744005A9961 /* JobView */,
				E74BF5A529EAB492005A9961 /* JobDetail */,
				E74BF5A429EAB47B005A9961 /* JobRow */,
			);
			path = Jobs;
			sourceTree = "<group>";
		};
		E7D48BD029AE5381008C6B41 /* Models */ = {
			isa = PBXGroup;
			children = (
				E7B32CF229DB12E60032A478 /* HomeRowModels */,
				E70EC77E29D56FD900AB0B8C /* ReiseauswahlModel */,
				E70EC77C29D56F8000AB0B8C /* FlightTicket */,
				E70EC77B29D56F3100AB0B8C /* Seat */,
				E70EC77A29D56F1400AB0B8C /* Feedback */,
				E70EC77929D56EF300AB0B8C /* Landmark */,
				E70EC77829D56ED600AB0B8C /* JobModel */,
				E70EC76A29D5084C00AB0B8C /* FlightModel */,
				E74F202E29D301A800AF9C40 /* Constants */,
				E74F202B29D3015D00AF9C40 /* TripModel */,
				E74F202829D3010300AF9C40 /* HotelListModel */,
			);
			path = Models;
			sourceTree = "<group>";
		};
		E7D48BD729AE5417008C6B41 /* HotelBooking */ = {
			isa = PBXGroup;
			children = (
				E74F203329D308A100AF9C40 /* HotelListView.swift */,
				E7863AA429B2388C004B991F /* HotelDetailView.swift */,
				E74F203929D3094900AF9C40 /* BookingHotelsItemRows.swift */,
				E74F203529D308FC00AF9C40 /* HotelButton.swift */,
				E74F203729D3092700AF9C40 /* Cart.swift */,
				E74F203B29D3096F00AF9C40 /* BookingHotelCartButton.swift */,
				E740ABD329D72680009FCCF0 /* SearchBarView2.swift */,
			);
			path = HotelBooking;
			sourceTree = "<group>";
		};
		E7F47BF029AEC7A1000D9CA4 /* Profile */ = {
			isa = PBXGroup;
			children = (
				E7762B0129CDB8A700096633 /* MemberDataSheet */,
				E7F47BFA29AED4E6000D9CA4 /* CreateProfilView.swift */,
				E74B041D29DF9336003476A9 /* MemberImageView.swift */,
			);
			path = Profile;
			sourceTree = "<group>";
		};
		E7F47BF329AED21A000D9CA4 /* HomeRow */ = {
			isa = PBXGroup;
			children = (
				E739635E29E6F6CE009A7B5A /* RestaurantDetailView */,
				E739635929E6F5C3009A7B5A /* CardViewRestaurants */,
				E76D8B0C29E426DC0058AF82 /* CreateBoardingPass */,
				E707EFA729E0DACD0032C880 /* HomeRowHeader */,
				E707EFA629E0D9980032C880 /* Checklist */,
				E70EC75629D4C0E400AB0B8C /* Home */,
				E70EC75329D4C0A300AB0B8C /* IconView */,
				E70EC75029D4C02000AB0B8C /* MemberInfos */,
				E70EC74D29D4BEF900AB0B8C /* Infos */,
			);
			path = HomeRow;
			sourceTree = "<group>";
		};
/* End PBXGroup section */

/* Begin PBXNativeTarget section */
		E72132FF29ADABA30062D3FF /* AppStorageApp */ = {
			isa = PBXNativeTarget;
			buildConfigurationList = E721332429ADABA40062D3FF /* Build configuration list for PBXNativeTarget "AppStorageApp" */;
			buildPhases = (
				E72132FC29ADABA30062D3FF /* Sources */,
				E72132FD29ADABA30062D3FF /* Frameworks */,
				E72132FE29ADABA30062D3FF /* Resources */,
			);
			buildRules = (
			);
			dependencies = (
			);
			name = AppStorageApp;
			packageProductDependencies = (
				E7D48BBC29AE50E0008C6B41 /* Amadeus */,
				E7D48BDB29AE5459008C6B41 /* Alamofire */,
				E793FA9829AF885B000B0B15 /* FirebaseAuth */,
				E793FA9A29AF885B000B0B15 /* FirebaseDatabase */,
				E793FA9C29AF885B000B0B15 /* FirebaseFirestore */,
				E793FA9E29AF885B000B0B15 /* FirebaseStorage */,
				E753501229E7623800F7A7E0 /* SwiftUIX */,
			);
			productName = AppStorageApp;
			productReference = E721330029ADABA30062D3FF /* AppStorageApp.app */;
			productType = "com.apple.product-type.application";
		};
		E721330F29ADABA40062D3FF /* AppStorageAppTests */ = {
			isa = PBXNativeTarget;
			buildConfigurationList = E721332729ADABA40062D3FF /* Build configuration list for PBXNativeTarget "AppStorageAppTests" */;
			buildPhases = (
				E721330C29ADABA40062D3FF /* Sources */,
				E721330D29ADABA40062D3FF /* Frameworks */,
				E721330E29ADABA40062D3FF /* Resources */,
			);
			buildRules = (
			);
			dependencies = (
				E721331229ADABA40062D3FF /* PBXTargetDependency */,
			);
			name = AppStorageAppTests;
			productName = AppStorageAppTests;
			productReference = E721331029ADABA40062D3FF /* AppStorageAppTests.xctest */;
			productType = "com.apple.product-type.bundle.unit-test";
		};
		E721331929ADABA40062D3FF /* AppStorageAppUITests */ = {
			isa = PBXNativeTarget;
			buildConfigurationList = E721332A29ADABA40062D3FF /* Build configuration list for PBXNativeTarget "AppStorageAppUITests" */;
			buildPhases = (
				E721331629ADABA40062D3FF /* Sources */,
				E721331729ADABA40062D3FF /* Frameworks */,
				E721331829ADABA40062D3FF /* Resources */,
			);
			buildRules = (
			);
			dependencies = (
				E721331C29ADABA40062D3FF /* PBXTargetDependency */,
			);
			name = AppStorageAppUITests;
			productName = AppStorageAppUITests;
			productReference = E721331A29ADABA40062D3FF /* AppStorageAppUITests.xctest */;
			productType = "com.apple.product-type.bundle.ui-testing";
		};
/* End PBXNativeTarget section */

/* Begin PBXProject section */
		E72132F829ADABA30062D3FF /* Project object */ = {
			isa = PBXProject;
			attributes = {
				BuildIndependentTargetsInParallel = 1;
				LastSwiftUpdateCheck = 1420;
				LastUpgradeCheck = 1420;
				TargetAttributes = {
					E72132FF29ADABA30062D3FF = {
						CreatedOnToolsVersion = 14.2;
					};
					E721330F29ADABA40062D3FF = {
						CreatedOnToolsVersion = 14.2;
						TestTargetID = E72132FF29ADABA30062D3FF;
					};
					E721331929ADABA40062D3FF = {
						CreatedOnToolsVersion = 14.2;
						TestTargetID = E72132FF29ADABA30062D3FF;
					};
				};
			};
			buildConfigurationList = E72132FB29ADABA30062D3FF /* Build configuration list for PBXProject "AppStorageApp" */;
			compatibilityVersion = "Xcode 14.0";
			developmentRegion = en;
			hasScannedForEncodings = 0;
			knownRegions = (
				en,
				Base,
			);
			mainGroup = E72132F729ADABA30062D3FF;
			packageReferences = (
				E7D48BBB29AE50DF008C6B41 /* XCRemoteSwiftPackageReference "amadeus-ios" */,
				E7D48BDA29AE5459008C6B41 /* XCRemoteSwiftPackageReference "Alamofire" */,
				E793FA9729AF885B000B0B15 /* XCRemoteSwiftPackageReference "firebase-ios-sdk" */,
				E753501129E7623700F7A7E0 /* XCRemoteSwiftPackageReference "SwiftUIX" */,
			);
			productRefGroup = E721330129ADABA30062D3FF /* Products */;
			projectDirPath = "";
			projectRoot = "";
			targets = (
				E72132FF29ADABA30062D3FF /* AppStorageApp */,
				E721330F29ADABA40062D3FF /* AppStorageAppTests */,
				E721331929ADABA40062D3FF /* AppStorageAppUITests */,
			);
		};
/* End PBXProject section */

/* Begin PBXResourcesBuildPhase section */
		E72132FE29ADABA30062D3FF /* Resources */ = {
			isa = PBXResourcesBuildPhase;
			buildActionMask = 2147483647;
			files = (
				E724F76A29EC2CB4000E5E08 /* FlightAssistent.mp4 in Resources */,
				E732BE3829CC6FAB0067BFC2 /* .gitignore in Resources */,
				E721330B29ADABA40062D3FF /* Preview Assets.xcassets in Resources */,
				E74EC15F29DD2E61007585E0 /* bookingvideo.mp4 in Resources */,
				E721330829ADABA40062D3FF /* Assets.xcassets in Resources */,
				E793FA9529AF8723000B0B15 /* GoogleService-Info.plist in Resources */,
			);
			runOnlyForDeploymentPostprocessing = 0;
		};
		E721330E29ADABA40062D3FF /* Resources */ = {
			isa = PBXResourcesBuildPhase;
			buildActionMask = 2147483647;
			files = (
			);
			runOnlyForDeploymentPostprocessing = 0;
		};
		E721331829ADABA40062D3FF /* Resources */ = {
			isa = PBXResourcesBuildPhase;
			buildActionMask = 2147483647;
			files = (
			);
			runOnlyForDeploymentPostprocessing = 0;
		};
/* End PBXResourcesBuildPhase section */

/* Begin PBXSourcesBuildPhase section */
		E72132FC29ADABA30062D3FF /* Sources */ = {
			isa = PBXSourcesBuildPhase;
			buildActionMask = 2147483647;
			files = (
				E721333129ADB5440062D3FF /* AfterOnBoarding.swift in Sources */,
				E74F203C29D3096F00AF9C40 /* BookingHotelCartButton.swift in Sources */,
				E74F203A29D3094900AF9C40 /* BookingHotelsItemRows.swift in Sources */,
				E753501C29E7703300F7A7E0 /* NavigationBar.swift in Sources */,
				E74B041E29DF9336003476A9 /* MemberImageView.swift in Sources */,
				E739635B29E6F5ED009A7B5A /* CardView.swift in Sources */,
				E70EC74F29D4BF1600AB0B8C /* InfoView.swift in Sources */,
				E75EF24629BA1E1100D61D02 /* Feedback.swift in Sources */,
				E74092E329C6CA99005104CF /* Seat.swift in Sources */,
				E7B3A18929C20B6A0047F02D /* MemberDataViewModel.swift in Sources */,
				E74F203029D301C600AF9C40 /* Constants.swift in Sources */,
				E74BF58F29E8C496005A9961 /* JobView.swift in Sources */,
				E753501F29E772BE00F7A7E0 /* FavoriteTargets.swift in Sources */,
				E7D48BCF29AE5353008C6B41 /* JobListViewModel.swift in Sources */,
				E70EC79929D6C27A00AB0B8C /* AudioPlayer.swift in Sources */,
				E74BF5AD29EABD79005A9961 /* SearchBarView1.swift in Sources */,
				E7B32CDB29DA90E90032A478 /* PopularRestaurantsView.swift in Sources */,
				E76D8B1329E429040058AF82 /* TicketViewModel.swift in Sources */,
				E7D48BD429AE53AB008C6B41 /* JobModel.swift in Sources */,
				E74BF59429E8C902005A9961 /* SearchBarHomeRow.swift in Sources */,
				E74F204529D30A9300AF9C40 /* BookingCartButton.swift in Sources */,
				E70EC75529D4C0C300AB0B8C /* IconView.swift in Sources */,
				E732BE4B29CD400F0067BFC2 /* TravelTicket.swift in Sources */,
				E7B3A18C29C20BA40047F02D /* MemberContainer.xcdatamodeld in Sources */,
				E7762B0329CDB8CA00096633 /* MemberDataSheet.swift in Sources */,
				E7F47BF529AED238000D9CA4 /* HomeRow.swift in Sources */,
				E74F203629D308FC00AF9C40 /* HotelButton.swift in Sources */,
				E74F203229D3020F00AF9C40 /* HotelTypeViewModel.swift in Sources */,
				E70EC76929D5080000AB0B8C /* FlightTypeViewModel.swift in Sources */,
				E74F204B29D30AF400AF9C40 /* ActivityButton.swift in Sources */,
				E721332F29ADB5300062D3FF /* OnboardingView.swift in Sources */,
				E7863AA729B238F6004B991F /* LandMark.swift in Sources */,
				E76D8B1529E6097B0058AF82 /* DetailPopularDestinationView.swift in Sources */,
				E70EC77329D50A3B00AB0B8C /* FlightItemRow.swift in Sources */,
				E70EC79029D5F9B300AB0B8C /* SearchBarViewModel.swift in Sources */,
				E70EC76F29D509D600AB0B8C /* FlightListView.swift in Sources */,
				E70EC77529D50A5C00AB0B8C /* FlightButton.swift in Sources */,
				E76D8B1029E427730058AF82 /* TicketResultView.swift in Sources */,
				E7D48B8C29AE2EDB008C6B41 /* AuthService.swift in Sources */,
				E74092DB29C6C2BB005104CF /* JobDetailView.swift in Sources */,
				E74F204929D30AD500AF9C40 /* DetailActivityView.swift in Sources */,
				E70EC79C29D6C3AD00AB0B8C /* CircleGroupView.swift in Sources */,
				E739636029E6F6F2009A7B5A /* RestaurantDetailView.swift in Sources */,
				E7B32CE829DA929C0032A478 /* TravelDiscoveryDetailView.swift in Sources */,
				E74F202D29D3017B00AF9C40 /* TripModel.swift in Sources */,
				E753502229E787EC00F7A7E0 /* DetailPlaceView.swift in Sources */,
				E74F204E29D30B8E00AF9C40 /* BookingCartView.swift in Sources */,
				E7B32CDD29DA90FE0032A478 /* PopularCompanysView.swift in Sources */,
				E74EC15A29DD27C3007585E0 /* VideoView.swift in Sources */,
				E74F204129D30A3E00AF9C40 /* PayButtonView.swift in Sources */,
				E74EC15829DD2798007585E0 /* StewardessView.swift in Sources */,
				E7B32CE329DA92030032A478 /* Restaurant.swift in Sources */,
				E74092DD29C6C963005104CF /* BookingRow.swift in Sources */,
				E71B3D3129C3638D00AAB7C0 /* Shape1.swift in Sources */,
				E7B32CD729DA909B0032A478 /* TravelDiscoveryView.swift in Sources */,
				E7D48B8929AE2A51008C6B41 /* Home.swift in Sources */,
				E7B32CE529DA922A0032A478 /* Company.swift in Sources */,
				E7D48BD629AE53C4008C6B41 /* ModelData.swift in Sources */,
				E732BE3A29CC6FFC0067BFC2 /* APIKeys.swift in Sources */,
				E721330629ADABA30062D3FF /* ContentView.swift in Sources */,
				E7863AA529B2388C004B991F /* HotelDetailView.swift in Sources */,
				E724F76C29EC2D39000E5E08 /* VideoAssistentView.swift in Sources */,
				E70EC77129D509F600AB0B8C /* FlightDetailView.swift in Sources */,
				E74F203F29D30A2300AF9C40 /* SearchBar.swift in Sources */,
				E739635D29E6F675009A7B5A /* RestaurantCardView.swift in Sources */,
				E74BF59729E946AD005A9961 /* OnboardItem.swift in Sources */,
				E70EC75229D4C04100AB0B8C /* MemberInfoView.swift in Sources */,
				E74F203829D3092700AF9C40 /* Cart.swift in Sources */,
				E74F205429D3947800AF9C40 /* DetailActivityRow.swift in Sources */,
				E74EC15C29DD27EA007585E0 /* BookingViewHelper.swift in Sources */,
				E707EFA929E0DB0D0032C880 /* Headershape.swift in Sources */,
				E740ABD429D72680009FCCF0 /* SearchBarView2.swift in Sources */,
				E74F202A29D3012900AF9C40 /* HotelListModel.swift in Sources */,
				E70EC76C29D5087E00AB0B8C /* FlightModel.swift in Sources */,
				E74EC16129DD6F0E007585E0 /* FlightSeatSelectionView.swift in Sources */,
				E70EC77729D50A8400AB0B8C /* Cart1.swift in Sources */,
				E74EC16329DD806F007585E0 /* BookingCategory.swift in Sources */,
				E707EFAE29E193A10032C880 /* FloatingActionButton.swift in Sources */,
				E74092E129C6CA19005104CF /* Checkbox.swift in Sources */,
				E7D48BD229AE538F008C6B41 /* Model.swift in Sources */,
				E74092DF29C6C9AB005104CF /* ImageSelectionView.swift in Sources */,
				E74BF59129E8C6A9005A9961 /* EmptyStateView.swift in Sources */,
				E7B32CDF29DA91B80032A478 /* BookingCategories.swift in Sources */,
				E74F202729D300A400AF9C40 /* TripTypeViewModel.swift in Sources */,
				E74F204729D30AB300AF9C40 /* ActivityTripView.swift in Sources */,
				E76D8B1729E68DD20058AF82 /* HeadQuarter.swift in Sources */,
				E721330429ADABA30062D3FF /* AppStorageAppApp.swift in Sources */,
				E753501629E7676700F7A7E0 /* OnboardingRules.swift in Sources */,
				E7F47BF929AED49C000D9CA4 /* JobRow.swift in Sources */,
				E70EC79229D617F700AB0B8C /* SearchTextField.swift in Sources */,
				E7321A2A29B17C70003BA60D /* GifImage.swift in Sources */,
				E7D48B8029ADEECB008C6B41 /* LoginView.swift in Sources */,
				E7B32CF129DB0F390032A478 /* FlightSearchViewModel.swift in Sources */,
				E74F203429D308A100AF9C40 /* HotelListView.swift in Sources */,
				E7B32CEC29DA9A450032A478 /* SeatsDestinationDetailView.swift in Sources */,
				E7F47BFB29AED4E6000D9CA4 /* CreateProfilView.swift in Sources */,
				E74EC15529DCD6AF007585E0 /* HeaderShape1.swift in Sources */,
				E721333929ADE8B50062D3FF /* SplashView.swift in Sources */,
				E7F47BEB29AEC249000D9CA4 /* ReiseAuswahlModel.swift in Sources */,
			);
			runOnlyForDeploymentPostprocessing = 0;
		};
		E721330C29ADABA40062D3FF /* Sources */ = {
			isa = PBXSourcesBuildPhase;
			buildActionMask = 2147483647;
			files = (
				E721331529ADABA40062D3FF /* AppStorageAppTests.swift in Sources */,
			);
			runOnlyForDeploymentPostprocessing = 0;
		};
		E721331629ADABA40062D3FF /* Sources */ = {
			isa = PBXSourcesBuildPhase;
			buildActionMask = 2147483647;
			files = (
				E721332129ADABA40062D3FF /* AppStorageAppUITestsLaunchTests.swift in Sources */,
				E721331F29ADABA40062D3FF /* AppStorageAppUITests.swift in Sources */,
			);
			runOnlyForDeploymentPostprocessing = 0;
		};
/* End PBXSourcesBuildPhase section */

/* Begin PBXTargetDependency section */
		E721331229ADABA40062D3FF /* PBXTargetDependency */ = {
			isa = PBXTargetDependency;
			target = E72132FF29ADABA30062D3FF /* AppStorageApp */;
			targetProxy = E721331129ADABA40062D3FF /* PBXContainerItemProxy */;
		};
		E721331C29ADABA40062D3FF /* PBXTargetDependency */ = {
			isa = PBXTargetDependency;
			target = E72132FF29ADABA30062D3FF /* AppStorageApp */;
			targetProxy = E721331B29ADABA40062D3FF /* PBXContainerItemProxy */;
		};
/* End PBXTargetDependency section */

/* Begin XCBuildConfiguration section */
		E721332229ADABA40062D3FF /* Debug */ = {
			isa = XCBuildConfiguration;
			buildSettings = {
				ALWAYS_SEARCH_USER_PATHS = NO;
				CLANG_ANALYZER_NONNULL = YES;
				CLANG_ANALYZER_NUMBER_OBJECT_CONVERSION = YES_AGGRESSIVE;
				CLANG_CXX_LANGUAGE_STANDARD = "gnu++20";
				CLANG_ENABLE_MODULES = YES;
				CLANG_ENABLE_OBJC_ARC = YES;
				CLANG_ENABLE_OBJC_WEAK = YES;
				CLANG_WARN_BLOCK_CAPTURE_AUTORELEASING = YES;
				CLANG_WARN_BOOL_CONVERSION = YES;
				CLANG_WARN_COMMA = YES;
				CLANG_WARN_CONSTANT_CONVERSION = YES;
				CLANG_WARN_DEPRECATED_OBJC_IMPLEMENTATIONS = YES;
				CLANG_WARN_DIRECT_OBJC_ISA_USAGE = YES_ERROR;
				CLANG_WARN_DOCUMENTATION_COMMENTS = YES;
				CLANG_WARN_EMPTY_BODY = YES;
				CLANG_WARN_ENUM_CONVERSION = YES;
				CLANG_WARN_INFINITE_RECURSION = YES;
				CLANG_WARN_INT_CONVERSION = YES;
				CLANG_WARN_NON_LITERAL_NULL_CONVERSION = YES;
				CLANG_WARN_OBJC_IMPLICIT_RETAIN_SELF = YES;
				CLANG_WARN_OBJC_LITERAL_CONVERSION = YES;
				CLANG_WARN_OBJC_ROOT_CLASS = YES_ERROR;
				CLANG_WARN_QUOTED_INCLUDE_IN_FRAMEWORK_HEADER = YES;
				CLANG_WARN_RANGE_LOOP_ANALYSIS = YES;
				CLANG_WARN_STRICT_PROTOTYPES = YES;
				CLANG_WARN_SUSPICIOUS_MOVE = YES;
				CLANG_WARN_UNGUARDED_AVAILABILITY = YES_AGGRESSIVE;
				CLANG_WARN_UNREACHABLE_CODE = YES;
				CLANG_WARN__DUPLICATE_METHOD_MATCH = YES;
				COPY_PHASE_STRIP = NO;
				DEBUG_INFORMATION_FORMAT = dwarf;
				ENABLE_STRICT_OBJC_MSGSEND = YES;
				ENABLE_TESTABILITY = YES;
				GCC_C_LANGUAGE_STANDARD = gnu11;
				GCC_DYNAMIC_NO_PIC = NO;
				GCC_NO_COMMON_BLOCKS = YES;
				GCC_OPTIMIZATION_LEVEL = 0;
				GCC_PREPROCESSOR_DEFINITIONS = (
					"DEBUG=1",
					"$(inherited)",
				);
				GCC_WARN_64_TO_32_BIT_CONVERSION = YES;
				GCC_WARN_ABOUT_RETURN_TYPE = YES_ERROR;
				GCC_WARN_UNDECLARED_SELECTOR = YES;
				GCC_WARN_UNINITIALIZED_AUTOS = YES_AGGRESSIVE;
				GCC_WARN_UNUSED_FUNCTION = YES;
				GCC_WARN_UNUSED_VARIABLE = YES;
				IPHONEOS_DEPLOYMENT_TARGET = 16.2;
				MTL_ENABLE_DEBUG_INFO = INCLUDE_SOURCE;
				MTL_FAST_MATH = YES;
				ONLY_ACTIVE_ARCH = YES;
				SDKROOT = iphoneos;
				SWIFT_ACTIVE_COMPILATION_CONDITIONS = DEBUG;
				SWIFT_OPTIMIZATION_LEVEL = "-Onone";
			};
			name = Debug;
		};
		E721332329ADABA40062D3FF /* Release */ = {
			isa = XCBuildConfiguration;
			buildSettings = {
				ALWAYS_SEARCH_USER_PATHS = NO;
				CLANG_ANALYZER_NONNULL = YES;
				CLANG_ANALYZER_NUMBER_OBJECT_CONVERSION = YES_AGGRESSIVE;
				CLANG_CXX_LANGUAGE_STANDARD = "gnu++20";
				CLANG_ENABLE_MODULES = YES;
				CLANG_ENABLE_OBJC_ARC = YES;
				CLANG_ENABLE_OBJC_WEAK = YES;
				CLANG_WARN_BLOCK_CAPTURE_AUTORELEASING = YES;
				CLANG_WARN_BOOL_CONVERSION = YES;
				CLANG_WARN_COMMA = YES;
				CLANG_WARN_CONSTANT_CONVERSION = YES;
				CLANG_WARN_DEPRECATED_OBJC_IMPLEMENTATIONS = YES;
				CLANG_WARN_DIRECT_OBJC_ISA_USAGE = YES_ERROR;
				CLANG_WARN_DOCUMENTATION_COMMENTS = YES;
				CLANG_WARN_EMPTY_BODY = YES;
				CLANG_WARN_ENUM_CONVERSION = YES;
				CLANG_WARN_INFINITE_RECURSION = YES;
				CLANG_WARN_INT_CONVERSION = YES;
				CLANG_WARN_NON_LITERAL_NULL_CONVERSION = YES;
				CLANG_WARN_OBJC_IMPLICIT_RETAIN_SELF = YES;
				CLANG_WARN_OBJC_LITERAL_CONVERSION = YES;
				CLANG_WARN_OBJC_ROOT_CLASS = YES_ERROR;
				CLANG_WARN_QUOTED_INCLUDE_IN_FRAMEWORK_HEADER = YES;
				CLANG_WARN_RANGE_LOOP_ANALYSIS = YES;
				CLANG_WARN_STRICT_PROTOTYPES = YES;
				CLANG_WARN_SUSPICIOUS_MOVE = YES;
				CLANG_WARN_UNGUARDED_AVAILABILITY = YES_AGGRESSIVE;
				CLANG_WARN_UNREACHABLE_CODE = YES;
				CLANG_WARN__DUPLICATE_METHOD_MATCH = YES;
				COPY_PHASE_STRIP = NO;
				DEBUG_INFORMATION_FORMAT = "dwarf-with-dsym";
				ENABLE_NS_ASSERTIONS = NO;
				ENABLE_STRICT_OBJC_MSGSEND = YES;
				GCC_C_LANGUAGE_STANDARD = gnu11;
				GCC_NO_COMMON_BLOCKS = YES;
				GCC_WARN_64_TO_32_BIT_CONVERSION = YES;
				GCC_WARN_ABOUT_RETURN_TYPE = YES_ERROR;
				GCC_WARN_UNDECLARED_SELECTOR = YES;
				GCC_WARN_UNINITIALIZED_AUTOS = YES_AGGRESSIVE;
				GCC_WARN_UNUSED_FUNCTION = YES;
				GCC_WARN_UNUSED_VARIABLE = YES;
				IPHONEOS_DEPLOYMENT_TARGET = 16.2;
				MTL_ENABLE_DEBUG_INFO = NO;
				MTL_FAST_MATH = YES;
				SDKROOT = iphoneos;
				SWIFT_COMPILATION_MODE = wholemodule;
				SWIFT_OPTIMIZATION_LEVEL = "-O";
				VALIDATE_PRODUCT = YES;
			};
			name = Release;
		};
		E721332529ADABA40062D3FF /* Debug */ = {
			isa = XCBuildConfiguration;
			buildSettings = {
				ASSETCATALOG_COMPILER_APPICON_NAME = AppIcon;
				ASSETCATALOG_COMPILER_GLOBAL_ACCENT_COLOR_NAME = AccentColor;
				CODE_SIGN_STYLE = Automatic;
				CURRENT_PROJECT_VERSION = 1;
				DEVELOPMENT_ASSET_PATHS = "\"AppStorageApp/Preview Content\"";
				ENABLE_PREVIEWS = YES;
				GENERATE_INFOPLIST_FILE = YES;
				INFOPLIST_KEY_UIApplicationSceneManifest_Generation = YES;
				INFOPLIST_KEY_UIApplicationSupportsIndirectInputEvents = YES;
				INFOPLIST_KEY_UILaunchScreen_Generation = YES;
				INFOPLIST_KEY_UISupportedInterfaceOrientations_iPad = "UIInterfaceOrientationPortrait UIInterfaceOrientationPortraitUpsideDown UIInterfaceOrientationLandscapeLeft UIInterfaceOrientationLandscapeRight";
				INFOPLIST_KEY_UISupportedInterfaceOrientations_iPhone = "UIInterfaceOrientationPortrait UIInterfaceOrientationLandscapeLeft UIInterfaceOrientationLandscapeRight";
				LD_RUNPATH_SEARCH_PATHS = (
					"$(inherited)",
					"@executable_path/Frameworks",
				);
				MARKETING_VERSION = 1.0;
				PRODUCT_BUNDLE_IDENTIFIER = com.My.MyDataApp.AppStorageApp;
				PRODUCT_NAME = "$(TARGET_NAME)";
				SWIFT_EMIT_LOC_STRINGS = YES;
				SWIFT_VERSION = 5.0;
				TARGETED_DEVICE_FAMILY = "1,2";
			};
			name = Debug;
		};
		E721332629ADABA40062D3FF /* Release */ = {
			isa = XCBuildConfiguration;
			buildSettings = {
				ASSETCATALOG_COMPILER_APPICON_NAME = AppIcon;
				ASSETCATALOG_COMPILER_GLOBAL_ACCENT_COLOR_NAME = AccentColor;
				CODE_SIGN_STYLE = Automatic;
				CURRENT_PROJECT_VERSION = 1;
				DEVELOPMENT_ASSET_PATHS = "\"AppStorageApp/Preview Content\"";
				ENABLE_PREVIEWS = YES;
				GENERATE_INFOPLIST_FILE = YES;
				INFOPLIST_KEY_UIApplicationSceneManifest_Generation = YES;
				INFOPLIST_KEY_UIApplicationSupportsIndirectInputEvents = YES;
				INFOPLIST_KEY_UILaunchScreen_Generation = YES;
				INFOPLIST_KEY_UISupportedInterfaceOrientations_iPad = "UIInterfaceOrientationPortrait UIInterfaceOrientationPortraitUpsideDown UIInterfaceOrientationLandscapeLeft UIInterfaceOrientationLandscapeRight";
				INFOPLIST_KEY_UISupportedInterfaceOrientations_iPhone = "UIInterfaceOrientationPortrait UIInterfaceOrientationLandscapeLeft UIInterfaceOrientationLandscapeRight";
				LD_RUNPATH_SEARCH_PATHS = (
					"$(inherited)",
					"@executable_path/Frameworks",
				);
				MARKETING_VERSION = 1.0;
				PRODUCT_BUNDLE_IDENTIFIER = com.My.MyDataApp.AppStorageApp;
				PRODUCT_NAME = "$(TARGET_NAME)";
				SWIFT_EMIT_LOC_STRINGS = YES;
				SWIFT_VERSION = 5.0;
				TARGETED_DEVICE_FAMILY = "1,2";
			};
			name = Release;
		};
		E721332829ADABA40062D3FF /* Debug */ = {
			isa = XCBuildConfiguration;
			buildSettings = {
				ALWAYS_EMBED_SWIFT_STANDARD_LIBRARIES = YES;
				BUNDLE_LOADER = "$(TEST_HOST)";
				CODE_SIGN_STYLE = Automatic;
				CURRENT_PROJECT_VERSION = 1;
				GENERATE_INFOPLIST_FILE = YES;
				IPHONEOS_DEPLOYMENT_TARGET = 16.2;
				MARKETING_VERSION = 1.0;
				PRODUCT_BUNDLE_IDENTIFIER = com.My.MyDataApp.AppStorageAppTests;
				PRODUCT_NAME = "$(TARGET_NAME)";
				SWIFT_EMIT_LOC_STRINGS = NO;
				SWIFT_VERSION = 5.0;
				TARGETED_DEVICE_FAMILY = "1,2";
				TEST_HOST = "$(BUILT_PRODUCTS_DIR)/AppStorageApp.app/$(BUNDLE_EXECUTABLE_FOLDER_PATH)/AppStorageApp";
			};
			name = Debug;
		};
		E721332929ADABA40062D3FF /* Release */ = {
			isa = XCBuildConfiguration;
			buildSettings = {
				ALWAYS_EMBED_SWIFT_STANDARD_LIBRARIES = YES;
				BUNDLE_LOADER = "$(TEST_HOST)";
				CODE_SIGN_STYLE = Automatic;
				CURRENT_PROJECT_VERSION = 1;
				GENERATE_INFOPLIST_FILE = YES;
				IPHONEOS_DEPLOYMENT_TARGET = 16.2;
				MARKETING_VERSION = 1.0;
				PRODUCT_BUNDLE_IDENTIFIER = com.My.MyDataApp.AppStorageAppTests;
				PRODUCT_NAME = "$(TARGET_NAME)";
				SWIFT_EMIT_LOC_STRINGS = NO;
				SWIFT_VERSION = 5.0;
				TARGETED_DEVICE_FAMILY = "1,2";
				TEST_HOST = "$(BUILT_PRODUCTS_DIR)/AppStorageApp.app/$(BUNDLE_EXECUTABLE_FOLDER_PATH)/AppStorageApp";
			};
			name = Release;
		};
		E721332B29ADABA40062D3FF /* Debug */ = {
			isa = XCBuildConfiguration;
			buildSettings = {
				ALWAYS_EMBED_SWIFT_STANDARD_LIBRARIES = YES;
				CODE_SIGN_STYLE = Automatic;
				CURRENT_PROJECT_VERSION = 1;
				GENERATE_INFOPLIST_FILE = YES;
				MARKETING_VERSION = 1.0;
				PRODUCT_BUNDLE_IDENTIFIER = com.My.MyDataApp.AppStorageAppUITests;
				PRODUCT_NAME = "$(TARGET_NAME)";
				SWIFT_EMIT_LOC_STRINGS = NO;
				SWIFT_VERSION = 5.0;
				TARGETED_DEVICE_FAMILY = "1,2";
				TEST_TARGET_NAME = AppStorageApp;
			};
			name = Debug;
		};
		E721332C29ADABA40062D3FF /* Release */ = {
			isa = XCBuildConfiguration;
			buildSettings = {
				ALWAYS_EMBED_SWIFT_STANDARD_LIBRARIES = YES;
				CODE_SIGN_STYLE = Automatic;
				CURRENT_PROJECT_VERSION = 1;
				GENERATE_INFOPLIST_FILE = YES;
				MARKETING_VERSION = 1.0;
				PRODUCT_BUNDLE_IDENTIFIER = com.My.MyDataApp.AppStorageAppUITests;
				PRODUCT_NAME = "$(TARGET_NAME)";
				SWIFT_EMIT_LOC_STRINGS = NO;
				SWIFT_VERSION = 5.0;
				TARGETED_DEVICE_FAMILY = "1,2";
				TEST_TARGET_NAME = AppStorageApp;
			};
			name = Release;
		};
/* End XCBuildConfiguration section */

/* Begin XCConfigurationList section */
		E72132FB29ADABA30062D3FF /* Build configuration list for PBXProject "AppStorageApp" */ = {
			isa = XCConfigurationList;
			buildConfigurations = (
				E721332229ADABA40062D3FF /* Debug */,
				E721332329ADABA40062D3FF /* Release */,
			);
			defaultConfigurationIsVisible = 0;
			defaultConfigurationName = Release;
		};
		E721332429ADABA40062D3FF /* Build configuration list for PBXNativeTarget "AppStorageApp" */ = {
			isa = XCConfigurationList;
			buildConfigurations = (
				E721332529ADABA40062D3FF /* Debug */,
				E721332629ADABA40062D3FF /* Release */,
			);
			defaultConfigurationIsVisible = 0;
			defaultConfigurationName = Release;
		};
		E721332729ADABA40062D3FF /* Build configuration list for PBXNativeTarget "AppStorageAppTests" */ = {
			isa = XCConfigurationList;
			buildConfigurations = (
				E721332829ADABA40062D3FF /* Debug */,
				E721332929ADABA40062D3FF /* Release */,
			);
			defaultConfigurationIsVisible = 0;
			defaultConfigurationName = Release;
		};
		E721332A29ADABA40062D3FF /* Build configuration list for PBXNativeTarget "AppStorageAppUITests" */ = {
			isa = XCConfigurationList;
			buildConfigurations = (
				E721332B29ADABA40062D3FF /* Debug */,
				E721332C29ADABA40062D3FF /* Release */,
			);
			defaultConfigurationIsVisible = 0;
			defaultConfigurationName = Release;
		};
/* End XCConfigurationList section */

/* Begin XCRemoteSwiftPackageReference section */
		E753501129E7623700F7A7E0 /* XCRemoteSwiftPackageReference "SwiftUIX" */ = {
			isa = XCRemoteSwiftPackageReference;
			repositoryURL = "https://github.com/SwiftUIX/SwiftUIX";
			requirement = {
				kind = upToNextMajorVersion;
				minimumVersion = 0.1.4;
			};
		};
		E793FA9729AF885B000B0B15 /* XCRemoteSwiftPackageReference "firebase-ios-sdk" */ = {
			isa = XCRemoteSwiftPackageReference;
			repositoryURL = "https://github.com/firebase/firebase-ios-sdk.git";
			requirement = {
				kind = upToNextMajorVersion;
				minimumVersion = 9.0.0;
			};
		};
		E7D48BBB29AE50DF008C6B41 /* XCRemoteSwiftPackageReference "amadeus-ios" */ = {
			isa = XCRemoteSwiftPackageReference;
			repositoryURL = "https://github.com/amadeus4dev/amadeus-ios.git";
			requirement = {
				branch = master;
				kind = branch;
			};
		};
		E7D48BDA29AE5459008C6B41 /* XCRemoteSwiftPackageReference "Alamofire" */ = {
			isa = XCRemoteSwiftPackageReference;
			repositoryURL = "https://github.com/Alamofire/Alamofire.git";
			requirement = {
				branch = master;
				kind = branch;
			};
		};
/* End XCRemoteSwiftPackageReference section */

/* Begin XCSwiftPackageProductDependency section */
		E753501229E7623800F7A7E0 /* SwiftUIX */ = {
			isa = XCSwiftPackageProductDependency;
			package = E753501129E7623700F7A7E0 /* XCRemoteSwiftPackageReference "SwiftUIX" */;
			productName = SwiftUIX;
		};
		E793FA9829AF885B000B0B15 /* FirebaseAuth */ = {
			isa = XCSwiftPackageProductDependency;
			package = E793FA9729AF885B000B0B15 /* XCRemoteSwiftPackageReference "firebase-ios-sdk" */;
			productName = FirebaseAuth;
		};
		E793FA9A29AF885B000B0B15 /* FirebaseDatabase */ = {
			isa = XCSwiftPackageProductDependency;
			package = E793FA9729AF885B000B0B15 /* XCRemoteSwiftPackageReference "firebase-ios-sdk" */;
			productName = FirebaseDatabase;
		};
		E793FA9C29AF885B000B0B15 /* FirebaseFirestore */ = {
			isa = XCSwiftPackageProductDependency;
			package = E793FA9729AF885B000B0B15 /* XCRemoteSwiftPackageReference "firebase-ios-sdk" */;
			productName = FirebaseFirestore;
		};
		E793FA9E29AF885B000B0B15 /* FirebaseStorage */ = {
			isa = XCSwiftPackageProductDependency;
			package = E793FA9729AF885B000B0B15 /* XCRemoteSwiftPackageReference "firebase-ios-sdk" */;
			productName = FirebaseStorage;
		};
		E7D48BBC29AE50E0008C6B41 /* Amadeus */ = {
			isa = XCSwiftPackageProductDependency;
			package = E7D48BBB29AE50DF008C6B41 /* XCRemoteSwiftPackageReference "amadeus-ios" */;
			productName = Amadeus;
		};
		E7D48BDB29AE5459008C6B41 /* Alamofire */ = {
			isa = XCSwiftPackageProductDependency;
			package = E7D48BDA29AE5459008C6B41 /* XCRemoteSwiftPackageReference "Alamofire" */;
			productName = Alamofire;
		};
/* End XCSwiftPackageProductDependency section */

/* Begin XCVersionGroup section */
		E7B3A18A29C20BA40047F02D /* MemberContainer.xcdatamodeld */ = {
			isa = XCVersionGroup;
			children = (
				E7B3A18B29C20BA40047F02D /* MemberContainer.xcdatamodel */,
			);
			currentVersion = E7B3A18B29C20BA40047F02D /* MemberContainer.xcdatamodel */;
			path = MemberContainer.xcdatamodeld;
			sourceTree = "<group>";
			versionGroupType = wrapper.xcdatamodel;
		};
/* End XCVersionGroup section */
	};
	rootObject = E72132F829ADABA30062D3FF /* Project object */;
}
