// !$*UTF8*$!
{
	archiveVersion = 1;
	classes = {
	};
	objectVersion = 56;
	objects = {

/* Begin PBXBuildFile section */
		E70F67D429B0ED350041B808 /* OfferCard.swift in Sources */ = {isa = PBXBuildFile; fileRef = E70F67D329B0ED350041B808 /* OfferCard.swift */; };
		E71B3D3129C3638D00AAB7C0 /* Shape1.swift in Sources */ = {isa = PBXBuildFile; fileRef = E71B3D3029C3638D00AAB7C0 /* Shape1.swift */; };
		E721330429ADABA30062D3FF /* AppStorageAppApp.swift in Sources */ = {isa = PBXBuildFile; fileRef = E721330329ADABA30062D3FF /* AppStorageAppApp.swift */; };
		E721330629ADABA30062D3FF /* ContentView.swift in Sources */ = {isa = PBXBuildFile; fileRef = E721330529ADABA30062D3FF /* ContentView.swift */; };
		E721330829ADABA40062D3FF /* Assets.xcassets in Resources */ = {isa = PBXBuildFile; fileRef = E721330729ADABA40062D3FF /* Assets.xcassets */; };
		E721330B29ADABA40062D3FF /* Preview Assets.xcassets in Resources */ = {isa = PBXBuildFile; fileRef = E721330A29ADABA40062D3FF /* Preview Assets.xcassets */; };
		E721331529ADABA40062D3FF /* AppStorageAppTests.swift in Sources */ = {isa = PBXBuildFile; fileRef = E721331429ADABA40062D3FF /* AppStorageAppTests.swift */; };
		E721331F29ADABA40062D3FF /* AppStorageAppUITests.swift in Sources */ = {isa = PBXBuildFile; fileRef = E721331E29ADABA40062D3FF /* AppStorageAppUITests.swift */; };
		E721332129ADABA40062D3FF /* AppStorageAppUITestsLaunchTests.swift in Sources */ = {isa = PBXBuildFile; fileRef = E721332029ADABA40062D3FF /* AppStorageAppUITestsLaunchTests.swift */; };
		E721332F29ADB5300062D3FF /* OnBoardingPageOne.swift in Sources */ = {isa = PBXBuildFile; fileRef = E721332E29ADB5300062D3FF /* OnBoardingPageOne.swift */; };
		E721333129ADB5440062D3FF /* YourWayView.swift in Sources */ = {isa = PBXBuildFile; fileRef = E721333029ADB5440062D3FF /* YourWayView.swift */; };
		E721333329ADB5520062D3FF /* RulesOfMyWay.swift in Sources */ = {isa = PBXBuildFile; fileRef = E721333229ADB5520062D3FF /* RulesOfMyWay.swift */; };
		E721333929ADE8B50062D3FF /* SplashView.swift in Sources */ = {isa = PBXBuildFile; fileRef = E721333829ADE8B50062D3FF /* SplashView.swift */; };
		E7321A2829B16D83003BA60D /* OfferCard2.swift in Sources */ = {isa = PBXBuildFile; fileRef = E7321A2729B16D83003BA60D /* OfferCard2.swift */; };
		E7321A2A29B17C70003BA60D /* GifImage.swift in Sources */ = {isa = PBXBuildFile; fileRef = E7321A2929B17C70003BA60D /* GifImage.swift */; };
		E732BE3829CC6FAB0067BFC2 /* .gitignore in Resources */ = {isa = PBXBuildFile; fileRef = E732BE3729CC6FAB0067BFC2 /* .gitignore */; };
		E732BE3A29CC6FFC0067BFC2 /* APIKeys.swift in Sources */ = {isa = PBXBuildFile; fileRef = E732BE3929CC6FFC0067BFC2 /* APIKeys.swift */; };
		E732BE4129CD3E6C0067BFC2 /* HeaderLetter.swift in Sources */ = {isa = PBXBuildFile; fileRef = E732BE4029CD3E6C0067BFC2 /* HeaderLetter.swift */; };
		E732BE4329CD3E9D0067BFC2 /* HeaderSubRow.swift in Sources */ = {isa = PBXBuildFile; fileRef = E732BE4229CD3E9D0067BFC2 /* HeaderSubRow.swift */; };
		E732BE4529CD3ECC0067BFC2 /* FooterRow.swift in Sources */ = {isa = PBXBuildFile; fileRef = E732BE4429CD3ECC0067BFC2 /* FooterRow.swift */; };
		E732BE4729CD3F4D0067BFC2 /* MyFlightSearchView.swift in Sources */ = {isa = PBXBuildFile; fileRef = E732BE4629CD3F4D0067BFC2 /* MyFlightSearchView.swift */; };
		E732BE4929CD3F7F0067BFC2 /* TicketView.swift in Sources */ = {isa = PBXBuildFile; fileRef = E732BE4829CD3F7F0067BFC2 /* TicketView.swift */; };
		E732BE4B29CD400F0067BFC2 /* BookingModel.swift in Sources */ = {isa = PBXBuildFile; fileRef = E732BE4A29CD400F0067BFC2 /* BookingModel.swift */; };
		E74092DB29C6C2BB005104CF /* JobDetailView.swift in Sources */ = {isa = PBXBuildFile; fileRef = E74092DA29C6C2BB005104CF /* JobDetailView.swift */; };
		E74092DD29C6C963005104CF /* BookingRow.swift in Sources */ = {isa = PBXBuildFile; fileRef = E74092DC29C6C963005104CF /* BookingRow.swift */; };
		E74092DF29C6C9AB005104CF /* ImageSelectionView.swift in Sources */ = {isa = PBXBuildFile; fileRef = E74092DE29C6C9AB005104CF /* ImageSelectionView.swift */; };
		E74092E129C6CA19005104CF /* Checkbox.swift in Sources */ = {isa = PBXBuildFile; fileRef = E74092E029C6CA19005104CF /* Checkbox.swift */; };
		E74092E329C6CA99005104CF /* Seat.swift in Sources */ = {isa = PBXBuildFile; fileRef = E74092E229C6CA99005104CF /* Seat.swift */; };
		E74C7B5C29BA711500993EFC /* MultiBookingView.swift in Sources */ = {isa = PBXBuildFile; fileRef = E74C7B5B29BA711500993EFC /* MultiBookingView.swift */; };
		E74C7B5E29BA716B00993EFC /* Flight.swift in Sources */ = {isa = PBXBuildFile; fileRef = E74C7B5D29BA716B00993EFC /* Flight.swift */; };
		E74C7B6029BA71B300993EFC /* CustomerFlightTicket.swift in Sources */ = {isa = PBXBuildFile; fileRef = E74C7B5F29BA71B300993EFC /* CustomerFlightTicket.swift */; };
		E74F202729D300A400AF9C40 /* TripTypeViewModel.swift in Sources */ = {isa = PBXBuildFile; fileRef = E74F202629D300A400AF9C40 /* TripTypeViewModel.swift */; };
		E74F202A29D3012900AF9C40 /* HotelListModel.swift in Sources */ = {isa = PBXBuildFile; fileRef = E74F202929D3012900AF9C40 /* HotelListModel.swift */; };
		E74F202D29D3017B00AF9C40 /* TripModel.swift in Sources */ = {isa = PBXBuildFile; fileRef = E74F202C29D3017B00AF9C40 /* TripModel.swift */; };
		E74F203029D301C600AF9C40 /* Constants.swift in Sources */ = {isa = PBXBuildFile; fileRef = E74F202F29D301C600AF9C40 /* Constants.swift */; };
		E74F203229D3020F00AF9C40 /* HotelTypeViewModel.swift in Sources */ = {isa = PBXBuildFile; fileRef = E74F203129D3020F00AF9C40 /* HotelTypeViewModel.swift */; };
		E74F203429D308A100AF9C40 /* HotelListView.swift in Sources */ = {isa = PBXBuildFile; fileRef = E74F203329D308A100AF9C40 /* HotelListView.swift */; };
		E74F203629D308FC00AF9C40 /* HotelButton.swift in Sources */ = {isa = PBXBuildFile; fileRef = E74F203529D308FC00AF9C40 /* HotelButton.swift */; };
		E74F203829D3092700AF9C40 /* Cart.swift in Sources */ = {isa = PBXBuildFile; fileRef = E74F203729D3092700AF9C40 /* Cart.swift */; };
		E74F203A29D3094900AF9C40 /* BookingHotelsItemRows.swift in Sources */ = {isa = PBXBuildFile; fileRef = E74F203929D3094900AF9C40 /* BookingHotelsItemRows.swift */; };
		E74F203C29D3096F00AF9C40 /* BookingHotelCartButton.swift in Sources */ = {isa = PBXBuildFile; fileRef = E74F203B29D3096F00AF9C40 /* BookingHotelCartButton.swift */; };
		E74F203F29D30A2300AF9C40 /* SearchBarView.swift in Sources */ = {isa = PBXBuildFile; fileRef = E74F203E29D30A2300AF9C40 /* SearchBarView.swift */; };
		E74F204129D30A3E00AF9C40 /* PayButtonView.swift in Sources */ = {isa = PBXBuildFile; fileRef = E74F204029D30A3E00AF9C40 /* PayButtonView.swift */; };
		E74F204329D30A6A00AF9C40 /* BookingItemRows.swift in Sources */ = {isa = PBXBuildFile; fileRef = E74F204229D30A6A00AF9C40 /* BookingItemRows.swift */; };
		E74F204529D30A9300AF9C40 /* BookingCartButton.swift in Sources */ = {isa = PBXBuildFile; fileRef = E74F204429D30A9300AF9C40 /* BookingCartButton.swift */; };
		E74F204729D30AB300AF9C40 /* PlanActivityTripView.swift in Sources */ = {isa = PBXBuildFile; fileRef = E74F204629D30AB300AF9C40 /* PlanActivityTripView.swift */; };
		E74F204929D30AD500AF9C40 /* DetailActivityView.swift in Sources */ = {isa = PBXBuildFile; fileRef = E74F204829D30AD500AF9C40 /* DetailActivityView.swift */; };
		E74F204B29D30AF400AF9C40 /* ActivityButton.swift in Sources */ = {isa = PBXBuildFile; fileRef = E74F204A29D30AF400AF9C40 /* ActivityButton.swift */; };
		E74F204E29D30B8E00AF9C40 /* BookingCartView.swift in Sources */ = {isa = PBXBuildFile; fileRef = E74F204D29D30B8E00AF9C40 /* BookingCartView.swift */; };
		E74F205029D30FCF00AF9C40 /* RoundViews.swift in Sources */ = {isa = PBXBuildFile; fileRef = E74F204F29D30FCF00AF9C40 /* RoundViews.swift */; };
		E74F205229D3100600AF9C40 /* CheckListView.swift in Sources */ = {isa = PBXBuildFile; fileRef = E74F205129D3100600AF9C40 /* CheckListView.swift */; };
		E75EF24429BA1D3700D61D02 /* HotelDetailRow1.swift in Sources */ = {isa = PBXBuildFile; fileRef = E75EF24329BA1D3700D61D02 /* HotelDetailRow1.swift */; };
		E75EF24629BA1E1100D61D02 /* Feedback.swift in Sources */ = {isa = PBXBuildFile; fileRef = E75EF24529BA1E1100D61D02 /* Feedback.swift */; };
		E772A46D29B032C5005C01B6 /* MenuButtonRow.swift in Sources */ = {isa = PBXBuildFile; fileRef = E772A46C29B032C5005C01B6 /* MenuButtonRow.swift */; };
		E7762B0329CDB8CA00096633 /* MemberDataSheet.swift in Sources */ = {isa = PBXBuildFile; fileRef = E7762B0229CDB8CA00096633 /* MemberDataSheet.swift */; };
		E780AD2629C887EE005BAB8A /* BookingViewModel.swift in Sources */ = {isa = PBXBuildFile; fileRef = E780AD2529C887EE005BAB8A /* BookingViewModel.swift */; };
		E780AD2829C88B12005BAB8A /* DetailView.swift in Sources */ = {isa = PBXBuildFile; fileRef = E780AD2729C88B12005BAB8A /* DetailView.swift */; };
		E785BB8D29C7B3E200C74F82 /* ImagePicker.swift in Sources */ = {isa = PBXBuildFile; fileRef = E785BB8C29C7B3E100C74F82 /* ImagePicker.swift */; };
		E7863AA529B2388C004B991F /* HotelDetailView.swift in Sources */ = {isa = PBXBuildFile; fileRef = E7863AA429B2388C004B991F /* HotelDetailView.swift */; };
		E7863AA729B238F6004B991F /* LandMark.swift in Sources */ = {isa = PBXBuildFile; fileRef = E7863AA629B238F6004B991F /* LandMark.swift */; };
		E793FA9529AF8723000B0B15 /* GoogleService-Info.plist in Resources */ = {isa = PBXBuildFile; fileRef = E793FA9429AF8723000B0B15 /* GoogleService-Info.plist */; };
		E793FA9929AF885B000B0B15 /* FirebaseAuth in Frameworks */ = {isa = PBXBuildFile; productRef = E793FA9829AF885B000B0B15 /* FirebaseAuth */; };
		E793FA9B29AF885B000B0B15 /* FirebaseDatabase in Frameworks */ = {isa = PBXBuildFile; productRef = E793FA9A29AF885B000B0B15 /* FirebaseDatabase */; };
		E793FA9D29AF885B000B0B15 /* FirebaseFirestore in Frameworks */ = {isa = PBXBuildFile; productRef = E793FA9C29AF885B000B0B15 /* FirebaseFirestore */; };
		E793FA9F29AF885B000B0B15 /* FirebaseStorage in Frameworks */ = {isa = PBXBuildFile; productRef = E793FA9E29AF885B000B0B15 /* FirebaseStorage */; };
		E7B3A18929C20B6A0047F02D /* MemberDataViewModel.swift in Sources */ = {isa = PBXBuildFile; fileRef = E7B3A18829C20B6A0047F02D /* MemberDataViewModel.swift */; };
		E7B3A18C29C20BA40047F02D /* MemberContainer.xcdatamodeld in Sources */ = {isa = PBXBuildFile; fileRef = E7B3A18A29C20BA40047F02D /* MemberContainer.xcdatamodeld */; };
		E7D48B8029ADEECB008C6B41 /* LoginView.swift in Sources */ = {isa = PBXBuildFile; fileRef = E7D48B7F29ADEECB008C6B41 /* LoginView.swift */; };
		E7D48B8929AE2A51008C6B41 /* Home.swift in Sources */ = {isa = PBXBuildFile; fileRef = E7D48B8829AE2A51008C6B41 /* Home.swift */; };
		E7D48B8C29AE2EDB008C6B41 /* AuthService.swift in Sources */ = {isa = PBXBuildFile; fileRef = E7D48B8B29AE2EDB008C6B41 /* AuthService.swift */; };
		E7D48BBD29AE50E0008C6B41 /* Amadeus in Frameworks */ = {isa = PBXBuildFile; productRef = E7D48BBC29AE50E0008C6B41 /* Amadeus */; };
		E7D48BC029AE5114008C6B41 /* FlightSearchViewModel.swift in Sources */ = {isa = PBXBuildFile; fileRef = E7D48BBF29AE5114008C6B41 /* FlightSearchViewModel.swift */; };
		E7D48BCF29AE5353008C6B41 /* JobListViewModel.swift in Sources */ = {isa = PBXBuildFile; fileRef = E7D48BCE29AE5353008C6B41 /* JobListViewModel.swift */; };
		E7D48BD229AE538F008C6B41 /* Model.swift in Sources */ = {isa = PBXBuildFile; fileRef = E7D48BD129AE538F008C6B41 /* Model.swift */; };
		E7D48BD429AE53AB008C6B41 /* JobModel.swift in Sources */ = {isa = PBXBuildFile; fileRef = E7D48BD329AE53AB008C6B41 /* JobModel.swift */; };
		E7D48BD629AE53C4008C6B41 /* ModelData.swift in Sources */ = {isa = PBXBuildFile; fileRef = E7D48BD529AE53C4008C6B41 /* ModelData.swift */; };
		E7D48BD929AE5426008C6B41 /* HotelView.swift in Sources */ = {isa = PBXBuildFile; fileRef = E7D48BD829AE5426008C6B41 /* HotelView.swift */; };
		E7D48BDC29AE5459008C6B41 /* Alamofire in Frameworks */ = {isa = PBXBuildFile; productRef = E7D48BDB29AE5459008C6B41 /* Alamofire */; };
		E7F47BE929AEC1FB000D9CA4 /* ReiseAuswahlViewModel.swift in Sources */ = {isa = PBXBuildFile; fileRef = E7F47BE829AEC1FB000D9CA4 /* ReiseAuswahlViewModel.swift */; };
		E7F47BEB29AEC249000D9CA4 /* ReiseAuswahlModel.swift in Sources */ = {isa = PBXBuildFile; fileRef = E7F47BEA29AEC249000D9CA4 /* ReiseAuswahlModel.swift */; };
		E7F47BF529AED238000D9CA4 /* HomeRow.swift in Sources */ = {isa = PBXBuildFile; fileRef = E7F47BF429AED238000D9CA4 /* HomeRow.swift */; };
		E7F47BF729AED439000D9CA4 /* PlaneRow.swift in Sources */ = {isa = PBXBuildFile; fileRef = E7F47BF629AED439000D9CA4 /* PlaneRow.swift */; };
		E7F47BF929AED49C000D9CA4 /* JobRow.swift in Sources */ = {isa = PBXBuildFile; fileRef = E7F47BF829AED49C000D9CA4 /* JobRow.swift */; };
		E7F47BFB29AED4E6000D9CA4 /* CreateProfilView.swift in Sources */ = {isa = PBXBuildFile; fileRef = E7F47BFA29AED4E6000D9CA4 /* CreateProfilView.swift */; };
/* End PBXBuildFile section */

/* Begin PBXContainerItemProxy section */
		E721331129ADABA40062D3FF /* PBXContainerItemProxy */ = {
			isa = PBXContainerItemProxy;
			containerPortal = E72132F829ADABA30062D3FF /* Project object */;
			proxyType = 1;
			remoteGlobalIDString = E72132FF29ADABA30062D3FF;
			remoteInfo = AppStorageApp;
		};
		E721331B29ADABA40062D3FF /* PBXContainerItemProxy */ = {
			isa = PBXContainerItemProxy;
			containerPortal = E72132F829ADABA30062D3FF /* Project object */;
			proxyType = 1;
			remoteGlobalIDString = E72132FF29ADABA30062D3FF;
			remoteInfo = AppStorageApp;
		};
/* End PBXContainerItemProxy section */

/* Begin PBXFileReference section */
		E70F67D329B0ED350041B808 /* OfferCard.swift */ = {isa = PBXFileReference; lastKnownFileType = sourcecode.swift; path = OfferCard.swift; sourceTree = "<group>"; };
		E71B3D3029C3638D00AAB7C0 /* Shape1.swift */ = {isa = PBXFileReference; lastKnownFileType = sourcecode.swift; path = Shape1.swift; sourceTree = "<group>"; };
		E721330029ADABA30062D3FF /* AppStorageApp.app */ = {isa = PBXFileReference; explicitFileType = wrapper.application; includeInIndex = 0; path = AppStorageApp.app; sourceTree = BUILT_PRODUCTS_DIR; };
		E721330329ADABA30062D3FF /* AppStorageAppApp.swift */ = {isa = PBXFileReference; lastKnownFileType = sourcecode.swift; path = AppStorageAppApp.swift; sourceTree = "<group>"; };
		E721330529ADABA30062D3FF /* ContentView.swift */ = {isa = PBXFileReference; lastKnownFileType = sourcecode.swift; path = ContentView.swift; sourceTree = "<group>"; };
		E721330729ADABA40062D3FF /* Assets.xcassets */ = {isa = PBXFileReference; lastKnownFileType = folder.assetcatalog; path = Assets.xcassets; sourceTree = "<group>"; };
		E721330A29ADABA40062D3FF /* Preview Assets.xcassets */ = {isa = PBXFileReference; lastKnownFileType = folder.assetcatalog; path = "Preview Assets.xcassets"; sourceTree = "<group>"; };
		E721331029ADABA40062D3FF /* AppStorageAppTests.xctest */ = {isa = PBXFileReference; explicitFileType = wrapper.cfbundle; includeInIndex = 0; path = AppStorageAppTests.xctest; sourceTree = BUILT_PRODUCTS_DIR; };
		E721331429ADABA40062D3FF /* AppStorageAppTests.swift */ = {isa = PBXFileReference; lastKnownFileType = sourcecode.swift; path = AppStorageAppTests.swift; sourceTree = "<group>"; };
		E721331A29ADABA40062D3FF /* AppStorageAppUITests.xctest */ = {isa = PBXFileReference; explicitFileType = wrapper.cfbundle; includeInIndex = 0; path = AppStorageAppUITests.xctest; sourceTree = BUILT_PRODUCTS_DIR; };
		E721331E29ADABA40062D3FF /* AppStorageAppUITests.swift */ = {isa = PBXFileReference; lastKnownFileType = sourcecode.swift; path = AppStorageAppUITests.swift; sourceTree = "<group>"; };
		E721332029ADABA40062D3FF /* AppStorageAppUITestsLaunchTests.swift */ = {isa = PBXFileReference; lastKnownFileType = sourcecode.swift; path = AppStorageAppUITestsLaunchTests.swift; sourceTree = "<group>"; };
		E721332E29ADB5300062D3FF /* OnBoardingPageOne.swift */ = {isa = PBXFileReference; lastKnownFileType = sourcecode.swift; path = OnBoardingPageOne.swift; sourceTree = "<group>"; };
		E721333029ADB5440062D3FF /* YourWayView.swift */ = {isa = PBXFileReference; lastKnownFileType = sourcecode.swift; path = YourWayView.swift; sourceTree = "<group>"; };
		E721333229ADB5520062D3FF /* RulesOfMyWay.swift */ = {isa = PBXFileReference; lastKnownFileType = sourcecode.swift; path = RulesOfMyWay.swift; sourceTree = "<group>"; };
		E721333829ADE8B50062D3FF /* SplashView.swift */ = {isa = PBXFileReference; lastKnownFileType = sourcecode.swift; path = SplashView.swift; sourceTree = "<group>"; };
		E7321A2729B16D83003BA60D /* OfferCard2.swift */ = {isa = PBXFileReference; lastKnownFileType = sourcecode.swift; path = OfferCard2.swift; sourceTree = "<group>"; };
		E7321A2929B17C70003BA60D /* GifImage.swift */ = {isa = PBXFileReference; lastKnownFileType = sourcecode.swift; path = GifImage.swift; sourceTree = "<group>"; };
		E732BE3729CC6FAB0067BFC2 /* .gitignore */ = {isa = PBXFileReference; lastKnownFileType = text; path = .gitignore; sourceTree = "<group>"; };
		E732BE3929CC6FFC0067BFC2 /* APIKeys.swift */ = {isa = PBXFileReference; lastKnownFileType = sourcecode.swift; path = APIKeys.swift; sourceTree = "<group>"; };
		E732BE4029CD3E6C0067BFC2 /* HeaderLetter.swift */ = {isa = PBXFileReference; lastKnownFileType = sourcecode.swift; path = HeaderLetter.swift; sourceTree = "<group>"; };
		E732BE4229CD3E9D0067BFC2 /* HeaderSubRow.swift */ = {isa = PBXFileReference; lastKnownFileType = sourcecode.swift; path = HeaderSubRow.swift; sourceTree = "<group>"; };
		E732BE4429CD3ECC0067BFC2 /* FooterRow.swift */ = {isa = PBXFileReference; lastKnownFileType = sourcecode.swift; path = FooterRow.swift; sourceTree = "<group>"; };
		E732BE4629CD3F4D0067BFC2 /* MyFlightSearchView.swift */ = {isa = PBXFileReference; lastKnownFileType = sourcecode.swift; path = MyFlightSearchView.swift; sourceTree = "<group>"; };
		E732BE4829CD3F7F0067BFC2 /* TicketView.swift */ = {isa = PBXFileReference; lastKnownFileType = sourcecode.swift; path = TicketView.swift; sourceTree = "<group>"; };
		E732BE4A29CD400F0067BFC2 /* BookingModel.swift */ = {isa = PBXFileReference; lastKnownFileType = sourcecode.swift; path = BookingModel.swift; sourceTree = "<group>"; };
		E74092DA29C6C2BB005104CF /* JobDetailView.swift */ = {isa = PBXFileReference; lastKnownFileType = sourcecode.swift; path = JobDetailView.swift; sourceTree = "<group>"; };
		E74092DC29C6C963005104CF /* BookingRow.swift */ = {isa = PBXFileReference; lastKnownFileType = sourcecode.swift; path = BookingRow.swift; sourceTree = "<group>"; };
		E74092DE29C6C9AB005104CF /* ImageSelectionView.swift */ = {isa = PBXFileReference; lastKnownFileType = sourcecode.swift; path = ImageSelectionView.swift; sourceTree = "<group>"; };
		E74092E029C6CA19005104CF /* Checkbox.swift */ = {isa = PBXFileReference; lastKnownFileType = sourcecode.swift; path = Checkbox.swift; sourceTree = "<group>"; };
		E74092E229C6CA99005104CF /* Seat.swift */ = {isa = PBXFileReference; lastKnownFileType = sourcecode.swift; path = Seat.swift; sourceTree = "<group>"; };
		E74C7B5B29BA711500993EFC /* MultiBookingView.swift */ = {isa = PBXFileReference; lastKnownFileType = sourcecode.swift; path = MultiBookingView.swift; sourceTree = "<group>"; };
		E74C7B5D29BA716B00993EFC /* Flight.swift */ = {isa = PBXFileReference; lastKnownFileType = sourcecode.swift; path = Flight.swift; sourceTree = "<group>"; };
		E74C7B5F29BA71B300993EFC /* CustomerFlightTicket.swift */ = {isa = PBXFileReference; lastKnownFileType = sourcecode.swift; path = CustomerFlightTicket.swift; sourceTree = "<group>"; };
		E74F202629D300A400AF9C40 /* TripTypeViewModel.swift */ = {isa = PBXFileReference; lastKnownFileType = sourcecode.swift; path = TripTypeViewModel.swift; sourceTree = "<group>"; };
		E74F202929D3012900AF9C40 /* HotelListModel.swift */ = {isa = PBXFileReference; lastKnownFileType = sourcecode.swift; path = HotelListModel.swift; sourceTree = "<group>"; };
		E74F202C29D3017B00AF9C40 /* TripModel.swift */ = {isa = PBXFileReference; lastKnownFileType = sourcecode.swift; path = TripModel.swift; sourceTree = "<group>"; };
		E74F202F29D301C600AF9C40 /* Constants.swift */ = {isa = PBXFileReference; lastKnownFileType = sourcecode.swift; path = Constants.swift; sourceTree = "<group>"; };
		E74F203129D3020F00AF9C40 /* HotelTypeViewModel.swift */ = {isa = PBXFileReference; lastKnownFileType = sourcecode.swift; path = HotelTypeViewModel.swift; sourceTree = "<group>"; };
		E74F203329D308A100AF9C40 /* HotelListView.swift */ = {isa = PBXFileReference; lastKnownFileType = sourcecode.swift; path = HotelListView.swift; sourceTree = "<group>"; };
		E74F203529D308FC00AF9C40 /* HotelButton.swift */ = {isa = PBXFileReference; lastKnownFileType = sourcecode.swift; path = HotelButton.swift; sourceTree = "<group>"; };
		E74F203729D3092700AF9C40 /* Cart.swift */ = {isa = PBXFileReference; lastKnownFileType = sourcecode.swift; path = Cart.swift; sourceTree = "<group>"; };
		E74F203929D3094900AF9C40 /* BookingHotelsItemRows.swift */ = {isa = PBXFileReference; lastKnownFileType = sourcecode.swift; path = BookingHotelsItemRows.swift; sourceTree = "<group>"; };
		E74F203B29D3096F00AF9C40 /* BookingHotelCartButton.swift */ = {isa = PBXFileReference; lastKnownFileType = sourcecode.swift; path = BookingHotelCartButton.swift; sourceTree = "<group>"; };
		E74F203E29D30A2300AF9C40 /* SearchBarView.swift */ = {isa = PBXFileReference; lastKnownFileType = sourcecode.swift; path = SearchBarView.swift; sourceTree = "<group>"; };
		E74F204029D30A3E00AF9C40 /* PayButtonView.swift */ = {isa = PBXFileReference; lastKnownFileType = sourcecode.swift; path = PayButtonView.swift; sourceTree = "<group>"; };
		E74F204229D30A6A00AF9C40 /* BookingItemRows.swift */ = {isa = PBXFileReference; lastKnownFileType = sourcecode.swift; path = BookingItemRows.swift; sourceTree = "<group>"; };
		E74F204429D30A9300AF9C40 /* BookingCartButton.swift */ = {isa = PBXFileReference; lastKnownFileType = sourcecode.swift; path = BookingCartButton.swift; sourceTree = "<group>"; };
		E74F204629D30AB300AF9C40 /* PlanActivityTripView.swift */ = {isa = PBXFileReference; lastKnownFileType = sourcecode.swift; path = PlanActivityTripView.swift; sourceTree = "<group>"; };
		E74F204829D30AD500AF9C40 /* DetailActivityView.swift */ = {isa = PBXFileReference; lastKnownFileType = sourcecode.swift; path = DetailActivityView.swift; sourceTree = "<group>"; };
		E74F204A29D30AF400AF9C40 /* ActivityButton.swift */ = {isa = PBXFileReference; lastKnownFileType = sourcecode.swift; path = ActivityButton.swift; sourceTree = "<group>"; };
		E74F204D29D30B8E00AF9C40 /* BookingCartView.swift */ = {isa = PBXFileReference; lastKnownFileType = sourcecode.swift; path = BookingCartView.swift; sourceTree = "<group>"; };
		E74F204F29D30FCF00AF9C40 /* RoundViews.swift */ = {isa = PBXFileReference; lastKnownFileType = sourcecode.swift; path = RoundViews.swift; sourceTree = "<group>"; };
		E74F205129D3100600AF9C40 /* CheckListView.swift */ = {isa = PBXFileReference; lastKnownFileType = sourcecode.swift; path = CheckListView.swift; sourceTree = "<group>"; };
		E75EF24329BA1D3700D61D02 /* HotelDetailRow1.swift */ = {isa = PBXFileReference; lastKnownFileType = sourcecode.swift; path = HotelDetailRow1.swift; sourceTree = "<group>"; };
		E75EF24529BA1E1100D61D02 /* Feedback.swift */ = {isa = PBXFileReference; lastKnownFileType = sourcecode.swift; path = Feedback.swift; sourceTree = "<group>"; };
		E772A46C29B032C5005C01B6 /* MenuButtonRow.swift */ = {isa = PBXFileReference; lastKnownFileType = sourcecode.swift; path = MenuButtonRow.swift; sourceTree = "<group>"; };
		E7762B0229CDB8CA00096633 /* MemberDataSheet.swift */ = {isa = PBXFileReference; lastKnownFileType = sourcecode.swift; path = MemberDataSheet.swift; sourceTree = "<group>"; };
		E780AD2529C887EE005BAB8A /* BookingViewModel.swift */ = {isa = PBXFileReference; lastKnownFileType = sourcecode.swift; path = BookingViewModel.swift; sourceTree = "<group>"; };
		E780AD2729C88B12005BAB8A /* DetailView.swift */ = {isa = PBXFileReference; lastKnownFileType = sourcecode.swift; path = DetailView.swift; sourceTree = "<group>"; };
		E785BB8C29C7B3E100C74F82 /* ImagePicker.swift */ = {isa = PBXFileReference; lastKnownFileType = sourcecode.swift; path = ImagePicker.swift; sourceTree = "<group>"; };
		E7863AA429B2388C004B991F /* HotelDetailView.swift */ = {isa = PBXFileReference; lastKnownFileType = sourcecode.swift; path = HotelDetailView.swift; sourceTree = "<group>"; };
		E7863AA629B238F6004B991F /* LandMark.swift */ = {isa = PBXFileReference; lastKnownFileType = sourcecode.swift; path = LandMark.swift; sourceTree = "<group>"; };
		E793FA9429AF8723000B0B15 /* GoogleService-Info.plist */ = {isa = PBXFileReference; fileEncoding = 4; lastKnownFileType = text.plist.xml; name = "GoogleService-Info.plist"; path = "../../GoogleService-Info.plist"; sourceTree = "<group>"; };
		E7B3A18829C20B6A0047F02D /* MemberDataViewModel.swift */ = {isa = PBXFileReference; lastKnownFileType = sourcecode.swift; path = MemberDataViewModel.swift; sourceTree = "<group>"; };
		E7B3A18B29C20BA40047F02D /* MemberContainer.xcdatamodel */ = {isa = PBXFileReference; lastKnownFileType = wrapper.xcdatamodel; path = MemberContainer.xcdatamodel; sourceTree = "<group>"; };
		E7D48B7F29ADEECB008C6B41 /* LoginView.swift */ = {isa = PBXFileReference; lastKnownFileType = sourcecode.swift; path = LoginView.swift; sourceTree = "<group>"; };
		E7D48B8829AE2A51008C6B41 /* Home.swift */ = {isa = PBXFileReference; lastKnownFileType = sourcecode.swift; path = Home.swift; sourceTree = "<group>"; };
		E7D48B8B29AE2EDB008C6B41 /* AuthService.swift */ = {isa = PBXFileReference; lastKnownFileType = sourcecode.swift; path = AuthService.swift; sourceTree = "<group>"; };
		E7D48BBF29AE5114008C6B41 /* FlightSearchViewModel.swift */ = {isa = PBXFileReference; lastKnownFileType = sourcecode.swift; path = FlightSearchViewModel.swift; sourceTree = "<group>"; };
		E7D48BCE29AE5353008C6B41 /* JobListViewModel.swift */ = {isa = PBXFileReference; lastKnownFileType = sourcecode.swift; path = JobListViewModel.swift; sourceTree = "<group>"; };
		E7D48BD129AE538F008C6B41 /* Model.swift */ = {isa = PBXFileReference; lastKnownFileType = sourcecode.swift; path = Model.swift; sourceTree = "<group>"; };
		E7D48BD329AE53AB008C6B41 /* JobModel.swift */ = {isa = PBXFileReference; lastKnownFileType = sourcecode.swift; path = JobModel.swift; sourceTree = "<group>"; };
		E7D48BD529AE53C4008C6B41 /* ModelData.swift */ = {isa = PBXFileReference; lastKnownFileType = sourcecode.swift; path = ModelData.swift; sourceTree = "<group>"; };
		E7D48BD829AE5426008C6B41 /* HotelView.swift */ = {isa = PBXFileReference; lastKnownFileType = sourcecode.swift; path = HotelView.swift; sourceTree = "<group>"; };
		E7F47BE829AEC1FB000D9CA4 /* ReiseAuswahlViewModel.swift */ = {isa = PBXFileReference; lastKnownFileType = sourcecode.swift; path = ReiseAuswahlViewModel.swift; sourceTree = "<group>"; };
		E7F47BEA29AEC249000D9CA4 /* ReiseAuswahlModel.swift */ = {isa = PBXFileReference; lastKnownFileType = sourcecode.swift; path = ReiseAuswahlModel.swift; sourceTree = "<group>"; };
		E7F47BF429AED238000D9CA4 /* HomeRow.swift */ = {isa = PBXFileReference; lastKnownFileType = sourcecode.swift; path = HomeRow.swift; sourceTree = "<group>"; };
		E7F47BF629AED439000D9CA4 /* PlaneRow.swift */ = {isa = PBXFileReference; lastKnownFileType = sourcecode.swift; path = PlaneRow.swift; sourceTree = "<group>"; };
		E7F47BF829AED49C000D9CA4 /* JobRow.swift */ = {isa = PBXFileReference; lastKnownFileType = sourcecode.swift; path = JobRow.swift; sourceTree = "<group>"; };
		E7F47BFA29AED4E6000D9CA4 /* CreateProfilView.swift */ = {isa = PBXFileReference; lastKnownFileType = sourcecode.swift; path = CreateProfilView.swift; sourceTree = "<group>"; };
/* End PBXFileReference section */

/* Begin PBXFrameworksBuildPhase section */
		E72132FD29ADABA30062D3FF /* Frameworks */ = {
			isa = PBXFrameworksBuildPhase;
			buildActionMask = 2147483647;
			files = (
				E7D48BBD29AE50E0008C6B41 /* Amadeus in Frameworks */,
				E793FA9929AF885B000B0B15 /* FirebaseAuth in Frameworks */,
				E793FA9B29AF885B000B0B15 /* FirebaseDatabase in Frameworks */,
				E793FA9D29AF885B000B0B15 /* FirebaseFirestore in Frameworks */,
				E7D48BDC29AE5459008C6B41 /* Alamofire in Frameworks */,
				E793FA9F29AF885B000B0B15 /* FirebaseStorage in Frameworks */,
			);
			runOnlyForDeploymentPostprocessing = 0;
		};
		E721330D29ADABA40062D3FF /* Frameworks */ = {
			isa = PBXFrameworksBuildPhase;
			buildActionMask = 2147483647;
			files = (
			);
			runOnlyForDeploymentPostprocessing = 0;
		};
		E721331729ADABA40062D3FF /* Frameworks */ = {
			isa = PBXFrameworksBuildPhase;
			buildActionMask = 2147483647;
			files = (
			);
			runOnlyForDeploymentPostprocessing = 0;
		};
/* End PBXFrameworksBuildPhase section */

/* Begin PBXGroup section */
		E72132F729ADABA30062D3FF = {
			isa = PBXGroup;
			children = (
				E732BE3729CC6FAB0067BFC2 /* .gitignore */,
				E721330229ADABA30062D3FF /* AppStorageApp */,
				E721331329ADABA40062D3FF /* AppStorageAppTests */,
				E721331D29ADABA40062D3FF /* AppStorageAppUITests */,
				E721330129ADABA30062D3FF /* Products */,
			);
			sourceTree = "<group>";
		};
		E721330129ADABA30062D3FF /* Products */ = {
			isa = PBXGroup;
			children = (
				E721330029ADABA30062D3FF /* AppStorageApp.app */,
				E721331029ADABA40062D3FF /* AppStorageAppTests.xctest */,
				E721331A29ADABA40062D3FF /* AppStorageAppUITests.xctest */,
			);
			name = Products;
			sourceTree = "<group>";
		};
		E721330229ADABA30062D3FF /* AppStorageApp */ = {
			isa = PBXGroup;
			children = (
				E732BE3429CC6E410067BFC2 /* APIKeys */,
				E793FA9429AF8723000B0B15 /* GoogleService-Info.plist */,
				E793FA5829AF55F4000B0B15 /* Views */,
				E7D48BD729AE5417008C6B41 /* Hotels */,
				E7D48BD029AE5381008C6B41 /* Models */,
				E7D48BBE29AE50F6008C6B41 /* ViewModel */,
				E7D48B8A29AE2EC7008C6B41 /* AuthService */,
				E721330329ADABA30062D3FF /* AppStorageAppApp.swift */,
				E721330729ADABA40062D3FF /* Assets.xcassets */,
				E721330929ADABA40062D3FF /* Preview Content */,
				E7B3A18A29C20BA40047F02D /* MemberContainer.xcdatamodeld */,
			);
			path = AppStorageApp;
			sourceTree = "<group>";
		};
		E721330929ADABA40062D3FF /* Preview Content */ = {
			isa = PBXGroup;
			children = (
				E721330A29ADABA40062D3FF /* Preview Assets.xcassets */,
			);
			path = "Preview Content";
			sourceTree = "<group>";
		};
		E721331329ADABA40062D3FF /* AppStorageAppTests */ = {
			isa = PBXGroup;
			children = (
				E721331429ADABA40062D3FF /* AppStorageAppTests.swift */,
			);
			path = AppStorageAppTests;
			sourceTree = "<group>";
		};
		E721331D29ADABA40062D3FF /* AppStorageAppUITests */ = {
			isa = PBXGroup;
			children = (
				E721331E29ADABA40062D3FF /* AppStorageAppUITests.swift */,
				E721332029ADABA40062D3FF /* AppStorageAppUITestsLaunchTests.swift */,
			);
			path = AppStorageAppUITests;
			sourceTree = "<group>";
		};
		E721332D29ADB4FD0062D3FF /* OnBoarding */ = {
			isa = PBXGroup;
			children = (
				E721332E29ADB5300062D3FF /* OnBoardingPageOne.swift */,
			);
			path = OnBoarding;
			sourceTree = "<group>";
		};
		E721333729ADE8A30062D3FF /* Splash */ = {
			isa = PBXGroup;
			children = (
				E721333829ADE8B50062D3FF /* SplashView.swift */,
				E7321A2929B17C70003BA60D /* GifImage.swift */,
			);
			path = Splash;
			sourceTree = "<group>";
		};
		E732BE3429CC6E410067BFC2 /* APIKeys */ = {
			isa = PBXGroup;
			children = (
				E732BE3929CC6FFC0067BFC2 /* APIKeys.swift */,
			);
			path = APIKeys;
			sourceTree = "<group>";
		};
		E732BE3F29CD3E520067BFC2 /* Rows */ = {
			isa = PBXGroup;
			children = (
				E772A46C29B032C5005C01B6 /* MenuButtonRow.swift */,
				E7F47BF629AED439000D9CA4 /* PlaneRow.swift */,
				E732BE4029CD3E6C0067BFC2 /* HeaderLetter.swift */,
				E732BE4229CD3E9D0067BFC2 /* HeaderSubRow.swift */,
				E732BE4429CD3ECC0067BFC2 /* FooterRow.swift */,
			);
			path = Rows;
			sourceTree = "<group>";
		};
		E74C7B5A29BA70E300993EFC /* BookingCreator */ = {
			isa = PBXGroup;
			children = (
				E74C7B5B29BA711500993EFC /* MultiBookingView.swift */,
				E74092DC29C6C963005104CF /* BookingRow.swift */,
				E74092DE29C6C9AB005104CF /* ImageSelectionView.swift */,
				E74092E029C6CA19005104CF /* Checkbox.swift */,
			);
			path = BookingCreator;
			sourceTree = "<group>";
		};
		E74F202429D3006700AF9C40 /* TripType */ = {
			isa = PBXGroup;
			children = (
				E74F202629D300A400AF9C40 /* TripTypeViewModel.swift */,
			);
			path = TripType;
			sourceTree = "<group>";
		};
		E74F202529D3007500AF9C40 /* HotelType */ = {
			isa = PBXGroup;
			children = (
				E74F203129D3020F00AF9C40 /* HotelTypeViewModel.swift */,
			);
			path = HotelType;
			sourceTree = "<group>";
		};
		E74F202829D3010300AF9C40 /* HotelListModel */ = {
			isa = PBXGroup;
			children = (
				E74F202929D3012900AF9C40 /* HotelListModel.swift */,
			);
			path = HotelListModel;
			sourceTree = "<group>";
		};
		E74F202B29D3015D00AF9C40 /* TripModel */ = {
			isa = PBXGroup;
			children = (
				E74F202C29D3017B00AF9C40 /* TripModel.swift */,
			);
			path = TripModel;
			sourceTree = "<group>";
		};
		E74F202E29D301A800AF9C40 /* Constants */ = {
			isa = PBXGroup;
			children = (
				E74F202F29D301C600AF9C40 /* Constants.swift */,
			);
			path = Constants;
			sourceTree = "<group>";
		};
		E74F203D29D309F000AF9C40 /* EventActivitys */ = {
			isa = PBXGroup;
			children = (
				E74F203E29D30A2300AF9C40 /* SearchBarView.swift */,
				E74F204029D30A3E00AF9C40 /* PayButtonView.swift */,
				E74F204229D30A6A00AF9C40 /* BookingItemRows.swift */,
				E74F204429D30A9300AF9C40 /* BookingCartButton.swift */,
				E74F204629D30AB300AF9C40 /* PlanActivityTripView.swift */,
				E74F204829D30AD500AF9C40 /* DetailActivityView.swift */,
				E74F204A29D30AF400AF9C40 /* ActivityButton.swift */,
			);
			path = EventActivitys;
			sourceTree = "<group>";
		};
		E74F204C29D30B6900AF9C40 /* MyFinishHoliday */ = {
			isa = PBXGroup;
			children = (
				E74F204D29D30B8E00AF9C40 /* BookingCartView.swift */,
			);
			path = MyFinishHoliday;
			sourceTree = "<group>";
		};
		E7762B0129CDB8A700096633 /* MemberDataSheet */ = {
			isa = PBXGroup;
			children = (
				E7762B0229CDB8CA00096633 /* MemberDataSheet.swift */,
			);
			path = MemberDataSheet;
			sourceTree = "<group>";
		};
		E7762BED29D1B85200096633 /* AppStart */ = {
			isa = PBXGroup;
			children = (
				E721333729ADE8A30062D3FF /* Splash */,
			);
			path = AppStart;
			sourceTree = "<group>";
		};
		E7762BEE29D1B8C700096633 /* Authentifation */ = {
			isa = PBXGroup;
			children = (
				E7D48B7E29ADEEB8008C6B41 /* Anmelden */,
			);
			path = Authentifation;
			sourceTree = "<group>";
		};
		E7762BEF29D1B97500096633 /* NextStepAfterOnBoarding */ = {
			isa = PBXGroup;
			children = (
				E721333029ADB5440062D3FF /* YourWayView.swift */,
			);
			path = NextStepAfterOnBoarding;
			sourceTree = "<group>";
		};
		E7762BF029D1B9C000096633 /* TabBarDestinations */ = {
			isa = PBXGroup;
			children = (
				E74F203D29D309F000AF9C40 /* EventActivitys */,
				E7F47BF029AEC7A1000D9CA4 /* Profile */,
				E7D48BC329AE5286008C6B41 /* Jobs */,
				E7D48BB829AE50A1008C6B41 /* Plane */,
				E7D48B8729AE2A46008C6B41 /* Home */,
			);
			path = TabBarDestinations;
			sourceTree = "<group>";
		};
		E7762BF129D1BB0700096633 /* FlightSearch */ = {
			isa = PBXGroup;
			children = (
				E7D48BBF29AE5114008C6B41 /* FlightSearchViewModel.swift */,
			);
			path = FlightSearch;
			sourceTree = "<group>";
		};
		E7762BF229D1BB3900096633 /* JobSearch */ = {
			isa = PBXGroup;
			children = (
				E7D48BCE29AE5353008C6B41 /* JobListViewModel.swift */,
			);
			path = JobSearch;
			sourceTree = "<group>";
		};
		E7762BF329D1BB5B00096633 /* TravelBooking */ = {
			isa = PBXGroup;
			children = (
				E780AD2529C887EE005BAB8A /* BookingViewModel.swift */,
				E7F47BE829AEC1FB000D9CA4 /* ReiseAuswahlViewModel.swift */,
			);
			path = TravelBooking;
			sourceTree = "<group>";
		};
		E7762BF429D1BB8000096633 /* ProfilData */ = {
			isa = PBXGroup;
			children = (
				E7B3A18829C20B6A0047F02D /* MemberDataViewModel.swift */,
			);
			path = ProfilData;
			sourceTree = "<group>";
		};
		E793FA5829AF55F4000B0B15 /* Views */ = {
			isa = PBXGroup;
			children = (
				E74F204C29D30B6900AF9C40 /* MyFinishHoliday */,
				E721330529ADABA30062D3FF /* ContentView.swift */,
				E7762BEF29D1B97500096633 /* NextStepAfterOnBoarding */,
				E7762BEE29D1B8C700096633 /* Authentifation */,
				E7762BED29D1B85200096633 /* AppStart */,
				E721332D29ADB4FD0062D3FF /* OnBoarding */,
				E7762BF029D1B9C000096633 /* TabBarDestinations */,
				E74C7B5A29BA70E300993EFC /* BookingCreator */,
			);
			path = Views;
			sourceTree = "<group>";
		};
		E7D48B7E29ADEEB8008C6B41 /* Anmelden */ = {
			isa = PBXGroup;
			children = (
				E721333229ADB5520062D3FF /* RulesOfMyWay.swift */,
				E7D48B7F29ADEECB008C6B41 /* LoginView.swift */,
			);
			path = Anmelden;
			sourceTree = "<group>";
		};
		E7D48B8729AE2A46008C6B41 /* Home */ = {
			isa = PBXGroup;
			children = (
				E780AD2729C88B12005BAB8A /* DetailView.swift */,
				E7D48B8829AE2A51008C6B41 /* Home.swift */,
				E7F47BF329AED21A000D9CA4 /* HomeRow */,
				E71B3D3029C3638D00AAB7C0 /* Shape1.swift */,
			);
			path = Home;
			sourceTree = "<group>";
		};
		E7D48B8A29AE2EC7008C6B41 /* AuthService */ = {
			isa = PBXGroup;
			children = (
				E7D48B8B29AE2EDB008C6B41 /* AuthService.swift */,
			);
			path = AuthService;
			sourceTree = "<group>";
		};
		E7D48BB829AE50A1008C6B41 /* Plane */ = {
			isa = PBXGroup;
			children = (
				E732BE3F29CD3E520067BFC2 /* Rows */,
				E732BE4629CD3F4D0067BFC2 /* MyFlightSearchView.swift */,
				E732BE4829CD3F7F0067BFC2 /* TicketView.swift */,
			);
			path = Plane;
			sourceTree = "<group>";
		};
		E7D48BBE29AE50F6008C6B41 /* ViewModel */ = {
			isa = PBXGroup;
			children = (
				E74F202529D3007500AF9C40 /* HotelType */,
				E74F202429D3006700AF9C40 /* TripType */,
				E7762BF429D1BB8000096633 /* ProfilData */,
				E7762BF329D1BB5B00096633 /* TravelBooking */,
				E7762BF229D1BB3900096633 /* JobSearch */,
				E7762BF129D1BB0700096633 /* FlightSearch */,
			);
			path = ViewModel;
			sourceTree = "<group>";
		};
		E7D48BC329AE5286008C6B41 /* Jobs */ = {
			isa = PBXGroup;
			children = (
				E7F47BF829AED49C000D9CA4 /* JobRow.swift */,
				E74092DA29C6C2BB005104CF /* JobDetailView.swift */,
			);
			path = Jobs;
			sourceTree = "<group>";
		};
		E7D48BD029AE5381008C6B41 /* Models */ = {
			isa = PBXGroup;
			children = (
				E74F202E29D301A800AF9C40 /* Constants */,
				E74F202B29D3015D00AF9C40 /* TripModel */,
				E74F202829D3010300AF9C40 /* HotelListModel */,
				E785BB8C29C7B3E100C74F82 /* ImagePicker.swift */,
				E7D48BD129AE538F008C6B41 /* Model.swift */,
				E7D48BD329AE53AB008C6B41 /* JobModel.swift */,
				E7D48BD529AE53C4008C6B41 /* ModelData.swift */,
				E7F47BEA29AEC249000D9CA4 /* ReiseAuswahlModel.swift */,
				E7863AA629B238F6004B991F /* LandMark.swift */,
				E75EF24529BA1E1100D61D02 /* Feedback.swift */,
				E74C7B5D29BA716B00993EFC /* Flight.swift */,
				E74C7B5F29BA71B300993EFC /* CustomerFlightTicket.swift */,
				E74092E229C6CA99005104CF /* Seat.swift */,
				E732BE4A29CD400F0067BFC2 /* BookingModel.swift */,
			);
			path = Models;
			sourceTree = "<group>";
		};
		E7D48BD729AE5417008C6B41 /* Hotels */ = {
			isa = PBXGroup;
			children = (
				E7D48BD829AE5426008C6B41 /* HotelView.swift */,
				E70F67D329B0ED350041B808 /* OfferCard.swift */,
				E7321A2729B16D83003BA60D /* OfferCard2.swift */,
				E7863AA429B2388C004B991F /* HotelDetailView.swift */,
				E75EF24329BA1D3700D61D02 /* HotelDetailRow1.swift */,
				E74F203329D308A100AF9C40 /* HotelListView.swift */,
				E74F203529D308FC00AF9C40 /* HotelButton.swift */,
				E74F203729D3092700AF9C40 /* Cart.swift */,
				E74F203929D3094900AF9C40 /* BookingHotelsItemRows.swift */,
				E74F203B29D3096F00AF9C40 /* BookingHotelCartButton.swift */,
			);
			path = Hotels;
			sourceTree = "<group>";
		};
		E7F47BF029AEC7A1000D9CA4 /* Profile */ = {
			isa = PBXGroup;
			children = (
				E7762B0129CDB8A700096633 /* MemberDataSheet */,
				E7F47BFA29AED4E6000D9CA4 /* CreateProfilView.swift */,
			);
			path = Profile;
			sourceTree = "<group>";
		};
		E7F47BF329AED21A000D9CA4 /* HomeRow */ = {
			isa = PBXGroup;
			children = (
				E7F47BF429AED238000D9CA4 /* HomeRow.swift */,
				E74F204F29D30FCF00AF9C40 /* RoundViews.swift */,
				E74F205129D3100600AF9C40 /* CheckListView.swift */,
			);
			path = HomeRow;
			sourceTree = "<group>";
		};
/* End PBXGroup section */

/* Begin PBXNativeTarget section */
		E72132FF29ADABA30062D3FF /* AppStorageApp */ = {
			isa = PBXNativeTarget;
			buildConfigurationList = E721332429ADABA40062D3FF /* Build configuration list for PBXNativeTarget "AppStorageApp" */;
			buildPhases = (
				E72132FC29ADABA30062D3FF /* Sources */,
				E72132FD29ADABA30062D3FF /* Frameworks */,
				E72132FE29ADABA30062D3FF /* Resources */,
			);
			buildRules = (
			);
			dependencies = (
			);
			name = AppStorageApp;
			packageProductDependencies = (
				E7D48BBC29AE50E0008C6B41 /* Amadeus */,
				E7D48BDB29AE5459008C6B41 /* Alamofire */,
				E793FA9829AF885B000B0B15 /* FirebaseAuth */,
				E793FA9A29AF885B000B0B15 /* FirebaseDatabase */,
				E793FA9C29AF885B000B0B15 /* FirebaseFirestore */,
				E793FA9E29AF885B000B0B15 /* FirebaseStorage */,
			);
			productName = AppStorageApp;
			productReference = E721330029ADABA30062D3FF /* AppStorageApp.app */;
			productType = "com.apple.product-type.application";
		};
		E721330F29ADABA40062D3FF /* AppStorageAppTests */ = {
			isa = PBXNativeTarget;
			buildConfigurationList = E721332729ADABA40062D3FF /* Build configuration list for PBXNativeTarget "AppStorageAppTests" */;
			buildPhases = (
				E721330C29ADABA40062D3FF /* Sources */,
				E721330D29ADABA40062D3FF /* Frameworks */,
				E721330E29ADABA40062D3FF /* Resources */,
			);
			buildRules = (
			);
			dependencies = (
				E721331229ADABA40062D3FF /* PBXTargetDependency */,
			);
			name = AppStorageAppTests;
			productName = AppStorageAppTests;
			productReference = E721331029ADABA40062D3FF /* AppStorageAppTests.xctest */;
			productType = "com.apple.product-type.bundle.unit-test";
		};
		E721331929ADABA40062D3FF /* AppStorageAppUITests */ = {
			isa = PBXNativeTarget;
			buildConfigurationList = E721332A29ADABA40062D3FF /* Build configuration list for PBXNativeTarget "AppStorageAppUITests" */;
			buildPhases = (
				E721331629ADABA40062D3FF /* Sources */,
				E721331729ADABA40062D3FF /* Frameworks */,
				E721331829ADABA40062D3FF /* Resources */,
			);
			buildRules = (
			);
			dependencies = (
				E721331C29ADABA40062D3FF /* PBXTargetDependency */,
			);
			name = AppStorageAppUITests;
			productName = AppStorageAppUITests;
			productReference = E721331A29ADABA40062D3FF /* AppStorageAppUITests.xctest */;
			productType = "com.apple.product-type.bundle.ui-testing";
		};
/* End PBXNativeTarget section */

/* Begin PBXProject section */
		E72132F829ADABA30062D3FF /* Project object */ = {
			isa = PBXProject;
			attributes = {
				BuildIndependentTargetsInParallel = 1;
				LastSwiftUpdateCheck = 1420;
				LastUpgradeCheck = 1420;
				TargetAttributes = {
					E72132FF29ADABA30062D3FF = {
						CreatedOnToolsVersion = 14.2;
					};
					E721330F29ADABA40062D3FF = {
						CreatedOnToolsVersion = 14.2;
						TestTargetID = E72132FF29ADABA30062D3FF;
					};
					E721331929ADABA40062D3FF = {
						CreatedOnToolsVersion = 14.2;
						TestTargetID = E72132FF29ADABA30062D3FF;
					};
				};
			};
			buildConfigurationList = E72132FB29ADABA30062D3FF /* Build configuration list for PBXProject "AppStorageApp" */;
			compatibilityVersion = "Xcode 14.0";
			developmentRegion = en;
			hasScannedForEncodings = 0;
			knownRegions = (
				en,
				Base,
			);
			mainGroup = E72132F729ADABA30062D3FF;
			packageReferences = (
				E7D48BBB29AE50DF008C6B41 /* XCRemoteSwiftPackageReference "amadeus-ios" */,
				E7D48BDA29AE5459008C6B41 /* XCRemoteSwiftPackageReference "Alamofire" */,
				E793FA9729AF885B000B0B15 /* XCRemoteSwiftPackageReference "firebase-ios-sdk" */,
			);
			productRefGroup = E721330129ADABA30062D3FF /* Products */;
			projectDirPath = "";
			projectRoot = "";
			targets = (
				E72132FF29ADABA30062D3FF /* AppStorageApp */,
				E721330F29ADABA40062D3FF /* AppStorageAppTests */,
				E721331929ADABA40062D3FF /* AppStorageAppUITests */,
			);
		};
/* End PBXProject section */

/* Begin PBXResourcesBuildPhase section */
		E72132FE29ADABA30062D3FF /* Resources */ = {
			isa = PBXResourcesBuildPhase;
			buildActionMask = 2147483647;
			files = (
				E732BE3829CC6FAB0067BFC2 /* .gitignore in Resources */,
				E721330B29ADABA40062D3FF /* Preview Assets.xcassets in Resources */,
				E721330829ADABA40062D3FF /* Assets.xcassets in Resources */,
				E793FA9529AF8723000B0B15 /* GoogleService-Info.plist in Resources */,
			);
			runOnlyForDeploymentPostprocessing = 0;
		};
		E721330E29ADABA40062D3FF /* Resources */ = {
			isa = PBXResourcesBuildPhase;
			buildActionMask = 2147483647;
			files = (
			);
			runOnlyForDeploymentPostprocessing = 0;
		};
		E721331829ADABA40062D3FF /* Resources */ = {
			isa = PBXResourcesBuildPhase;
			buildActionMask = 2147483647;
			files = (
			);
			runOnlyForDeploymentPostprocessing = 0;
		};
/* End PBXResourcesBuildPhase section */

/* Begin PBXSourcesBuildPhase section */
		E72132FC29ADABA30062D3FF /* Sources */ = {
			isa = PBXSourcesBuildPhase;
			buildActionMask = 2147483647;
			files = (
				E721333129ADB5440062D3FF /* YourWayView.swift in Sources */,
				E785BB8D29C7B3E200C74F82 /* ImagePicker.swift in Sources */,
				E74F203C29D3096F00AF9C40 /* BookingHotelCartButton.swift in Sources */,
				E74F203A29D3094900AF9C40 /* BookingHotelsItemRows.swift in Sources */,
				E75EF24629BA1E1100D61D02 /* Feedback.swift in Sources */,
				E74092E329C6CA99005104CF /* Seat.swift in Sources */,
				E7B3A18929C20B6A0047F02D /* MemberDataViewModel.swift in Sources */,
				E74F203029D301C600AF9C40 /* Constants.swift in Sources */,
				E7D48BCF29AE5353008C6B41 /* JobListViewModel.swift in Sources */,
				E780AD2629C887EE005BAB8A /* BookingViewModel.swift in Sources */,
				E70F67D429B0ED350041B808 /* OfferCard.swift in Sources */,
				E7D48BD429AE53AB008C6B41 /* JobModel.swift in Sources */,
				E732BE4929CD3F7F0067BFC2 /* TicketView.swift in Sources */,
				E74F204529D30A9300AF9C40 /* BookingCartButton.swift in Sources */,
				E732BE4B29CD400F0067BFC2 /* BookingModel.swift in Sources */,
				E7B3A18C29C20BA40047F02D /* MemberContainer.xcdatamodeld in Sources */,
				E7762B0329CDB8CA00096633 /* MemberDataSheet.swift in Sources */,
				E7F47BF529AED238000D9CA4 /* HomeRow.swift in Sources */,
				E74F203629D308FC00AF9C40 /* HotelButton.swift in Sources */,
				E74F203229D3020F00AF9C40 /* HotelTypeViewModel.swift in Sources */,
				E74F204B29D30AF400AF9C40 /* ActivityButton.swift in Sources */,
				E721332F29ADB5300062D3FF /* OnBoardingPageOne.swift in Sources */,
				E772A46D29B032C5005C01B6 /* MenuButtonRow.swift in Sources */,
				E7863AA729B238F6004B991F /* LandMark.swift in Sources */,
				E74C7B6029BA71B300993EFC /* CustomerFlightTicket.swift in Sources */,
				E74F205229D3100600AF9C40 /* CheckListView.swift in Sources */,
				E7D48B8C29AE2EDB008C6B41 /* AuthService.swift in Sources */,
				E74092DB29C6C2BB005104CF /* JobDetailView.swift in Sources */,
				E74F204929D30AD500AF9C40 /* DetailActivityView.swift in Sources */,
				E74F202D29D3017B00AF9C40 /* TripModel.swift in Sources */,
				E780AD2829C88B12005BAB8A /* DetailView.swift in Sources */,
				E74F204E29D30B8E00AF9C40 /* BookingCartView.swift in Sources */,
				E74F204129D30A3E00AF9C40 /* PayButtonView.swift in Sources */,
				E74092DD29C6C963005104CF /* BookingRow.swift in Sources */,
				E71B3D3129C3638D00AAB7C0 /* Shape1.swift in Sources */,
				E7D48B8929AE2A51008C6B41 /* Home.swift in Sources */,
				E7D48BD629AE53C4008C6B41 /* ModelData.swift in Sources */,
				E732BE3A29CC6FFC0067BFC2 /* APIKeys.swift in Sources */,
				E721330629ADABA30062D3FF /* ContentView.swift in Sources */,
				E7863AA529B2388C004B991F /* HotelDetailView.swift in Sources */,
				E75EF24429BA1D3700D61D02 /* HotelDetailRow1.swift in Sources */,
				E74F204329D30A6A00AF9C40 /* BookingItemRows.swift in Sources */,
				E74F203F29D30A2300AF9C40 /* SearchBarView.swift in Sources */,
				E74F205029D30FCF00AF9C40 /* RoundViews.swift in Sources */,
				E74F203829D3092700AF9C40 /* Cart.swift in Sources */,
				E74C7B5E29BA716B00993EFC /* Flight.swift in Sources */,
				E721333329ADB5520062D3FF /* RulesOfMyWay.swift in Sources */,
				E74F202A29D3012900AF9C40 /* HotelListModel.swift in Sources */,
				E7F47BF729AED439000D9CA4 /* PlaneRow.swift in Sources */,
				E732BE4329CD3E9D0067BFC2 /* HeaderSubRow.swift in Sources */,
				E74092E129C6CA19005104CF /* Checkbox.swift in Sources */,
				E7D48BD229AE538F008C6B41 /* Model.swift in Sources */,
				E74092DF29C6C9AB005104CF /* ImageSelectionView.swift in Sources */,
				E732BE4529CD3ECC0067BFC2 /* FooterRow.swift in Sources */,
				E74F202729D300A400AF9C40 /* TripTypeViewModel.swift in Sources */,
				E74F204729D30AB300AF9C40 /* PlanActivityTripView.swift in Sources */,
				E732BE4129CD3E6C0067BFC2 /* HeaderLetter.swift in Sources */,
				E721330429ADABA30062D3FF /* AppStorageAppApp.swift in Sources */,
				E7F47BF929AED49C000D9CA4 /* JobRow.swift in Sources */,
				E7F47BE929AEC1FB000D9CA4 /* ReiseAuswahlViewModel.swift in Sources */,
				E7321A2A29B17C70003BA60D /* GifImage.swift in Sources */,
				E732BE4729CD3F4D0067BFC2 /* MyFlightSearchView.swift in Sources */,
				E7D48B8029ADEECB008C6B41 /* LoginView.swift in Sources */,
				E74C7B5C29BA711500993EFC /* MultiBookingView.swift in Sources */,
				E74F203429D308A100AF9C40 /* HotelListView.swift in Sources */,
				E7321A2829B16D83003BA60D /* OfferCard2.swift in Sources */,
				E7F47BFB29AED4E6000D9CA4 /* CreateProfilView.swift in Sources */,
				E721333929ADE8B50062D3FF /* SplashView.swift in Sources */,
				E7D48BD929AE5426008C6B41 /* HotelView.swift in Sources */,
				E7F47BEB29AEC249000D9CA4 /* ReiseAuswahlModel.swift in Sources */,
				E7D48BC029AE5114008C6B41 /* FlightSearchViewModel.swift in Sources */,
			);
			runOnlyForDeploymentPostprocessing = 0;
		};
		E721330C29ADABA40062D3FF /* Sources */ = {
			isa = PBXSourcesBuildPhase;
			buildActionMask = 2147483647;
			files = (
				E721331529ADABA40062D3FF /* AppStorageAppTests.swift in Sources */,
			);
			runOnlyForDeploymentPostprocessing = 0;
		};
		E721331629ADABA40062D3FF /* Sources */ = {
			isa = PBXSourcesBuildPhase;
			buildActionMask = 2147483647;
			files = (
				E721332129ADABA40062D3FF /* AppStorageAppUITestsLaunchTests.swift in Sources */,
				E721331F29ADABA40062D3FF /* AppStorageAppUITests.swift in Sources */,
			);
			runOnlyForDeploymentPostprocessing = 0;
		};
/* End PBXSourcesBuildPhase section */

/* Begin PBXTargetDependency section */
		E721331229ADABA40062D3FF /* PBXTargetDependency */ = {
			isa = PBXTargetDependency;
			target = E72132FF29ADABA30062D3FF /* AppStorageApp */;
			targetProxy = E721331129ADABA40062D3FF /* PBXContainerItemProxy */;
		};
		E721331C29ADABA40062D3FF /* PBXTargetDependency */ = {
			isa = PBXTargetDependency;
			target = E72132FF29ADABA30062D3FF /* AppStorageApp */;
			targetProxy = E721331B29ADABA40062D3FF /* PBXContainerItemProxy */;
		};
/* End PBXTargetDependency section */

/* Begin XCBuildConfiguration section */
		E721332229ADABA40062D3FF /* Debug */ = {
			isa = XCBuildConfiguration;
			buildSettings = {
				ALWAYS_SEARCH_USER_PATHS = NO;
				CLANG_ANALYZER_NONNULL = YES;
				CLANG_ANALYZER_NUMBER_OBJECT_CONVERSION = YES_AGGRESSIVE;
				CLANG_CXX_LANGUAGE_STANDARD = "gnu++20";
				CLANG_ENABLE_MODULES = YES;
				CLANG_ENABLE_OBJC_ARC = YES;
				CLANG_ENABLE_OBJC_WEAK = YES;
				CLANG_WARN_BLOCK_CAPTURE_AUTORELEASING = YES;
				CLANG_WARN_BOOL_CONVERSION = YES;
				CLANG_WARN_COMMA = YES;
				CLANG_WARN_CONSTANT_CONVERSION = YES;
				CLANG_WARN_DEPRECATED_OBJC_IMPLEMENTATIONS = YES;
				CLANG_WARN_DIRECT_OBJC_ISA_USAGE = YES_ERROR;
				CLANG_WARN_DOCUMENTATION_COMMENTS = YES;
				CLANG_WARN_EMPTY_BODY = YES;
				CLANG_WARN_ENUM_CONVERSION = YES;
				CLANG_WARN_INFINITE_RECURSION = YES;
				CLANG_WARN_INT_CONVERSION = YES;
				CLANG_WARN_NON_LITERAL_NULL_CONVERSION = YES;
				CLANG_WARN_OBJC_IMPLICIT_RETAIN_SELF = YES;
				CLANG_WARN_OBJC_LITERAL_CONVERSION = YES;
				CLANG_WARN_OBJC_ROOT_CLASS = YES_ERROR;
				CLANG_WARN_QUOTED_INCLUDE_IN_FRAMEWORK_HEADER = YES;
				CLANG_WARN_RANGE_LOOP_ANALYSIS = YES;
				CLANG_WARN_STRICT_PROTOTYPES = YES;
				CLANG_WARN_SUSPICIOUS_MOVE = YES;
				CLANG_WARN_UNGUARDED_AVAILABILITY = YES_AGGRESSIVE;
				CLANG_WARN_UNREACHABLE_CODE = YES;
				CLANG_WARN__DUPLICATE_METHOD_MATCH = YES;
				COPY_PHASE_STRIP = NO;
				DEBUG_INFORMATION_FORMAT = dwarf;
				ENABLE_STRICT_OBJC_MSGSEND = YES;
				ENABLE_TESTABILITY = YES;
				GCC_C_LANGUAGE_STANDARD = gnu11;
				GCC_DYNAMIC_NO_PIC = NO;
				GCC_NO_COMMON_BLOCKS = YES;
				GCC_OPTIMIZATION_LEVEL = 0;
				GCC_PREPROCESSOR_DEFINITIONS = (
					"DEBUG=1",
					"$(inherited)",
				);
				GCC_WARN_64_TO_32_BIT_CONVERSION = YES;
				GCC_WARN_ABOUT_RETURN_TYPE = YES_ERROR;
				GCC_WARN_UNDECLARED_SELECTOR = YES;
				GCC_WARN_UNINITIALIZED_AUTOS = YES_AGGRESSIVE;
				GCC_WARN_UNUSED_FUNCTION = YES;
				GCC_WARN_UNUSED_VARIABLE = YES;
				IPHONEOS_DEPLOYMENT_TARGET = 16.2;
				MTL_ENABLE_DEBUG_INFO = INCLUDE_SOURCE;
				MTL_FAST_MATH = YES;
				ONLY_ACTIVE_ARCH = YES;
				SDKROOT = iphoneos;
				SWIFT_ACTIVE_COMPILATION_CONDITIONS = DEBUG;
				SWIFT_OPTIMIZATION_LEVEL = "-Onone";
			};
			name = Debug;
		};
		E721332329ADABA40062D3FF /* Release */ = {
			isa = XCBuildConfiguration;
			buildSettings = {
				ALWAYS_SEARCH_USER_PATHS = NO;
				CLANG_ANALYZER_NONNULL = YES;
				CLANG_ANALYZER_NUMBER_OBJECT_CONVERSION = YES_AGGRESSIVE;
				CLANG_CXX_LANGUAGE_STANDARD = "gnu++20";
				CLANG_ENABLE_MODULES = YES;
				CLANG_ENABLE_OBJC_ARC = YES;
				CLANG_ENABLE_OBJC_WEAK = YES;
				CLANG_WARN_BLOCK_CAPTURE_AUTORELEASING = YES;
				CLANG_WARN_BOOL_CONVERSION = YES;
				CLANG_WARN_COMMA = YES;
				CLANG_WARN_CONSTANT_CONVERSION = YES;
				CLANG_WARN_DEPRECATED_OBJC_IMPLEMENTATIONS = YES;
				CLANG_WARN_DIRECT_OBJC_ISA_USAGE = YES_ERROR;
				CLANG_WARN_DOCUMENTATION_COMMENTS = YES;
				CLANG_WARN_EMPTY_BODY = YES;
				CLANG_WARN_ENUM_CONVERSION = YES;
				CLANG_WARN_INFINITE_RECURSION = YES;
				CLANG_WARN_INT_CONVERSION = YES;
				CLANG_WARN_NON_LITERAL_NULL_CONVERSION = YES;
				CLANG_WARN_OBJC_IMPLICIT_RETAIN_SELF = YES;
				CLANG_WARN_OBJC_LITERAL_CONVERSION = YES;
				CLANG_WARN_OBJC_ROOT_CLASS = YES_ERROR;
				CLANG_WARN_QUOTED_INCLUDE_IN_FRAMEWORK_HEADER = YES;
				CLANG_WARN_RANGE_LOOP_ANALYSIS = YES;
				CLANG_WARN_STRICT_PROTOTYPES = YES;
				CLANG_WARN_SUSPICIOUS_MOVE = YES;
				CLANG_WARN_UNGUARDED_AVAILABILITY = YES_AGGRESSIVE;
				CLANG_WARN_UNREACHABLE_CODE = YES;
				CLANG_WARN__DUPLICATE_METHOD_MATCH = YES;
				COPY_PHASE_STRIP = NO;
				DEBUG_INFORMATION_FORMAT = "dwarf-with-dsym";
				ENABLE_NS_ASSERTIONS = NO;
				ENABLE_STRICT_OBJC_MSGSEND = YES;
				GCC_C_LANGUAGE_STANDARD = gnu11;
				GCC_NO_COMMON_BLOCKS = YES;
				GCC_WARN_64_TO_32_BIT_CONVERSION = YES;
				GCC_WARN_ABOUT_RETURN_TYPE = YES_ERROR;
				GCC_WARN_UNDECLARED_SELECTOR = YES;
				GCC_WARN_UNINITIALIZED_AUTOS = YES_AGGRESSIVE;
				GCC_WARN_UNUSED_FUNCTION = YES;
				GCC_WARN_UNUSED_VARIABLE = YES;
				IPHONEOS_DEPLOYMENT_TARGET = 16.2;
				MTL_ENABLE_DEBUG_INFO = NO;
				MTL_FAST_MATH = YES;
				SDKROOT = iphoneos;
				SWIFT_COMPILATION_MODE = wholemodule;
				SWIFT_OPTIMIZATION_LEVEL = "-O";
				VALIDATE_PRODUCT = YES;
			};
			name = Release;
		};
		E721332529ADABA40062D3FF /* Debug */ = {
			isa = XCBuildConfiguration;
			buildSettings = {
				ASSETCATALOG_COMPILER_APPICON_NAME = AppIcon;
				ASSETCATALOG_COMPILER_GLOBAL_ACCENT_COLOR_NAME = AccentColor;
				CODE_SIGN_STYLE = Automatic;
				CURRENT_PROJECT_VERSION = 1;
				DEVELOPMENT_ASSET_PATHS = "\"AppStorageApp/Preview Content\"";
				ENABLE_PREVIEWS = YES;
				GENERATE_INFOPLIST_FILE = YES;
				INFOPLIST_KEY_UIApplicationSceneManifest_Generation = YES;
				INFOPLIST_KEY_UIApplicationSupportsIndirectInputEvents = YES;
				INFOPLIST_KEY_UILaunchScreen_Generation = YES;
				INFOPLIST_KEY_UISupportedInterfaceOrientations_iPad = "UIInterfaceOrientationPortrait UIInterfaceOrientationPortraitUpsideDown UIInterfaceOrientationLandscapeLeft UIInterfaceOrientationLandscapeRight";
				INFOPLIST_KEY_UISupportedInterfaceOrientations_iPhone = "UIInterfaceOrientationPortrait UIInterfaceOrientationLandscapeLeft UIInterfaceOrientationLandscapeRight";
				LD_RUNPATH_SEARCH_PATHS = (
					"$(inherited)",
					"@executable_path/Frameworks",
				);
				MARKETING_VERSION = 1.0;
				PRODUCT_BUNDLE_IDENTIFIER = com.My.MyDataApp.AppStorageApp;
				PRODUCT_NAME = "$(TARGET_NAME)";
				SWIFT_EMIT_LOC_STRINGS = YES;
				SWIFT_VERSION = 5.0;
				TARGETED_DEVICE_FAMILY = "1,2";
			};
			name = Debug;
		};
		E721332629ADABA40062D3FF /* Release */ = {
			isa = XCBuildConfiguration;
			buildSettings = {
				ASSETCATALOG_COMPILER_APPICON_NAME = AppIcon;
				ASSETCATALOG_COMPILER_GLOBAL_ACCENT_COLOR_NAME = AccentColor;
				CODE_SIGN_STYLE = Automatic;
				CURRENT_PROJECT_VERSION = 1;
				DEVELOPMENT_ASSET_PATHS = "\"AppStorageApp/Preview Content\"";
				ENABLE_PREVIEWS = YES;
				GENERATE_INFOPLIST_FILE = YES;
				INFOPLIST_KEY_UIApplicationSceneManifest_Generation = YES;
				INFOPLIST_KEY_UIApplicationSupportsIndirectInputEvents = YES;
				INFOPLIST_KEY_UILaunchScreen_Generation = YES;
				INFOPLIST_KEY_UISupportedInterfaceOrientations_iPad = "UIInterfaceOrientationPortrait UIInterfaceOrientationPortraitUpsideDown UIInterfaceOrientationLandscapeLeft UIInterfaceOrientationLandscapeRight";
				INFOPLIST_KEY_UISupportedInterfaceOrientations_iPhone = "UIInterfaceOrientationPortrait UIInterfaceOrientationLandscapeLeft UIInterfaceOrientationLandscapeRight";
				LD_RUNPATH_SEARCH_PATHS = (
					"$(inherited)",
					"@executable_path/Frameworks",
				);
				MARKETING_VERSION = 1.0;
				PRODUCT_BUNDLE_IDENTIFIER = com.My.MyDataApp.AppStorageApp;
				PRODUCT_NAME = "$(TARGET_NAME)";
				SWIFT_EMIT_LOC_STRINGS = YES;
				SWIFT_VERSION = 5.0;
				TARGETED_DEVICE_FAMILY = "1,2";
			};
			name = Release;
		};
		E721332829ADABA40062D3FF /* Debug */ = {
			isa = XCBuildConfiguration;
			buildSettings = {
				ALWAYS_EMBED_SWIFT_STANDARD_LIBRARIES = YES;
				BUNDLE_LOADER = "$(TEST_HOST)";
				CODE_SIGN_STYLE = Automatic;
				CURRENT_PROJECT_VERSION = 1;
				GENERATE_INFOPLIST_FILE = YES;
				IPHONEOS_DEPLOYMENT_TARGET = 16.2;
				MARKETING_VERSION = 1.0;
				PRODUCT_BUNDLE_IDENTIFIER = com.My.MyDataApp.AppStorageAppTests;
				PRODUCT_NAME = "$(TARGET_NAME)";
				SWIFT_EMIT_LOC_STRINGS = NO;
				SWIFT_VERSION = 5.0;
				TARGETED_DEVICE_FAMILY = "1,2";
				TEST_HOST = "$(BUILT_PRODUCTS_DIR)/AppStorageApp.app/$(BUNDLE_EXECUTABLE_FOLDER_PATH)/AppStorageApp";
			};
			name = Debug;
		};
		E721332929ADABA40062D3FF /* Release */ = {
			isa = XCBuildConfiguration;
			buildSettings = {
				ALWAYS_EMBED_SWIFT_STANDARD_LIBRARIES = YES;
				BUNDLE_LOADER = "$(TEST_HOST)";
				CODE_SIGN_STYLE = Automatic;
				CURRENT_PROJECT_VERSION = 1;
				GENERATE_INFOPLIST_FILE = YES;
				IPHONEOS_DEPLOYMENT_TARGET = 16.2;
				MARKETING_VERSION = 1.0;
				PRODUCT_BUNDLE_IDENTIFIER = com.My.MyDataApp.AppStorageAppTests;
				PRODUCT_NAME = "$(TARGET_NAME)";
				SWIFT_EMIT_LOC_STRINGS = NO;
				SWIFT_VERSION = 5.0;
				TARGETED_DEVICE_FAMILY = "1,2";
				TEST_HOST = "$(BUILT_PRODUCTS_DIR)/AppStorageApp.app/$(BUNDLE_EXECUTABLE_FOLDER_PATH)/AppStorageApp";
			};
			name = Release;
		};
		E721332B29ADABA40062D3FF /* Debug */ = {
			isa = XCBuildConfiguration;
			buildSettings = {
				ALWAYS_EMBED_SWIFT_STANDARD_LIBRARIES = YES;
				CODE_SIGN_STYLE = Automatic;
				CURRENT_PROJECT_VERSION = 1;
				GENERATE_INFOPLIST_FILE = YES;
				MARKETING_VERSION = 1.0;
				PRODUCT_BUNDLE_IDENTIFIER = com.My.MyDataApp.AppStorageAppUITests;
				PRODUCT_NAME = "$(TARGET_NAME)";
				SWIFT_EMIT_LOC_STRINGS = NO;
				SWIFT_VERSION = 5.0;
				TARGETED_DEVICE_FAMILY = "1,2";
				TEST_TARGET_NAME = AppStorageApp;
			};
			name = Debug;
		};
		E721332C29ADABA40062D3FF /* Release */ = {
			isa = XCBuildConfiguration;
			buildSettings = {
				ALWAYS_EMBED_SWIFT_STANDARD_LIBRARIES = YES;
				CODE_SIGN_STYLE = Automatic;
				CURRENT_PROJECT_VERSION = 1;
				GENERATE_INFOPLIST_FILE = YES;
				MARKETING_VERSION = 1.0;
				PRODUCT_BUNDLE_IDENTIFIER = com.My.MyDataApp.AppStorageAppUITests;
				PRODUCT_NAME = "$(TARGET_NAME)";
				SWIFT_EMIT_LOC_STRINGS = NO;
				SWIFT_VERSION = 5.0;
				TARGETED_DEVICE_FAMILY = "1,2";
				TEST_TARGET_NAME = AppStorageApp;
			};
			name = Release;
		};
/* End XCBuildConfiguration section */

/* Begin XCConfigurationList section */
		E72132FB29ADABA30062D3FF /* Build configuration list for PBXProject "AppStorageApp" */ = {
			isa = XCConfigurationList;
			buildConfigurations = (
				E721332229ADABA40062D3FF /* Debug */,
				E721332329ADABA40062D3FF /* Release */,
			);
			defaultConfigurationIsVisible = 0;
			defaultConfigurationName = Release;
		};
		E721332429ADABA40062D3FF /* Build configuration list for PBXNativeTarget "AppStorageApp" */ = {
			isa = XCConfigurationList;
			buildConfigurations = (
				E721332529ADABA40062D3FF /* Debug */,
				E721332629ADABA40062D3FF /* Release */,
			);
			defaultConfigurationIsVisible = 0;
			defaultConfigurationName = Release;
		};
		E721332729ADABA40062D3FF /* Build configuration list for PBXNativeTarget "AppStorageAppTests" */ = {
			isa = XCConfigurationList;
			buildConfigurations = (
				E721332829ADABA40062D3FF /* Debug */,
				E721332929ADABA40062D3FF /* Release */,
			);
			defaultConfigurationIsVisible = 0;
			defaultConfigurationName = Release;
		};
		E721332A29ADABA40062D3FF /* Build configuration list for PBXNativeTarget "AppStorageAppUITests" */ = {
			isa = XCConfigurationList;
			buildConfigurations = (
				E721332B29ADABA40062D3FF /* Debug */,
				E721332C29ADABA40062D3FF /* Release */,
			);
			defaultConfigurationIsVisible = 0;
			defaultConfigurationName = Release;
		};
/* End XCConfigurationList section */

/* Begin XCRemoteSwiftPackageReference section */
		E793FA9729AF885B000B0B15 /* XCRemoteSwiftPackageReference "firebase-ios-sdk" */ = {
			isa = XCRemoteSwiftPackageReference;
			repositoryURL = "https://github.com/firebase/firebase-ios-sdk.git";
			requirement = {
				kind = upToNextMajorVersion;
				minimumVersion = 9.0.0;
			};
		};
		E7D48BBB29AE50DF008C6B41 /* XCRemoteSwiftPackageReference "amadeus-ios" */ = {
			isa = XCRemoteSwiftPackageReference;
			repositoryURL = "https://github.com/amadeus4dev/amadeus-ios.git";
			requirement = {
				branch = master;
				kind = branch;
			};
		};
		E7D48BDA29AE5459008C6B41 /* XCRemoteSwiftPackageReference "Alamofire" */ = {
			isa = XCRemoteSwiftPackageReference;
			repositoryURL = "https://github.com/Alamofire/Alamofire.git";
			requirement = {
				branch = master;
				kind = branch;
			};
		};
/* End XCRemoteSwiftPackageReference section */

/* Begin XCSwiftPackageProductDependency section */
		E793FA9829AF885B000B0B15 /* FirebaseAuth */ = {
			isa = XCSwiftPackageProductDependency;
			package = E793FA9729AF885B000B0B15 /* XCRemoteSwiftPackageReference "firebase-ios-sdk" */;
			productName = FirebaseAuth;
		};
		E793FA9A29AF885B000B0B15 /* FirebaseDatabase */ = {
			isa = XCSwiftPackageProductDependency;
			package = E793FA9729AF885B000B0B15 /* XCRemoteSwiftPackageReference "firebase-ios-sdk" */;
			productName = FirebaseDatabase;
		};
		E793FA9C29AF885B000B0B15 /* FirebaseFirestore */ = {
			isa = XCSwiftPackageProductDependency;
			package = E793FA9729AF885B000B0B15 /* XCRemoteSwiftPackageReference "firebase-ios-sdk" */;
			productName = FirebaseFirestore;
		};
		E793FA9E29AF885B000B0B15 /* FirebaseStorage */ = {
			isa = XCSwiftPackageProductDependency;
			package = E793FA9729AF885B000B0B15 /* XCRemoteSwiftPackageReference "firebase-ios-sdk" */;
			productName = FirebaseStorage;
		};
		E7D48BBC29AE50E0008C6B41 /* Amadeus */ = {
			isa = XCSwiftPackageProductDependency;
			package = E7D48BBB29AE50DF008C6B41 /* XCRemoteSwiftPackageReference "amadeus-ios" */;
			productName = Amadeus;
		};
		E7D48BDB29AE5459008C6B41 /* Alamofire */ = {
			isa = XCSwiftPackageProductDependency;
			package = E7D48BDA29AE5459008C6B41 /* XCRemoteSwiftPackageReference "Alamofire" */;
			productName = Alamofire;
		};
/* End XCSwiftPackageProductDependency section */

/* Begin XCVersionGroup section */
		E7B3A18A29C20BA40047F02D /* MemberContainer.xcdatamodeld */ = {
			isa = XCVersionGroup;
			children = (
				E7B3A18B29C20BA40047F02D /* MemberContainer.xcdatamodel */,
			);
			currentVersion = E7B3A18B29C20BA40047F02D /* MemberContainer.xcdatamodel */;
			path = MemberContainer.xcdatamodeld;
			sourceTree = "<group>";
			versionGroupType = wrapper.xcdatamodel;
		};
/* End XCVersionGroup section */
	};
	rootObject = E72132F829ADABA30062D3FF /* Project object */;
}
