// !$*UTF8*$!
{
	archiveVersion = 1;
	classes = {
	};
	objectVersion = 56;
	objects = {

/* Begin PBXBuildFile section */
		E721330429ADABA30062D3FF /* AppStorageAppApp.swift in Sources */ = {isa = PBXBuildFile; fileRef = E721330329ADABA30062D3FF /* AppStorageAppApp.swift */; };
		E721330629ADABA30062D3FF /* ContentView.swift in Sources */ = {isa = PBXBuildFile; fileRef = E721330529ADABA30062D3FF /* ContentView.swift */; };
		E721330829ADABA40062D3FF /* Assets.xcassets in Resources */ = {isa = PBXBuildFile; fileRef = E721330729ADABA40062D3FF /* Assets.xcassets */; };
		E721330B29ADABA40062D3FF /* Preview Assets.xcassets in Resources */ = {isa = PBXBuildFile; fileRef = E721330A29ADABA40062D3FF /* Preview Assets.xcassets */; };
		E721331529ADABA40062D3FF /* AppStorageAppTests.swift in Sources */ = {isa = PBXBuildFile; fileRef = E721331429ADABA40062D3FF /* AppStorageAppTests.swift */; };
		E721331F29ADABA40062D3FF /* AppStorageAppUITests.swift in Sources */ = {isa = PBXBuildFile; fileRef = E721331E29ADABA40062D3FF /* AppStorageAppUITests.swift */; };
		E721332129ADABA40062D3FF /* AppStorageAppUITestsLaunchTests.swift in Sources */ = {isa = PBXBuildFile; fileRef = E721332029ADABA40062D3FF /* AppStorageAppUITestsLaunchTests.swift */; };
		E721332F29ADB5300062D3FF /* OnBoardingPageOne.swift in Sources */ = {isa = PBXBuildFile; fileRef = E721332E29ADB5300062D3FF /* OnBoardingPageOne.swift */; };
		E721333129ADB5440062D3FF /* MainView.swift in Sources */ = {isa = PBXBuildFile; fileRef = E721333029ADB5440062D3FF /* MainView.swift */; };
		E721333329ADB5520062D3FF /* MainAppView.swift in Sources */ = {isa = PBXBuildFile; fileRef = E721333229ADB5520062D3FF /* MainAppView.swift */; };
		E721333929ADE8B50062D3FF /* SplashView.swift in Sources */ = {isa = PBXBuildFile; fileRef = E721333829ADE8B50062D3FF /* SplashView.swift */; };
		E772A46B29AFF990005C01B6 /* FormField.swift in Sources */ = {isa = PBXBuildFile; fileRef = E772A46A29AFF990005C01B6 /* FormField.swift */; };
		E772A46D29B032C5005C01B6 /* PlaneCard.swift in Sources */ = {isa = PBXBuildFile; fileRef = E772A46C29B032C5005C01B6 /* PlaneCard.swift */; };
		E793FA9329AF8078000B0B15 /* InfoAlertView.swift in Sources */ = {isa = PBXBuildFile; fileRef = E793FA9229AF8078000B0B15 /* InfoAlertView.swift */; };
		E793FA9529AF8723000B0B15 /* GoogleService-Info.plist in Resources */ = {isa = PBXBuildFile; fileRef = E793FA9429AF8723000B0B15 /* GoogleService-Info.plist */; };
		E793FA9929AF885B000B0B15 /* FirebaseAuth in Frameworks */ = {isa = PBXBuildFile; productRef = E793FA9829AF885B000B0B15 /* FirebaseAuth */; };
		E793FA9B29AF885B000B0B15 /* FirebaseDatabase in Frameworks */ = {isa = PBXBuildFile; productRef = E793FA9A29AF885B000B0B15 /* FirebaseDatabase */; };
		E793FA9D29AF885B000B0B15 /* FirebaseFirestore in Frameworks */ = {isa = PBXBuildFile; productRef = E793FA9C29AF885B000B0B15 /* FirebaseFirestore */; };
		E793FA9F29AF885B000B0B15 /* FirebaseStorage in Frameworks */ = {isa = PBXBuildFile; productRef = E793FA9E29AF885B000B0B15 /* FirebaseStorage */; };
		E793FAA129AF8B86000B0B15 /* BasicAuthService.swift in Sources */ = {isa = PBXBuildFile; fileRef = E793FAA029AF8B86000B0B15 /* BasicAuthService.swift */; };
		E7D48B8029ADEECB008C6B41 /* LoginView.swift in Sources */ = {isa = PBXBuildFile; fileRef = E7D48B7F29ADEECB008C6B41 /* LoginView.swift */; };
		E7D48B8329AE1821008C6B41 /* RoundedButton.swift in Sources */ = {isa = PBXBuildFile; fileRef = E7D48B8229AE1821008C6B41 /* RoundedButton.swift */; };
		E7D48B8629AE2A06008C6B41 /* SignUp.swift in Sources */ = {isa = PBXBuildFile; fileRef = E7D48B8529AE2A06008C6B41 /* SignUp.swift */; };
		E7D48B8929AE2A51008C6B41 /* Home.swift in Sources */ = {isa = PBXBuildFile; fileRef = E7D48B8829AE2A51008C6B41 /* Home.swift */; };
		E7D48B8C29AE2EDB008C6B41 /* AuthService.swift in Sources */ = {isa = PBXBuildFile; fileRef = E7D48B8B29AE2EDB008C6B41 /* AuthService.swift */; };
		E7D48BBD29AE50E0008C6B41 /* Amadeus in Frameworks */ = {isa = PBXBuildFile; productRef = E7D48BBC29AE50E0008C6B41 /* Amadeus */; };
		E7D48BC029AE5114008C6B41 /* FlightSearchViewModel.swift in Sources */ = {isa = PBXBuildFile; fileRef = E7D48BBF29AE5114008C6B41 /* FlightSearchViewModel.swift */; };
		E7D48BC229AE523D008C6B41 /* ProfilView.swift in Sources */ = {isa = PBXBuildFile; fileRef = E7D48BC129AE523D008C6B41 /* ProfilView.swift */; };
		E7D48BC729AE52BC008C6B41 /* EmptyStateView.swift in Sources */ = {isa = PBXBuildFile; fileRef = E7D48BC629AE52BC008C6B41 /* EmptyStateView.swift */; };
		E7D48BC929AE52E9008C6B41 /* SearchBar.swift in Sources */ = {isa = PBXBuildFile; fileRef = E7D48BC829AE52E9008C6B41 /* SearchBar.swift */; };
		E7D48BCB29AE530A008C6B41 /* JobView2.swift in Sources */ = {isa = PBXBuildFile; fileRef = E7D48BCA29AE530A008C6B41 /* JobView2.swift */; };
		E7D48BCD29AE5329008C6B41 /* JobDetailView.swift in Sources */ = {isa = PBXBuildFile; fileRef = E7D48BCC29AE5329008C6B41 /* JobDetailView.swift */; };
		E7D48BCF29AE5353008C6B41 /* JobListViewModel.swift in Sources */ = {isa = PBXBuildFile; fileRef = E7D48BCE29AE5353008C6B41 /* JobListViewModel.swift */; };
		E7D48BD229AE538F008C6B41 /* Model.swift in Sources */ = {isa = PBXBuildFile; fileRef = E7D48BD129AE538F008C6B41 /* Model.swift */; };
		E7D48BD429AE53AB008C6B41 /* JobModel.swift in Sources */ = {isa = PBXBuildFile; fileRef = E7D48BD329AE53AB008C6B41 /* JobModel.swift */; };
		E7D48BD629AE53C4008C6B41 /* ModelData.swift in Sources */ = {isa = PBXBuildFile; fileRef = E7D48BD529AE53C4008C6B41 /* ModelData.swift */; };
		E7D48BD929AE5426008C6B41 /* HotelView.swift in Sources */ = {isa = PBXBuildFile; fileRef = E7D48BD829AE5426008C6B41 /* HotelView.swift */; };
		E7D48BDC29AE5459008C6B41 /* Alamofire in Frameworks */ = {isa = PBXBuildFile; productRef = E7D48BDB29AE5459008C6B41 /* Alamofire */; };
		E7F47BE929AEC1FB000D9CA4 /* ReiseZieleViewModel.swift in Sources */ = {isa = PBXBuildFile; fileRef = E7F47BE829AEC1FB000D9CA4 /* ReiseZieleViewModel.swift */; };
		E7F47BEB29AEC249000D9CA4 /* ReiseZieleModel.swift in Sources */ = {isa = PBXBuildFile; fileRef = E7F47BEA29AEC249000D9CA4 /* ReiseZieleModel.swift */; };
		E7F47BED29AEC384000D9CA4 /* ShowHomeView.swift in Sources */ = {isa = PBXBuildFile; fileRef = E7F47BEC29AEC384000D9CA4 /* ShowHomeView.swift */; };
		E7F47BEF29AEC3CB000D9CA4 /* ItemListView.swift in Sources */ = {isa = PBXBuildFile; fileRef = E7F47BEE29AEC3CB000D9CA4 /* ItemListView.swift */; };
		E7F47BF529AED238000D9CA4 /* HomeRow.swift in Sources */ = {isa = PBXBuildFile; fileRef = E7F47BF429AED238000D9CA4 /* HomeRow.swift */; };
		E7F47BF729AED439000D9CA4 /* PlaneRow.swift in Sources */ = {isa = PBXBuildFile; fileRef = E7F47BF629AED439000D9CA4 /* PlaneRow.swift */; };
		E7F47BF929AED49C000D9CA4 /* JobRow.swift in Sources */ = {isa = PBXBuildFile; fileRef = E7F47BF829AED49C000D9CA4 /* JobRow.swift */; };
		E7F47BFB29AED4E6000D9CA4 /* ProfileRow.swift in Sources */ = {isa = PBXBuildFile; fileRef = E7F47BFA29AED4E6000D9CA4 /* ProfileRow.swift */; };
/* End PBXBuildFile section */

/* Begin PBXContainerItemProxy section */
		E721331129ADABA40062D3FF /* PBXContainerItemProxy */ = {
			isa = PBXContainerItemProxy;
			containerPortal = E72132F829ADABA30062D3FF /* Project object */;
			proxyType = 1;
			remoteGlobalIDString = E72132FF29ADABA30062D3FF;
			remoteInfo = AppStorageApp;
		};
		E721331B29ADABA40062D3FF /* PBXContainerItemProxy */ = {
			isa = PBXContainerItemProxy;
			containerPortal = E72132F829ADABA30062D3FF /* Project object */;
			proxyType = 1;
			remoteGlobalIDString = E72132FF29ADABA30062D3FF;
			remoteInfo = AppStorageApp;
		};
/* End PBXContainerItemProxy section */

/* Begin PBXFileReference section */
		E721330029ADABA30062D3FF /* AppStorageApp.app */ = {isa = PBXFileReference; explicitFileType = wrapper.application; includeInIndex = 0; path = AppStorageApp.app; sourceTree = BUILT_PRODUCTS_DIR; };
		E721330329ADABA30062D3FF /* AppStorageAppApp.swift */ = {isa = PBXFileReference; lastKnownFileType = sourcecode.swift; path = AppStorageAppApp.swift; sourceTree = "<group>"; };
		E721330529ADABA30062D3FF /* ContentView.swift */ = {isa = PBXFileReference; lastKnownFileType = sourcecode.swift; path = ContentView.swift; sourceTree = "<group>"; };
		E721330729ADABA40062D3FF /* Assets.xcassets */ = {isa = PBXFileReference; lastKnownFileType = folder.assetcatalog; path = Assets.xcassets; sourceTree = "<group>"; };
		E721330A29ADABA40062D3FF /* Preview Assets.xcassets */ = {isa = PBXFileReference; lastKnownFileType = folder.assetcatalog; path = "Preview Assets.xcassets"; sourceTree = "<group>"; };
		E721331029ADABA40062D3FF /* AppStorageAppTests.xctest */ = {isa = PBXFileReference; explicitFileType = wrapper.cfbundle; includeInIndex = 0; path = AppStorageAppTests.xctest; sourceTree = BUILT_PRODUCTS_DIR; };
		E721331429ADABA40062D3FF /* AppStorageAppTests.swift */ = {isa = PBXFileReference; lastKnownFileType = sourcecode.swift; path = AppStorageAppTests.swift; sourceTree = "<group>"; };
		E721331A29ADABA40062D3FF /* AppStorageAppUITests.xctest */ = {isa = PBXFileReference; explicitFileType = wrapper.cfbundle; includeInIndex = 0; path = AppStorageAppUITests.xctest; sourceTree = BUILT_PRODUCTS_DIR; };
		E721331E29ADABA40062D3FF /* AppStorageAppUITests.swift */ = {isa = PBXFileReference; lastKnownFileType = sourcecode.swift; path = AppStorageAppUITests.swift; sourceTree = "<group>"; };
		E721332029ADABA40062D3FF /* AppStorageAppUITestsLaunchTests.swift */ = {isa = PBXFileReference; lastKnownFileType = sourcecode.swift; path = AppStorageAppUITestsLaunchTests.swift; sourceTree = "<group>"; };
		E721332E29ADB5300062D3FF /* OnBoardingPageOne.swift */ = {isa = PBXFileReference; lastKnownFileType = sourcecode.swift; path = OnBoardingPageOne.swift; sourceTree = "<group>"; };
		E721333029ADB5440062D3FF /* MainView.swift */ = {isa = PBXFileReference; lastKnownFileType = sourcecode.swift; path = MainView.swift; sourceTree = "<group>"; };
		E721333229ADB5520062D3FF /* MainAppView.swift */ = {isa = PBXFileReference; lastKnownFileType = sourcecode.swift; path = MainAppView.swift; sourceTree = "<group>"; };
		E721333829ADE8B50062D3FF /* SplashView.swift */ = {isa = PBXFileReference; lastKnownFileType = sourcecode.swift; path = SplashView.swift; sourceTree = "<group>"; };
		E772A46A29AFF990005C01B6 /* FormField.swift */ = {isa = PBXFileReference; lastKnownFileType = sourcecode.swift; path = FormField.swift; sourceTree = "<group>"; };
		E772A46C29B032C5005C01B6 /* PlaneCard.swift */ = {isa = PBXFileReference; lastKnownFileType = sourcecode.swift; path = PlaneCard.swift; sourceTree = "<group>"; };
		E793FA9229AF8078000B0B15 /* InfoAlertView.swift */ = {isa = PBXFileReference; lastKnownFileType = sourcecode.swift; path = InfoAlertView.swift; sourceTree = "<group>"; };
		E793FA9429AF8723000B0B15 /* GoogleService-Info.plist */ = {isa = PBXFileReference; fileEncoding = 4; lastKnownFileType = text.plist.xml; name = "GoogleService-Info.plist"; path = "../../GoogleService-Info.plist"; sourceTree = "<group>"; };
		E793FAA029AF8B86000B0B15 /* BasicAuthService.swift */ = {isa = PBXFileReference; lastKnownFileType = sourcecode.swift; path = BasicAuthService.swift; sourceTree = "<group>"; };
		E7D48B7F29ADEECB008C6B41 /* LoginView.swift */ = {isa = PBXFileReference; lastKnownFileType = sourcecode.swift; path = LoginView.swift; sourceTree = "<group>"; };
		E7D48B8229AE1821008C6B41 /* RoundedButton.swift */ = {isa = PBXFileReference; lastKnownFileType = sourcecode.swift; path = RoundedButton.swift; sourceTree = "<group>"; };
		E7D48B8529AE2A06008C6B41 /* SignUp.swift */ = {isa = PBXFileReference; lastKnownFileType = sourcecode.swift; path = SignUp.swift; sourceTree = "<group>"; };
		E7D48B8829AE2A51008C6B41 /* Home.swift */ = {isa = PBXFileReference; lastKnownFileType = sourcecode.swift; path = Home.swift; sourceTree = "<group>"; };
		E7D48B8B29AE2EDB008C6B41 /* AuthService.swift */ = {isa = PBXFileReference; lastKnownFileType = sourcecode.swift; path = AuthService.swift; sourceTree = "<group>"; };
		E7D48BBF29AE5114008C6B41 /* FlightSearchViewModel.swift */ = {isa = PBXFileReference; lastKnownFileType = sourcecode.swift; path = FlightSearchViewModel.swift; sourceTree = "<group>"; };
		E7D48BC129AE523D008C6B41 /* ProfilView.swift */ = {isa = PBXFileReference; lastKnownFileType = sourcecode.swift; path = ProfilView.swift; sourceTree = "<group>"; };
		E7D48BC629AE52BC008C6B41 /* EmptyStateView.swift */ = {isa = PBXFileReference; lastKnownFileType = sourcecode.swift; path = EmptyStateView.swift; sourceTree = "<group>"; };
		E7D48BC829AE52E9008C6B41 /* SearchBar.swift */ = {isa = PBXFileReference; lastKnownFileType = sourcecode.swift; path = SearchBar.swift; sourceTree = "<group>"; };
		E7D48BCA29AE530A008C6B41 /* JobView2.swift */ = {isa = PBXFileReference; lastKnownFileType = sourcecode.swift; path = JobView2.swift; sourceTree = "<group>"; };
		E7D48BCC29AE5329008C6B41 /* JobDetailView.swift */ = {isa = PBXFileReference; lastKnownFileType = sourcecode.swift; path = JobDetailView.swift; sourceTree = "<group>"; };
		E7D48BCE29AE5353008C6B41 /* JobListViewModel.swift */ = {isa = PBXFileReference; lastKnownFileType = sourcecode.swift; path = JobListViewModel.swift; sourceTree = "<group>"; };
		E7D48BD129AE538F008C6B41 /* Model.swift */ = {isa = PBXFileReference; lastKnownFileType = sourcecode.swift; path = Model.swift; sourceTree = "<group>"; };
		E7D48BD329AE53AB008C6B41 /* JobModel.swift */ = {isa = PBXFileReference; lastKnownFileType = sourcecode.swift; path = JobModel.swift; sourceTree = "<group>"; };
		E7D48BD529AE53C4008C6B41 /* ModelData.swift */ = {isa = PBXFileReference; lastKnownFileType = sourcecode.swift; path = ModelData.swift; sourceTree = "<group>"; };
		E7D48BD829AE5426008C6B41 /* HotelView.swift */ = {isa = PBXFileReference; lastKnownFileType = sourcecode.swift; path = HotelView.swift; sourceTree = "<group>"; };
		E7F47BE829AEC1FB000D9CA4 /* ReiseZieleViewModel.swift */ = {isa = PBXFileReference; lastKnownFileType = sourcecode.swift; path = ReiseZieleViewModel.swift; sourceTree = "<group>"; };
		E7F47BEA29AEC249000D9CA4 /* ReiseZieleModel.swift */ = {isa = PBXFileReference; lastKnownFileType = sourcecode.swift; path = ReiseZieleModel.swift; sourceTree = "<group>"; };
		E7F47BEC29AEC384000D9CA4 /* ShowHomeView.swift */ = {isa = PBXFileReference; lastKnownFileType = sourcecode.swift; path = ShowHomeView.swift; sourceTree = "<group>"; };
		E7F47BEE29AEC3CB000D9CA4 /* ItemListView.swift */ = {isa = PBXFileReference; lastKnownFileType = sourcecode.swift; path = ItemListView.swift; sourceTree = "<group>"; };
		E7F47BF429AED238000D9CA4 /* HomeRow.swift */ = {isa = PBXFileReference; lastKnownFileType = sourcecode.swift; path = HomeRow.swift; sourceTree = "<group>"; };
		E7F47BF629AED439000D9CA4 /* PlaneRow.swift */ = {isa = PBXFileReference; lastKnownFileType = sourcecode.swift; path = PlaneRow.swift; sourceTree = "<group>"; };
		E7F47BF829AED49C000D9CA4 /* JobRow.swift */ = {isa = PBXFileReference; lastKnownFileType = sourcecode.swift; path = JobRow.swift; sourceTree = "<group>"; };
		E7F47BFA29AED4E6000D9CA4 /* ProfileRow.swift */ = {isa = PBXFileReference; lastKnownFileType = sourcecode.swift; path = ProfileRow.swift; sourceTree = "<group>"; };
/* End PBXFileReference section */

/* Begin PBXFrameworksBuildPhase section */
		E72132FD29ADABA30062D3FF /* Frameworks */ = {
			isa = PBXFrameworksBuildPhase;
			buildActionMask = 2147483647;
			files = (
				E7D48BBD29AE50E0008C6B41 /* Amadeus in Frameworks */,
				E793FA9929AF885B000B0B15 /* FirebaseAuth in Frameworks */,
				E793FA9B29AF885B000B0B15 /* FirebaseDatabase in Frameworks */,
				E793FA9D29AF885B000B0B15 /* FirebaseFirestore in Frameworks */,
				E7D48BDC29AE5459008C6B41 /* Alamofire in Frameworks */,
				E793FA9F29AF885B000B0B15 /* FirebaseStorage in Frameworks */,
			);
			runOnlyForDeploymentPostprocessing = 0;
		};
		E721330D29ADABA40062D3FF /* Frameworks */ = {
			isa = PBXFrameworksBuildPhase;
			buildActionMask = 2147483647;
			files = (
			);
			runOnlyForDeploymentPostprocessing = 0;
		};
		E721331729ADABA40062D3FF /* Frameworks */ = {
			isa = PBXFrameworksBuildPhase;
			buildActionMask = 2147483647;
			files = (
			);
			runOnlyForDeploymentPostprocessing = 0;
		};
/* End PBXFrameworksBuildPhase section */

/* Begin PBXGroup section */
		E72132F729ADABA30062D3FF = {
			isa = PBXGroup;
			children = (
				E721330229ADABA30062D3FF /* AppStorageApp */,
				E721331329ADABA40062D3FF /* AppStorageAppTests */,
				E721331D29ADABA40062D3FF /* AppStorageAppUITests */,
				E721330129ADABA30062D3FF /* Products */,
			);
			sourceTree = "<group>";
		};
		E721330129ADABA30062D3FF /* Products */ = {
			isa = PBXGroup;
			children = (
				E721330029ADABA30062D3FF /* AppStorageApp.app */,
				E721331029ADABA40062D3FF /* AppStorageAppTests.xctest */,
				E721331A29ADABA40062D3FF /* AppStorageAppUITests.xctest */,
			);
			name = Products;
			sourceTree = "<group>";
		};
		E721330229ADABA30062D3FF /* AppStorageApp */ = {
			isa = PBXGroup;
			children = (
				E793FA9429AF8723000B0B15 /* GoogleService-Info.plist */,
				E793FA5829AF55F4000B0B15 /* Views */,
				E7F47BF029AEC7A1000D9CA4 /* Profile */,
				E7D48BD729AE5417008C6B41 /* Hotels */,
				E7D48BD029AE5381008C6B41 /* Models */,
				E7D48BBE29AE50F6008C6B41 /* ViewModel */,
				E7D48B8A29AE2EC7008C6B41 /* AuthService */,
				E7D48B8129AE1803008C6B41 /* RoundedButton */,
				E721330329ADABA30062D3FF /* AppStorageAppApp.swift */,
				E721330529ADABA30062D3FF /* ContentView.swift */,
				E721330729ADABA40062D3FF /* Assets.xcassets */,
				E721330929ADABA40062D3FF /* Preview Content */,
				E7D48BC129AE523D008C6B41 /* ProfilView.swift */,
			);
			path = AppStorageApp;
			sourceTree = "<group>";
		};
		E721330929ADABA40062D3FF /* Preview Content */ = {
			isa = PBXGroup;
			children = (
				E721330A29ADABA40062D3FF /* Preview Assets.xcassets */,
			);
			path = "Preview Content";
			sourceTree = "<group>";
		};
		E721331329ADABA40062D3FF /* AppStorageAppTests */ = {
			isa = PBXGroup;
			children = (
				E721331429ADABA40062D3FF /* AppStorageAppTests.swift */,
			);
			path = AppStorageAppTests;
			sourceTree = "<group>";
		};
		E721331D29ADABA40062D3FF /* AppStorageAppUITests */ = {
			isa = PBXGroup;
			children = (
				E721331E29ADABA40062D3FF /* AppStorageAppUITests.swift */,
				E721332029ADABA40062D3FF /* AppStorageAppUITestsLaunchTests.swift */,
			);
			path = AppStorageAppUITests;
			sourceTree = "<group>";
		};
		E721332D29ADB4FD0062D3FF /* OnBoarding */ = {
			isa = PBXGroup;
			children = (
				E721332E29ADB5300062D3FF /* OnBoardingPageOne.swift */,
				E721333029ADB5440062D3FF /* MainView.swift */,
				E721333229ADB5520062D3FF /* MainAppView.swift */,
			);
			path = OnBoarding;
			sourceTree = "<group>";
		};
		E721333729ADE8A30062D3FF /* Splash */ = {
			isa = PBXGroup;
			children = (
				E721333829ADE8B50062D3FF /* SplashView.swift */,
			);
			path = Splash;
			sourceTree = "<group>";
		};
		E793FA5829AF55F4000B0B15 /* Views */ = {
			isa = PBXGroup;
			children = (
				E7D48B8729AE2A46008C6B41 /* Home */,
				E721333729ADE8A30062D3FF /* Splash */,
				E721332D29ADB4FD0062D3FF /* OnBoarding */,
				E793FA5929AF5660000B0B15 /* Auth_Login */,
				E7D48BC329AE5286008C6B41 /* Jobs */,
				E7D48BB829AE50A1008C6B41 /* Plane */,
			);
			path = Views;
			sourceTree = "<group>";
		};
		E793FA5929AF5660000B0B15 /* Auth_Login */ = {
			isa = PBXGroup;
			children = (
				E7D48B7E29ADEEB8008C6B41 /* Anmelden */,
				E7D48B8429AE29F1008C6B41 /* Registrieren */,
			);
			path = Auth_Login;
			sourceTree = "<group>";
		};
		E7D48B7E29ADEEB8008C6B41 /* Anmelden */ = {
			isa = PBXGroup;
			children = (
				E7D48B7F29ADEECB008C6B41 /* LoginView.swift */,
				E772A46A29AFF990005C01B6 /* FormField.swift */,
			);
			path = Anmelden;
			sourceTree = "<group>";
		};
		E7D48B8129AE1803008C6B41 /* RoundedButton */ = {
			isa = PBXGroup;
			children = (
				E7D48B8229AE1821008C6B41 /* RoundedButton.swift */,
			);
			path = RoundedButton;
			sourceTree = "<group>";
		};
		E7D48B8429AE29F1008C6B41 /* Registrieren */ = {
			isa = PBXGroup;
			children = (
				E7D48B8529AE2A06008C6B41 /* SignUp.swift */,
			);
			path = Registrieren;
			sourceTree = "<group>";
		};
		E7D48B8729AE2A46008C6B41 /* Home */ = {
			isa = PBXGroup;
			children = (
				E7F47BF329AED21A000D9CA4 /* HomeRow */,
				E7D48B8829AE2A51008C6B41 /* Home.swift */,
				E7F47BEC29AEC384000D9CA4 /* ShowHomeView.swift */,
				E7F47BEE29AEC3CB000D9CA4 /* ItemListView.swift */,
			);
			path = Home;
			sourceTree = "<group>";
		};
		E7D48B8A29AE2EC7008C6B41 /* AuthService */ = {
			isa = PBXGroup;
			children = (
				E7D48B8B29AE2EDB008C6B41 /* AuthService.swift */,
				E793FAA029AF8B86000B0B15 /* BasicAuthService.swift */,
			);
			path = AuthService;
			sourceTree = "<group>";
		};
		E7D48BB829AE50A1008C6B41 /* Plane */ = {
			isa = PBXGroup;
			children = (
				E7F47BF629AED439000D9CA4 /* PlaneRow.swift */,
				E772A46C29B032C5005C01B6 /* PlaneCard.swift */,
			);
			path = Plane;
			sourceTree = "<group>";
		};
		E7D48BBE29AE50F6008C6B41 /* ViewModel */ = {
			isa = PBXGroup;
			children = (
				E7D48BBF29AE5114008C6B41 /* FlightSearchViewModel.swift */,
				E7D48BCE29AE5353008C6B41 /* JobListViewModel.swift */,
				E7F47BE829AEC1FB000D9CA4 /* ReiseZieleViewModel.swift */,
			);
			path = ViewModel;
			sourceTree = "<group>";
		};
		E7D48BC329AE5286008C6B41 /* Jobs */ = {
			isa = PBXGroup;
			children = (
				E7D48BC629AE52BC008C6B41 /* EmptyStateView.swift */,
				E7D48BC829AE52E9008C6B41 /* SearchBar.swift */,
				E7D48BCA29AE530A008C6B41 /* JobView2.swift */,
				E7D48BCC29AE5329008C6B41 /* JobDetailView.swift */,
				E7F47BF829AED49C000D9CA4 /* JobRow.swift */,
			);
			path = Jobs;
			sourceTree = "<group>";
		};
		E7D48BD029AE5381008C6B41 /* Models */ = {
			isa = PBXGroup;
			children = (
				E7D48BD129AE538F008C6B41 /* Model.swift */,
				E7D48BD329AE53AB008C6B41 /* JobModel.swift */,
				E7D48BD529AE53C4008C6B41 /* ModelData.swift */,
				E7F47BEA29AEC249000D9CA4 /* ReiseZieleModel.swift */,
			);
			path = Models;
			sourceTree = "<group>";
		};
		E7D48BD729AE5417008C6B41 /* Hotels */ = {
			isa = PBXGroup;
			children = (
				E7D48BD829AE5426008C6B41 /* HotelView.swift */,
			);
			path = Hotels;
			sourceTree = "<group>";
		};
		E7F47BF029AEC7A1000D9CA4 /* Profile */ = {
			isa = PBXGroup;
			children = (
				E7F47BFA29AED4E6000D9CA4 /* ProfileRow.swift */,
			);
			path = Profile;
			sourceTree = "<group>";
		};
		E7F47BF329AED21A000D9CA4 /* HomeRow */ = {
			isa = PBXGroup;
			children = (
				E7F47BF429AED238000D9CA4 /* HomeRow.swift */,
				E793FA9229AF8078000B0B15 /* InfoAlertView.swift */,
			);
			path = HomeRow;
			sourceTree = "<group>";
		};
/* End PBXGroup section */

/* Begin PBXNativeTarget section */
		E72132FF29ADABA30062D3FF /* AppStorageApp */ = {
			isa = PBXNativeTarget;
			buildConfigurationList = E721332429ADABA40062D3FF /* Build configuration list for PBXNativeTarget "AppStorageApp" */;
			buildPhases = (
				E72132FC29ADABA30062D3FF /* Sources */,
				E72132FD29ADABA30062D3FF /* Frameworks */,
				E72132FE29ADABA30062D3FF /* Resources */,
			);
			buildRules = (
			);
			dependencies = (
			);
			name = AppStorageApp;
			packageProductDependencies = (
				E7D48BBC29AE50E0008C6B41 /* Amadeus */,
				E7D48BDB29AE5459008C6B41 /* Alamofire */,
				E793FA9829AF885B000B0B15 /* FirebaseAuth */,
				E793FA9A29AF885B000B0B15 /* FirebaseDatabase */,
				E793FA9C29AF885B000B0B15 /* FirebaseFirestore */,
				E793FA9E29AF885B000B0B15 /* FirebaseStorage */,
			);
			productName = AppStorageApp;
			productReference = E721330029ADABA30062D3FF /* AppStorageApp.app */;
			productType = "com.apple.product-type.application";
		};
		E721330F29ADABA40062D3FF /* AppStorageAppTests */ = {
			isa = PBXNativeTarget;
			buildConfigurationList = E721332729ADABA40062D3FF /* Build configuration list for PBXNativeTarget "AppStorageAppTests" */;
			buildPhases = (
				E721330C29ADABA40062D3FF /* Sources */,
				E721330D29ADABA40062D3FF /* Frameworks */,
				E721330E29ADABA40062D3FF /* Resources */,
			);
			buildRules = (
			);
			dependencies = (
				E721331229ADABA40062D3FF /* PBXTargetDependency */,
			);
			name = AppStorageAppTests;
			productName = AppStorageAppTests;
			productReference = E721331029ADABA40062D3FF /* AppStorageAppTests.xctest */;
			productType = "com.apple.product-type.bundle.unit-test";
		};
		E721331929ADABA40062D3FF /* AppStorageAppUITests */ = {
			isa = PBXNativeTarget;
			buildConfigurationList = E721332A29ADABA40062D3FF /* Build configuration list for PBXNativeTarget "AppStorageAppUITests" */;
			buildPhases = (
				E721331629ADABA40062D3FF /* Sources */,
				E721331729ADABA40062D3FF /* Frameworks */,
				E721331829ADABA40062D3FF /* Resources */,
			);
			buildRules = (
			);
			dependencies = (
				E721331C29ADABA40062D3FF /* PBXTargetDependency */,
			);
			name = AppStorageAppUITests;
			productName = AppStorageAppUITests;
			productReference = E721331A29ADABA40062D3FF /* AppStorageAppUITests.xctest */;
			productType = "com.apple.product-type.bundle.ui-testing";
		};
/* End PBXNativeTarget section */

/* Begin PBXProject section */
		E72132F829ADABA30062D3FF /* Project object */ = {
			isa = PBXProject;
			attributes = {
				BuildIndependentTargetsInParallel = 1;
				LastSwiftUpdateCheck = 1420;
				LastUpgradeCheck = 1420;
				TargetAttributes = {
					E72132FF29ADABA30062D3FF = {
						CreatedOnToolsVersion = 14.2;
					};
					E721330F29ADABA40062D3FF = {
						CreatedOnToolsVersion = 14.2;
						TestTargetID = E72132FF29ADABA30062D3FF;
					};
					E721331929ADABA40062D3FF = {
						CreatedOnToolsVersion = 14.2;
						TestTargetID = E72132FF29ADABA30062D3FF;
					};
				};
			};
			buildConfigurationList = E72132FB29ADABA30062D3FF /* Build configuration list for PBXProject "AppStorageApp" */;
			compatibilityVersion = "Xcode 14.0";
			developmentRegion = en;
			hasScannedForEncodings = 0;
			knownRegions = (
				en,
				Base,
			);
			mainGroup = E72132F729ADABA30062D3FF;
			packageReferences = (
				E7D48BBB29AE50DF008C6B41 /* XCRemoteSwiftPackageReference "amadeus-ios" */,
				E7D48BDA29AE5459008C6B41 /* XCRemoteSwiftPackageReference "Alamofire" */,
				E793FA9729AF885B000B0B15 /* XCRemoteSwiftPackageReference "firebase-ios-sdk" */,
			);
			productRefGroup = E721330129ADABA30062D3FF /* Products */;
			projectDirPath = "";
			projectRoot = "";
			targets = (
				E72132FF29ADABA30062D3FF /* AppStorageApp */,
				E721330F29ADABA40062D3FF /* AppStorageAppTests */,
				E721331929ADABA40062D3FF /* AppStorageAppUITests */,
			);
		};
/* End PBXProject section */

/* Begin PBXResourcesBuildPhase section */
		E72132FE29ADABA30062D3FF /* Resources */ = {
			isa = PBXResourcesBuildPhase;
			buildActionMask = 2147483647;
			files = (
				E721330B29ADABA40062D3FF /* Preview Assets.xcassets in Resources */,
				E721330829ADABA40062D3FF /* Assets.xcassets in Resources */,
				E793FA9529AF8723000B0B15 /* GoogleService-Info.plist in Resources */,
			);
			runOnlyForDeploymentPostprocessing = 0;
		};
		E721330E29ADABA40062D3FF /* Resources */ = {
			isa = PBXResourcesBuildPhase;
			buildActionMask = 2147483647;
			files = (
			);
			runOnlyForDeploymentPostprocessing = 0;
		};
		E721331829ADABA40062D3FF /* Resources */ = {
			isa = PBXResourcesBuildPhase;
			buildActionMask = 2147483647;
			files = (
			);
			runOnlyForDeploymentPostprocessing = 0;
		};
/* End PBXResourcesBuildPhase section */

/* Begin PBXSourcesBuildPhase section */
		E72132FC29ADABA30062D3FF /* Sources */ = {
			isa = PBXSourcesBuildPhase;
			buildActionMask = 2147483647;
			files = (
				E7D48BC729AE52BC008C6B41 /* EmptyStateView.swift in Sources */,
				E721333129ADB5440062D3FF /* MainView.swift in Sources */,
				E7D48BCF29AE5353008C6B41 /* JobListViewModel.swift in Sources */,
				E7F47BED29AEC384000D9CA4 /* ShowHomeView.swift in Sources */,
				E7D48BD429AE53AB008C6B41 /* JobModel.swift in Sources */,
				E7F47BF529AED238000D9CA4 /* HomeRow.swift in Sources */,
				E7D48BC229AE523D008C6B41 /* ProfilView.swift in Sources */,
				E721332F29ADB5300062D3FF /* OnBoardingPageOne.swift in Sources */,
				E772A46D29B032C5005C01B6 /* PlaneCard.swift in Sources */,
				E7D48B8C29AE2EDB008C6B41 /* AuthService.swift in Sources */,
				E7D48B8929AE2A51008C6B41 /* Home.swift in Sources */,
				E7D48BD629AE53C4008C6B41 /* ModelData.swift in Sources */,
				E721330629ADABA30062D3FF /* ContentView.swift in Sources */,
				E7D48B8329AE1821008C6B41 /* RoundedButton.swift in Sources */,
				E721333329ADB5520062D3FF /* MainAppView.swift in Sources */,
				E793FA9329AF8078000B0B15 /* InfoAlertView.swift in Sources */,
				E7F47BF729AED439000D9CA4 /* PlaneRow.swift in Sources */,
				E7D48BD229AE538F008C6B41 /* Model.swift in Sources */,
				E7D48BCB29AE530A008C6B41 /* JobView2.swift in Sources */,
				E721330429ADABA30062D3FF /* AppStorageAppApp.swift in Sources */,
				E7F47BF929AED49C000D9CA4 /* JobRow.swift in Sources */,
				E7F47BE929AEC1FB000D9CA4 /* ReiseZieleViewModel.swift in Sources */,
				E7D48BCD29AE5329008C6B41 /* JobDetailView.swift in Sources */,
				E793FAA129AF8B86000B0B15 /* BasicAuthService.swift in Sources */,
				E7D48B8029ADEECB008C6B41 /* LoginView.swift in Sources */,
				E772A46B29AFF990005C01B6 /* FormField.swift in Sources */,
				E7F47BFB29AED4E6000D9CA4 /* ProfileRow.swift in Sources */,
				E7D48BC929AE52E9008C6B41 /* SearchBar.swift in Sources */,
				E721333929ADE8B50062D3FF /* SplashView.swift in Sources */,
				E7F47BEF29AEC3CB000D9CA4 /* ItemListView.swift in Sources */,
				E7D48BD929AE5426008C6B41 /* HotelView.swift in Sources */,
				E7D48B8629AE2A06008C6B41 /* SignUp.swift in Sources */,
				E7F47BEB29AEC249000D9CA4 /* ReiseZieleModel.swift in Sources */,
				E7D48BC029AE5114008C6B41 /* FlightSearchViewModel.swift in Sources */,
			);
			runOnlyForDeploymentPostprocessing = 0;
		};
		E721330C29ADABA40062D3FF /* Sources */ = {
			isa = PBXSourcesBuildPhase;
			buildActionMask = 2147483647;
			files = (
				E721331529ADABA40062D3FF /* AppStorageAppTests.swift in Sources */,
			);
			runOnlyForDeploymentPostprocessing = 0;
		};
		E721331629ADABA40062D3FF /* Sources */ = {
			isa = PBXSourcesBuildPhase;
			buildActionMask = 2147483647;
			files = (
				E721332129ADABA40062D3FF /* AppStorageAppUITestsLaunchTests.swift in Sources */,
				E721331F29ADABA40062D3FF /* AppStorageAppUITests.swift in Sources */,
			);
			runOnlyForDeploymentPostprocessing = 0;
		};
/* End PBXSourcesBuildPhase section */

/* Begin PBXTargetDependency section */
		E721331229ADABA40062D3FF /* PBXTargetDependency */ = {
			isa = PBXTargetDependency;
			target = E72132FF29ADABA30062D3FF /* AppStorageApp */;
			targetProxy = E721331129ADABA40062D3FF /* PBXContainerItemProxy */;
		};
		E721331C29ADABA40062D3FF /* PBXTargetDependency */ = {
			isa = PBXTargetDependency;
			target = E72132FF29ADABA30062D3FF /* AppStorageApp */;
			targetProxy = E721331B29ADABA40062D3FF /* PBXContainerItemProxy */;
		};
/* End PBXTargetDependency section */

/* Begin XCBuildConfiguration section */
		E721332229ADABA40062D3FF /* Debug */ = {
			isa = XCBuildConfiguration;
			buildSettings = {
				ALWAYS_SEARCH_USER_PATHS = NO;
				CLANG_ANALYZER_NONNULL = YES;
				CLANG_ANALYZER_NUMBER_OBJECT_CONVERSION = YES_AGGRESSIVE;
				CLANG_CXX_LANGUAGE_STANDARD = "gnu++20";
				CLANG_ENABLE_MODULES = YES;
				CLANG_ENABLE_OBJC_ARC = YES;
				CLANG_ENABLE_OBJC_WEAK = YES;
				CLANG_WARN_BLOCK_CAPTURE_AUTORELEASING = YES;
				CLANG_WARN_BOOL_CONVERSION = YES;
				CLANG_WARN_COMMA = YES;
				CLANG_WARN_CONSTANT_CONVERSION = YES;
				CLANG_WARN_DEPRECATED_OBJC_IMPLEMENTATIONS = YES;
				CLANG_WARN_DIRECT_OBJC_ISA_USAGE = YES_ERROR;
				CLANG_WARN_DOCUMENTATION_COMMENTS = YES;
				CLANG_WARN_EMPTY_BODY = YES;
				CLANG_WARN_ENUM_CONVERSION = YES;
				CLANG_WARN_INFINITE_RECURSION = YES;
				CLANG_WARN_INT_CONVERSION = YES;
				CLANG_WARN_NON_LITERAL_NULL_CONVERSION = YES;
				CLANG_WARN_OBJC_IMPLICIT_RETAIN_SELF = YES;
				CLANG_WARN_OBJC_LITERAL_CONVERSION = YES;
				CLANG_WARN_OBJC_ROOT_CLASS = YES_ERROR;
				CLANG_WARN_QUOTED_INCLUDE_IN_FRAMEWORK_HEADER = YES;
				CLANG_WARN_RANGE_LOOP_ANALYSIS = YES;
				CLANG_WARN_STRICT_PROTOTYPES = YES;
				CLANG_WARN_SUSPICIOUS_MOVE = YES;
				CLANG_WARN_UNGUARDED_AVAILABILITY = YES_AGGRESSIVE;
				CLANG_WARN_UNREACHABLE_CODE = YES;
				CLANG_WARN__DUPLICATE_METHOD_MATCH = YES;
				COPY_PHASE_STRIP = NO;
				DEBUG_INFORMATION_FORMAT = dwarf;
				ENABLE_STRICT_OBJC_MSGSEND = YES;
				ENABLE_TESTABILITY = YES;
				GCC_C_LANGUAGE_STANDARD = gnu11;
				GCC_DYNAMIC_NO_PIC = NO;
				GCC_NO_COMMON_BLOCKS = YES;
				GCC_OPTIMIZATION_LEVEL = 0;
				GCC_PREPROCESSOR_DEFINITIONS = (
					"DEBUG=1",
					"$(inherited)",
				);
				GCC_WARN_64_TO_32_BIT_CONVERSION = YES;
				GCC_WARN_ABOUT_RETURN_TYPE = YES_ERROR;
				GCC_WARN_UNDECLARED_SELECTOR = YES;
				GCC_WARN_UNINITIALIZED_AUTOS = YES_AGGRESSIVE;
				GCC_WARN_UNUSED_FUNCTION = YES;
				GCC_WARN_UNUSED_VARIABLE = YES;
				IPHONEOS_DEPLOYMENT_TARGET = 16.2;
				MTL_ENABLE_DEBUG_INFO = INCLUDE_SOURCE;
				MTL_FAST_MATH = YES;
				ONLY_ACTIVE_ARCH = YES;
				SDKROOT = iphoneos;
				SWIFT_ACTIVE_COMPILATION_CONDITIONS = DEBUG;
				SWIFT_OPTIMIZATION_LEVEL = "-Onone";
			};
			name = Debug;
		};
		E721332329ADABA40062D3FF /* Release */ = {
			isa = XCBuildConfiguration;
			buildSettings = {
				ALWAYS_SEARCH_USER_PATHS = NO;
				CLANG_ANALYZER_NONNULL = YES;
				CLANG_ANALYZER_NUMBER_OBJECT_CONVERSION = YES_AGGRESSIVE;
				CLANG_CXX_LANGUAGE_STANDARD = "gnu++20";
				CLANG_ENABLE_MODULES = YES;
				CLANG_ENABLE_OBJC_ARC = YES;
				CLANG_ENABLE_OBJC_WEAK = YES;
				CLANG_WARN_BLOCK_CAPTURE_AUTORELEASING = YES;
				CLANG_WARN_BOOL_CONVERSION = YES;
				CLANG_WARN_COMMA = YES;
				CLANG_WARN_CONSTANT_CONVERSION = YES;
				CLANG_WARN_DEPRECATED_OBJC_IMPLEMENTATIONS = YES;
				CLANG_WARN_DIRECT_OBJC_ISA_USAGE = YES_ERROR;
				CLANG_WARN_DOCUMENTATION_COMMENTS = YES;
				CLANG_WARN_EMPTY_BODY = YES;
				CLANG_WARN_ENUM_CONVERSION = YES;
				CLANG_WARN_INFINITE_RECURSION = YES;
				CLANG_WARN_INT_CONVERSION = YES;
				CLANG_WARN_NON_LITERAL_NULL_CONVERSION = YES;
				CLANG_WARN_OBJC_IMPLICIT_RETAIN_SELF = YES;
				CLANG_WARN_OBJC_LITERAL_CONVERSION = YES;
				CLANG_WARN_OBJC_ROOT_CLASS = YES_ERROR;
				CLANG_WARN_QUOTED_INCLUDE_IN_FRAMEWORK_HEADER = YES;
				CLANG_WARN_RANGE_LOOP_ANALYSIS = YES;
				CLANG_WARN_STRICT_PROTOTYPES = YES;
				CLANG_WARN_SUSPICIOUS_MOVE = YES;
				CLANG_WARN_UNGUARDED_AVAILABILITY = YES_AGGRESSIVE;
				CLANG_WARN_UNREACHABLE_CODE = YES;
				CLANG_WARN__DUPLICATE_METHOD_MATCH = YES;
				COPY_PHASE_STRIP = NO;
				DEBUG_INFORMATION_FORMAT = "dwarf-with-dsym";
				ENABLE_NS_ASSERTIONS = NO;
				ENABLE_STRICT_OBJC_MSGSEND = YES;
				GCC_C_LANGUAGE_STANDARD = gnu11;
				GCC_NO_COMMON_BLOCKS = YES;
				GCC_WARN_64_TO_32_BIT_CONVERSION = YES;
				GCC_WARN_ABOUT_RETURN_TYPE = YES_ERROR;
				GCC_WARN_UNDECLARED_SELECTOR = YES;
				GCC_WARN_UNINITIALIZED_AUTOS = YES_AGGRESSIVE;
				GCC_WARN_UNUSED_FUNCTION = YES;
				GCC_WARN_UNUSED_VARIABLE = YES;
				IPHONEOS_DEPLOYMENT_TARGET = 16.2;
				MTL_ENABLE_DEBUG_INFO = NO;
				MTL_FAST_MATH = YES;
				SDKROOT = iphoneos;
				SWIFT_COMPILATION_MODE = wholemodule;
				SWIFT_OPTIMIZATION_LEVEL = "-O";
				VALIDATE_PRODUCT = YES;
			};
			name = Release;
		};
		E721332529ADABA40062D3FF /* Debug */ = {
			isa = XCBuildConfiguration;
			buildSettings = {
				ASSETCATALOG_COMPILER_APPICON_NAME = AppIcon;
				ASSETCATALOG_COMPILER_GLOBAL_ACCENT_COLOR_NAME = AccentColor;
				CODE_SIGN_STYLE = Automatic;
				CURRENT_PROJECT_VERSION = 1;
				DEVELOPMENT_ASSET_PATHS = "\"AppStorageApp/Preview Content\"";
				ENABLE_PREVIEWS = YES;
				GENERATE_INFOPLIST_FILE = YES;
				INFOPLIST_KEY_UIApplicationSceneManifest_Generation = YES;
				INFOPLIST_KEY_UIApplicationSupportsIndirectInputEvents = YES;
				INFOPLIST_KEY_UILaunchScreen_Generation = YES;
				INFOPLIST_KEY_UISupportedInterfaceOrientations_iPad = "UIInterfaceOrientationPortrait UIInterfaceOrientationPortraitUpsideDown UIInterfaceOrientationLandscapeLeft UIInterfaceOrientationLandscapeRight";
				INFOPLIST_KEY_UISupportedInterfaceOrientations_iPhone = "UIInterfaceOrientationPortrait UIInterfaceOrientationLandscapeLeft UIInterfaceOrientationLandscapeRight";
				LD_RUNPATH_SEARCH_PATHS = (
					"$(inherited)",
					"@executable_path/Frameworks",
				);
				MARKETING_VERSION = 1.0;
				PRODUCT_BUNDLE_IDENTIFIER = com.My.MyDataApp.AppStorageApp;
				PRODUCT_NAME = "$(TARGET_NAME)";
				SWIFT_EMIT_LOC_STRINGS = YES;
				SWIFT_VERSION = 5.0;
				TARGETED_DEVICE_FAMILY = "1,2";
			};
			name = Debug;
		};
		E721332629ADABA40062D3FF /* Release */ = {
			isa = XCBuildConfiguration;
			buildSettings = {
				ASSETCATALOG_COMPILER_APPICON_NAME = AppIcon;
				ASSETCATALOG_COMPILER_GLOBAL_ACCENT_COLOR_NAME = AccentColor;
				CODE_SIGN_STYLE = Automatic;
				CURRENT_PROJECT_VERSION = 1;
				DEVELOPMENT_ASSET_PATHS = "\"AppStorageApp/Preview Content\"";
				ENABLE_PREVIEWS = YES;
				GENERATE_INFOPLIST_FILE = YES;
				INFOPLIST_KEY_UIApplicationSceneManifest_Generation = YES;
				INFOPLIST_KEY_UIApplicationSupportsIndirectInputEvents = YES;
				INFOPLIST_KEY_UILaunchScreen_Generation = YES;
				INFOPLIST_KEY_UISupportedInterfaceOrientations_iPad = "UIInterfaceOrientationPortrait UIInterfaceOrientationPortraitUpsideDown UIInterfaceOrientationLandscapeLeft UIInterfaceOrientationLandscapeRight";
				INFOPLIST_KEY_UISupportedInterfaceOrientations_iPhone = "UIInterfaceOrientationPortrait UIInterfaceOrientationLandscapeLeft UIInterfaceOrientationLandscapeRight";
				LD_RUNPATH_SEARCH_PATHS = (
					"$(inherited)",
					"@executable_path/Frameworks",
				);
				MARKETING_VERSION = 1.0;
				PRODUCT_BUNDLE_IDENTIFIER = com.My.MyDataApp.AppStorageApp;
				PRODUCT_NAME = "$(TARGET_NAME)";
				SWIFT_EMIT_LOC_STRINGS = YES;
				SWIFT_VERSION = 5.0;
				TARGETED_DEVICE_FAMILY = "1,2";
			};
			name = Release;
		};
		E721332829ADABA40062D3FF /* Debug */ = {
			isa = XCBuildConfiguration;
			buildSettings = {
				ALWAYS_EMBED_SWIFT_STANDARD_LIBRARIES = YES;
				BUNDLE_LOADER = "$(TEST_HOST)";
				CODE_SIGN_STYLE = Automatic;
				CURRENT_PROJECT_VERSION = 1;
				GENERATE_INFOPLIST_FILE = YES;
				IPHONEOS_DEPLOYMENT_TARGET = 16.2;
				MARKETING_VERSION = 1.0;
				PRODUCT_BUNDLE_IDENTIFIER = com.My.MyDataApp.AppStorageAppTests;
				PRODUCT_NAME = "$(TARGET_NAME)";
				SWIFT_EMIT_LOC_STRINGS = NO;
				SWIFT_VERSION = 5.0;
				TARGETED_DEVICE_FAMILY = "1,2";
				TEST_HOST = "$(BUILT_PRODUCTS_DIR)/AppStorageApp.app/$(BUNDLE_EXECUTABLE_FOLDER_PATH)/AppStorageApp";
			};
			name = Debug;
		};
		E721332929ADABA40062D3FF /* Release */ = {
			isa = XCBuildConfiguration;
			buildSettings = {
				ALWAYS_EMBED_SWIFT_STANDARD_LIBRARIES = YES;
				BUNDLE_LOADER = "$(TEST_HOST)";
				CODE_SIGN_STYLE = Automatic;
				CURRENT_PROJECT_VERSION = 1;
				GENERATE_INFOPLIST_FILE = YES;
				IPHONEOS_DEPLOYMENT_TARGET = 16.2;
				MARKETING_VERSION = 1.0;
				PRODUCT_BUNDLE_IDENTIFIER = com.My.MyDataApp.AppStorageAppTests;
				PRODUCT_NAME = "$(TARGET_NAME)";
				SWIFT_EMIT_LOC_STRINGS = NO;
				SWIFT_VERSION = 5.0;
				TARGETED_DEVICE_FAMILY = "1,2";
				TEST_HOST = "$(BUILT_PRODUCTS_DIR)/AppStorageApp.app/$(BUNDLE_EXECUTABLE_FOLDER_PATH)/AppStorageApp";
			};
			name = Release;
		};
		E721332B29ADABA40062D3FF /* Debug */ = {
			isa = XCBuildConfiguration;
			buildSettings = {
				ALWAYS_EMBED_SWIFT_STANDARD_LIBRARIES = YES;
				CODE_SIGN_STYLE = Automatic;
				CURRENT_PROJECT_VERSION = 1;
				GENERATE_INFOPLIST_FILE = YES;
				MARKETING_VERSION = 1.0;
				PRODUCT_BUNDLE_IDENTIFIER = com.My.MyDataApp.AppStorageAppUITests;
				PRODUCT_NAME = "$(TARGET_NAME)";
				SWIFT_EMIT_LOC_STRINGS = NO;
				SWIFT_VERSION = 5.0;
				TARGETED_DEVICE_FAMILY = "1,2";
				TEST_TARGET_NAME = AppStorageApp;
			};
			name = Debug;
		};
		E721332C29ADABA40062D3FF /* Release */ = {
			isa = XCBuildConfiguration;
			buildSettings = {
				ALWAYS_EMBED_SWIFT_STANDARD_LIBRARIES = YES;
				CODE_SIGN_STYLE = Automatic;
				CURRENT_PROJECT_VERSION = 1;
				GENERATE_INFOPLIST_FILE = YES;
				MARKETING_VERSION = 1.0;
				PRODUCT_BUNDLE_IDENTIFIER = com.My.MyDataApp.AppStorageAppUITests;
				PRODUCT_NAME = "$(TARGET_NAME)";
				SWIFT_EMIT_LOC_STRINGS = NO;
				SWIFT_VERSION = 5.0;
				TARGETED_DEVICE_FAMILY = "1,2";
				TEST_TARGET_NAME = AppStorageApp;
			};
			name = Release;
		};
/* End XCBuildConfiguration section */

/* Begin XCConfigurationList section */
		E72132FB29ADABA30062D3FF /* Build configuration list for PBXProject "AppStorageApp" */ = {
			isa = XCConfigurationList;
			buildConfigurations = (
				E721332229ADABA40062D3FF /* Debug */,
				E721332329ADABA40062D3FF /* Release */,
			);
			defaultConfigurationIsVisible = 0;
			defaultConfigurationName = Release;
		};
		E721332429ADABA40062D3FF /* Build configuration list for PBXNativeTarget "AppStorageApp" */ = {
			isa = XCConfigurationList;
			buildConfigurations = (
				E721332529ADABA40062D3FF /* Debug */,
				E721332629ADABA40062D3FF /* Release */,
			);
			defaultConfigurationIsVisible = 0;
			defaultConfigurationName = Release;
		};
		E721332729ADABA40062D3FF /* Build configuration list for PBXNativeTarget "AppStorageAppTests" */ = {
			isa = XCConfigurationList;
			buildConfigurations = (
				E721332829ADABA40062D3FF /* Debug */,
				E721332929ADABA40062D3FF /* Release */,
			);
			defaultConfigurationIsVisible = 0;
			defaultConfigurationName = Release;
		};
		E721332A29ADABA40062D3FF /* Build configuration list for PBXNativeTarget "AppStorageAppUITests" */ = {
			isa = XCConfigurationList;
			buildConfigurations = (
				E721332B29ADABA40062D3FF /* Debug */,
				E721332C29ADABA40062D3FF /* Release */,
			);
			defaultConfigurationIsVisible = 0;
			defaultConfigurationName = Release;
		};
/* End XCConfigurationList section */

/* Begin XCRemoteSwiftPackageReference section */
		E793FA9729AF885B000B0B15 /* XCRemoteSwiftPackageReference "firebase-ios-sdk" */ = {
			isa = XCRemoteSwiftPackageReference;
			repositoryURL = "https://github.com/firebase/firebase-ios-sdk.git";
			requirement = {
				kind = upToNextMajorVersion;
				minimumVersion = 9.0.0;
			};
		};
		E7D48BBB29AE50DF008C6B41 /* XCRemoteSwiftPackageReference "amadeus-ios" */ = {
			isa = XCRemoteSwiftPackageReference;
			repositoryURL = "https://github.com/amadeus4dev/amadeus-ios.git";
			requirement = {
				branch = master;
				kind = branch;
			};
		};
		E7D48BDA29AE5459008C6B41 /* XCRemoteSwiftPackageReference "Alamofire" */ = {
			isa = XCRemoteSwiftPackageReference;
			repositoryURL = "https://github.com/Alamofire/Alamofire.git";
			requirement = {
				branch = master;
				kind = branch;
			};
		};
/* End XCRemoteSwiftPackageReference section */

/* Begin XCSwiftPackageProductDependency section */
		E793FA9829AF885B000B0B15 /* FirebaseAuth */ = {
			isa = XCSwiftPackageProductDependency;
			package = E793FA9729AF885B000B0B15 /* XCRemoteSwiftPackageReference "firebase-ios-sdk" */;
			productName = FirebaseAuth;
		};
		E793FA9A29AF885B000B0B15 /* FirebaseDatabase */ = {
			isa = XCSwiftPackageProductDependency;
			package = E793FA9729AF885B000B0B15 /* XCRemoteSwiftPackageReference "firebase-ios-sdk" */;
			productName = FirebaseDatabase;
		};
		E793FA9C29AF885B000B0B15 /* FirebaseFirestore */ = {
			isa = XCSwiftPackageProductDependency;
			package = E793FA9729AF885B000B0B15 /* XCRemoteSwiftPackageReference "firebase-ios-sdk" */;
			productName = FirebaseFirestore;
		};
		E793FA9E29AF885B000B0B15 /* FirebaseStorage */ = {
			isa = XCSwiftPackageProductDependency;
			package = E793FA9729AF885B000B0B15 /* XCRemoteSwiftPackageReference "firebase-ios-sdk" */;
			productName = FirebaseStorage;
		};
		E7D48BBC29AE50E0008C6B41 /* Amadeus */ = {
			isa = XCSwiftPackageProductDependency;
			package = E7D48BBB29AE50DF008C6B41 /* XCRemoteSwiftPackageReference "amadeus-ios" */;
			productName = Amadeus;
		};
		E7D48BDB29AE5459008C6B41 /* Alamofire */ = {
			isa = XCSwiftPackageProductDependency;
			package = E7D48BDA29AE5459008C6B41 /* XCRemoteSwiftPackageReference "Alamofire" */;
			productName = Alamofire;
		};
/* End XCSwiftPackageProductDependency section */
	};
	rootObject = E72132F829ADABA30062D3FF /* Project object */;
}
